// !$*UTF8*$!
{
	archiveVersion = 1;
	classes = {
	};
	objectVersion = 46;
	objects = {

/* Begin PBXBuildFile section */
		D52684504A11CFDDC45DCBB2 /* Pods.framework in Frameworks */ = {isa = PBXBuildFile; fileRef = 205C3979525692E89667E539 /* Pods.framework */; settings = {ATTRIBUTES = (Weak, ); }; };
		FE2184171C7853DC00F6681C /* Pods.framework in CopyFiles */ = {isa = PBXBuildFile; fileRef = 205C3979525692E89667E539 /* Pods.framework */; settings = {ATTRIBUTES = (CodeSignOnCopy, RemoveHeadersOnCopy, ); }; };
		FE21841D1C787B9E00F6681C /* OAuthViewController.swift in Sources */ = {isa = PBXBuildFile; fileRef = FE21841C1C787B9E00F6681C /* OAuthViewController.swift */; };
		FE21841F1C788D7300F6681C /* NetWorkTools.swift in Sources */ = {isa = PBXBuildFile; fileRef = FE21841E1C788D7300F6681C /* NetWorkTools.swift */; };
		FE7F50871C73624D00DC4017 /* AppDelegate.swift in Sources */ = {isa = PBXBuildFile; fileRef = FE7F50861C73624D00DC4017 /* AppDelegate.swift */; };
		FE7F50891C73624D00DC4017 /* ViewController.swift in Sources */ = {isa = PBXBuildFile; fileRef = FE7F50881C73624D00DC4017 /* ViewController.swift */; };
		FE7F508C1C73624D00DC4017 /* Main.storyboard in Resources */ = {isa = PBXBuildFile; fileRef = FE7F508A1C73624D00DC4017 /* Main.storyboard */; };
		FE7F508E1C73624D00DC4017 /* Assets.xcassets in Resources */ = {isa = PBXBuildFile; fileRef = FE7F508D1C73624D00DC4017 /* Assets.xcassets */; };
		FE7F509C1C73624D00DC4017 /* TFWeibo_SwiftTests.swift in Sources */ = {isa = PBXBuildFile; fileRef = FE7F509B1C73624D00DC4017 /* TFWeibo_SwiftTests.swift */; };
		FE7F50A71C73624D00DC4017 /* TFWeibo_SwiftUITests.swift in Sources */ = {isa = PBXBuildFile; fileRef = FE7F50A61C73624D00DC4017 /* TFWeibo_SwiftUITests.swift */; };
		FE7F50D61C736A9F00DC4017 /* MainTabBarController.swift in Sources */ = {isa = PBXBuildFile; fileRef = FE7F50CA1C736A9F00DC4017 /* MainTabBarController.swift */; };
		FE7F50D81C736AC600DC4017 /* HomeTableViewController.swift in Sources */ = {isa = PBXBuildFile; fileRef = FE7F50D71C736AC600DC4017 /* HomeTableViewController.swift */; };
		FE7F50DA1C736AD400DC4017 /* DiscoverTableViewController.swift in Sources */ = {isa = PBXBuildFile; fileRef = FE7F50D91C736AD400DC4017 /* DiscoverTableViewController.swift */; };
		FE7F50DC1C736AF900DC4017 /* MeTableViewController.swift in Sources */ = {isa = PBXBuildFile; fileRef = FE7F50DB1C736AF900DC4017 /* MeTableViewController.swift */; };
		FE7F50DE1C736B0500DC4017 /* MessageTableViewController.swift in Sources */ = {isa = PBXBuildFile; fileRef = FE7F50DD1C736B0500DC4017 /* MessageTableViewController.swift */; };
		FE7F50E21C74B9C300DC4017 /* MainVCSettings.json in Resources */ = {isa = PBXBuildFile; fileRef = FE7F50E01C74B9C300DC4017 /* MainVCSettings.json */; };
		FE7F50E31C74B9C300DC4017 /* NullViewController.swift in Sources */ = {isa = PBXBuildFile; fileRef = FE7F50E11C74B9C300DC4017 /* NullViewController.swift */; };
		FE7F50E51C75F8F200DC4017 /* BaseTableViewController.swift in Sources */ = {isa = PBXBuildFile; fileRef = FE7F50E41C75F8F200DC4017 /* BaseTableViewController.swift */; };
		FE7F50E71C75FE0300DC4017 /* NotLoginView.swift in Sources */ = {isa = PBXBuildFile; fileRef = FE7F50E61C75FE0300DC4017 /* NotLoginView.swift */; };
		FE7F50E91C76068A00DC4017 /* UIView+AutoLayout.swift in Sources */ = {isa = PBXBuildFile; fileRef = FE7F50E81C76068A00DC4017 /* UIView+AutoLayout.swift */; };
		FE9B74E91C781D0700467527 /* QRCodeViewController.storyboard in Resources */ = {isa = PBXBuildFile; fileRef = FE9B74E81C781D0700467527 /* QRCodeViewController.storyboard */; };
		FE9B74EB1C781F7300467527 /* QRCodeViewController.swift in Sources */ = {isa = PBXBuildFile; fileRef = FE9B74EA1C781F7300467527 /* QRCodeViewController.swift */; };
		FEDC0E7F1C7756F200722C0A /* UIBarButtonItem+Category.swift in Sources */ = {isa = PBXBuildFile; fileRef = FEDC0E7E1C7756F200722C0A /* UIBarButtonItem+Category.swift */; };
		FEDC0E831C7758ED00722C0A /* HomeTitleBtn.swift in Sources */ = {isa = PBXBuildFile; fileRef = FEDC0E821C7758ED00722C0A /* HomeTitleBtn.swift */; };
		FEDC0E861C77FA1000722C0A /* PopoverViewController.storyboard in Resources */ = {isa = PBXBuildFile; fileRef = FEDC0E851C77FA1000722C0A /* PopoverViewController.storyboard */; };
		FEDC0E881C77FDFF00722C0A /* PopoverPresentationController.swift in Sources */ = {isa = PBXBuildFile; fileRef = FEDC0E871C77FDFF00722C0A /* PopoverPresentationController.swift */; };
		FEDC0E8A1C77FEFF00722C0A /* PopoverViewController.swift in Sources */ = {isa = PBXBuildFile; fileRef = FEDC0E891C77FEFF00722C0A /* PopoverViewController.swift */; };
		FEFB25C71C7899EE000079B2 /* UserAccount.swift in Sources */ = {isa = PBXBuildFile; fileRef = FEFB25C61C7899EE000079B2 /* UserAccount.swift */; };
		FEFB25C91C789E7F000079B2 /* APINetTools.swift in Sources */ = {isa = PBXBuildFile; fileRef = FEFB25C81C789E7F000079B2 /* APINetTools.swift */; };
		FEFB25CC1C79F0C7000079B2 /* String+Category.swift in Sources */ = {isa = PBXBuildFile; fileRef = FEFB25CB1C79F0C7000079B2 /* String+Category.swift */; };
		FEFB25D61C7CA32F000079B2 /* NewFeatureViewController.swift in Sources */ = {isa = PBXBuildFile; fileRef = FEFB25D51C7CA32F000079B2 /* NewFeatureViewController.swift */; };
/* End PBXBuildFile section */

/* Begin PBXContainerItemProxy section */
		FE7F50981C73624D00DC4017 /* PBXContainerItemProxy */ = {
			isa = PBXContainerItemProxy;
			containerPortal = FE7F507B1C73624D00DC4017 /* Project object */;
			proxyType = 1;
			remoteGlobalIDString = FE7F50821C73624D00DC4017;
			remoteInfo = TFWeibo_Swift;
		};
		FE7F50A31C73624D00DC4017 /* PBXContainerItemProxy */ = {
			isa = PBXContainerItemProxy;
			containerPortal = FE7F507B1C73624D00DC4017 /* Project object */;
			proxyType = 1;
			remoteGlobalIDString = FE7F50821C73624D00DC4017;
			remoteInfo = TFWeibo_Swift;
		};
/* End PBXContainerItemProxy section */

/* Begin PBXCopyFilesBuildPhase section */
		FE2184161C7853C400F6681C /* CopyFiles */ = {
			isa = PBXCopyFilesBuildPhase;
			buildActionMask = 2147483647;
			dstPath = "";
			dstSubfolderSpec = 10;
			files = (
				FE2184171C7853DC00F6681C /* Pods.framework in CopyFiles */,
			);
			runOnlyForDeploymentPostprocessing = 0;
		};
/* End PBXCopyFilesBuildPhase section */

/* Begin PBXFileReference section */
		205C3979525692E89667E539 /* Pods.framework */ = {isa = PBXFileReference; explicitFileType = wrapper.framework; includeInIndex = 0; path = Pods.framework; sourceTree = BUILT_PRODUCTS_DIR; };
		321486DE691DC7AB9CEA3006 /* Pods.release.xcconfig */ = {isa = PBXFileReference; includeInIndex = 1; lastKnownFileType = text.xcconfig; name = Pods.release.xcconfig; path = "Pods/Target Support Files/Pods/Pods.release.xcconfig"; sourceTree = "<group>"; };
		3A95910896791FE6618482B7 /* Pods.debug.xcconfig */ = {isa = PBXFileReference; includeInIndex = 1; lastKnownFileType = text.xcconfig; name = Pods.debug.xcconfig; path = "Pods/Target Support Files/Pods/Pods.debug.xcconfig"; sourceTree = "<group>"; };
		FE21841C1C787B9E00F6681C /* OAuthViewController.swift */ = {isa = PBXFileReference; fileEncoding = 4; lastKnownFileType = sourcecode.swift; path = OAuthViewController.swift; sourceTree = "<group>"; };
		FE21841E1C788D7300F6681C /* NetWorkTools.swift */ = {isa = PBXFileReference; fileEncoding = 4; lastKnownFileType = sourcecode.swift; path = NetWorkTools.swift; sourceTree = "<group>"; };
		FE7F50831C73624D00DC4017 /* TFWeibo_Swift.app */ = {isa = PBXFileReference; explicitFileType = wrapper.application; includeInIndex = 0; path = TFWeibo_Swift.app; sourceTree = BUILT_PRODUCTS_DIR; };
		FE7F50861C73624D00DC4017 /* AppDelegate.swift */ = {isa = PBXFileReference; lastKnownFileType = sourcecode.swift; path = AppDelegate.swift; sourceTree = "<group>"; };
		FE7F50881C73624D00DC4017 /* ViewController.swift */ = {isa = PBXFileReference; lastKnownFileType = sourcecode.swift; path = ViewController.swift; sourceTree = "<group>"; };
		FE7F508B1C73624D00DC4017 /* Base */ = {isa = PBXFileReference; lastKnownFileType = file.storyboard; name = Base; path = Base.lproj/Main.storyboard; sourceTree = "<group>"; };
		FE7F508D1C73624D00DC4017 /* Assets.xcassets */ = {isa = PBXFileReference; lastKnownFileType = folder.assetcatalog; path = Assets.xcassets; sourceTree = "<group>"; };
		FE7F50921C73624D00DC4017 /* Info.plist */ = {isa = PBXFileReference; lastKnownFileType = text.plist.xml; path = Info.plist; sourceTree = "<group>"; };
		FE7F50971C73624D00DC4017 /* TFWeibo_SwiftTests.xctest */ = {isa = PBXFileReference; explicitFileType = wrapper.cfbundle; includeInIndex = 0; path = TFWeibo_SwiftTests.xctest; sourceTree = BUILT_PRODUCTS_DIR; };
		FE7F509B1C73624D00DC4017 /* TFWeibo_SwiftTests.swift */ = {isa = PBXFileReference; lastKnownFileType = sourcecode.swift; path = TFWeibo_SwiftTests.swift; sourceTree = "<group>"; };
		FE7F509D1C73624D00DC4017 /* Info.plist */ = {isa = PBXFileReference; lastKnownFileType = text.plist.xml; path = Info.plist; sourceTree = "<group>"; };
		FE7F50A21C73624D00DC4017 /* TFWeibo_SwiftUITests.xctest */ = {isa = PBXFileReference; explicitFileType = wrapper.cfbundle; includeInIndex = 0; path = TFWeibo_SwiftUITests.xctest; sourceTree = BUILT_PRODUCTS_DIR; };
		FE7F50A61C73624D00DC4017 /* TFWeibo_SwiftUITests.swift */ = {isa = PBXFileReference; lastKnownFileType = sourcecode.swift; path = TFWeibo_SwiftUITests.swift; sourceTree = "<group>"; };
		FE7F50A81C73624D00DC4017 /* Info.plist */ = {isa = PBXFileReference; lastKnownFileType = text.plist.xml; path = Info.plist; sourceTree = "<group>"; };
		FE7F50CA1C736A9F00DC4017 /* MainTabBarController.swift */ = {isa = PBXFileReference; fileEncoding = 4; lastKnownFileType = sourcecode.swift; name = MainTabBarController.swift; path = ../MainTabBarController.swift; sourceTree = "<group>"; };
		FE7F50D71C736AC600DC4017 /* HomeTableViewController.swift */ = {isa = PBXFileReference; fileEncoding = 4; lastKnownFileType = sourcecode.swift; path = HomeTableViewController.swift; sourceTree = "<group>"; };
		FE7F50D91C736AD400DC4017 /* DiscoverTableViewController.swift */ = {isa = PBXFileReference; fileEncoding = 4; lastKnownFileType = sourcecode.swift; path = DiscoverTableViewController.swift; sourceTree = "<group>"; };
		FE7F50DB1C736AF900DC4017 /* MeTableViewController.swift */ = {isa = PBXFileReference; fileEncoding = 4; lastKnownFileType = sourcecode.swift; path = MeTableViewController.swift; sourceTree = "<group>"; };
		FE7F50DD1C736B0500DC4017 /* MessageTableViewController.swift */ = {isa = PBXFileReference; fileEncoding = 4; lastKnownFileType = sourcecode.swift; path = MessageTableViewController.swift; sourceTree = "<group>"; };
		FE7F50E01C74B9C300DC4017 /* MainVCSettings.json */ = {isa = PBXFileReference; fileEncoding = 4; lastKnownFileType = text.json; path = MainVCSettings.json; sourceTree = "<group>"; };
		FE7F50E11C74B9C300DC4017 /* NullViewController.swift */ = {isa = PBXFileReference; fileEncoding = 4; lastKnownFileType = sourcecode.swift; path = NullViewController.swift; sourceTree = "<group>"; };
		FE7F50E41C75F8F200DC4017 /* BaseTableViewController.swift */ = {isa = PBXFileReference; fileEncoding = 4; lastKnownFileType = sourcecode.swift; path = BaseTableViewController.swift; sourceTree = "<group>"; };
		FE7F50E61C75FE0300DC4017 /* NotLoginView.swift */ = {isa = PBXFileReference; fileEncoding = 4; lastKnownFileType = sourcecode.swift; path = NotLoginView.swift; sourceTree = "<group>"; };
		FE7F50E81C76068A00DC4017 /* UIView+AutoLayout.swift */ = {isa = PBXFileReference; fileEncoding = 4; lastKnownFileType = sourcecode.swift; path = "UIView+AutoLayout.swift"; sourceTree = "<group>"; };
		FE9B74E81C781D0700467527 /* QRCodeViewController.storyboard */ = {isa = PBXFileReference; fileEncoding = 4; lastKnownFileType = file.storyboard; path = QRCodeViewController.storyboard; sourceTree = "<group>"; };
		FE9B74EA1C781F7300467527 /* QRCodeViewController.swift */ = {isa = PBXFileReference; fileEncoding = 4; lastKnownFileType = sourcecode.swift; path = QRCodeViewController.swift; sourceTree = "<group>"; };
		FEDC0E7E1C7756F200722C0A /* UIBarButtonItem+Category.swift */ = {isa = PBXFileReference; fileEncoding = 4; lastKnownFileType = sourcecode.swift; path = "UIBarButtonItem+Category.swift"; sourceTree = "<group>"; };
		FEDC0E821C7758ED00722C0A /* HomeTitleBtn.swift */ = {isa = PBXFileReference; fileEncoding = 4; lastKnownFileType = sourcecode.swift; path = HomeTitleBtn.swift; sourceTree = "<group>"; };
		FEDC0E851C77FA1000722C0A /* PopoverViewController.storyboard */ = {isa = PBXFileReference; fileEncoding = 4; lastKnownFileType = file.storyboard; path = PopoverViewController.storyboard; sourceTree = "<group>"; };
		FEDC0E871C77FDFF00722C0A /* PopoverPresentationController.swift */ = {isa = PBXFileReference; fileEncoding = 4; lastKnownFileType = sourcecode.swift; path = PopoverPresentationController.swift; sourceTree = "<group>"; };
		FEDC0E891C77FEFF00722C0A /* PopoverViewController.swift */ = {isa = PBXFileReference; fileEncoding = 4; lastKnownFileType = sourcecode.swift; path = PopoverViewController.swift; sourceTree = "<group>"; };
		FEFB25C61C7899EE000079B2 /* UserAccount.swift */ = {isa = PBXFileReference; fileEncoding = 4; lastKnownFileType = sourcecode.swift; path = UserAccount.swift; sourceTree = "<group>"; };
		FEFB25C81C789E7F000079B2 /* APINetTools.swift */ = {isa = PBXFileReference; fileEncoding = 4; lastKnownFileType = sourcecode.swift; path = APINetTools.swift; sourceTree = "<group>"; };
		FEFB25CB1C79F0C7000079B2 /* String+Category.swift */ = {isa = PBXFileReference; fileEncoding = 4; lastKnownFileType = sourcecode.swift; path = "String+Category.swift"; sourceTree = "<group>"; };
		FEFB25D51C7CA32F000079B2 /* NewFeatureViewController.swift */ = {isa = PBXFileReference; fileEncoding = 4; lastKnownFileType = sourcecode.swift; path = NewFeatureViewController.swift; sourceTree = "<group>"; };
/* End PBXFileReference section */

/* Begin PBXFrameworksBuildPhase section */
		FE7F50801C73624D00DC4017 /* Frameworks */ = {
			isa = PBXFrameworksBuildPhase;
			buildActionMask = 2147483647;
			files = (
				D52684504A11CFDDC45DCBB2 /* Pods.framework in Frameworks */,
			);
			runOnlyForDeploymentPostprocessing = 0;
		};
		FE7F50941C73624D00DC4017 /* Frameworks */ = {
			isa = PBXFrameworksBuildPhase;
			buildActionMask = 2147483647;
			files = (
			);
			runOnlyForDeploymentPostprocessing = 0;
		};
		FE7F509F1C73624D00DC4017 /* Frameworks */ = {
			isa = PBXFrameworksBuildPhase;
			buildActionMask = 2147483647;
			files = (
			);
			runOnlyForDeploymentPostprocessing = 0;
		};
/* End PBXFrameworksBuildPhase section */

/* Begin PBXGroup section */
		34E8EA7A66B1C2C125FDF332 /* Frameworks */ = {
			isa = PBXGroup;
			children = (
				205C3979525692E89667E539 /* Pods.framework */,
			);
			name = Frameworks;
			sourceTree = "<group>";
		};
		F0E21B76B6BA63467FEA18C9 /* Pods */ = {
			isa = PBXGroup;
			children = (
				3A95910896791FE6618482B7 /* Pods.debug.xcconfig */,
				321486DE691DC7AB9CEA3006 /* Pods.release.xcconfig */,
			);
			name = Pods;
			sourceTree = "<group>";
		};
		FE2184181C787B7D00F6681C /* OAuth */ = {
			isa = PBXGroup;
			children = (
				FE2184191C787B7D00F6681C /* Controller */,
				FE21841A1C787B7D00F6681C /* Model */,
				FE21841B1C787B7D00F6681C /* View */,
			);
			path = OAuth;
			sourceTree = "<group>";
		};
		FE2184191C787B7D00F6681C /* Controller */ = {
			isa = PBXGroup;
			children = (
				FE21841C1C787B9E00F6681C /* OAuthViewController.swift */,
			);
			path = Controller;
			sourceTree = "<group>";
		};
		FE21841A1C787B7D00F6681C /* Model */ = {
			isa = PBXGroup;
			children = (
				FEFB25C61C7899EE000079B2 /* UserAccount.swift */,
			);
			path = Model;
			sourceTree = "<group>";
		};
		FE21841B1C787B7D00F6681C /* View */ = {
			isa = PBXGroup;
			children = (
			);
			path = View;
			sourceTree = "<group>";
		};
		FE7F507A1C73624D00DC4017 = {
			isa = PBXGroup;
			children = (
				FE7F50851C73624D00DC4017 /* TFWeibo_Swift */,
				FE7F509A1C73624D00DC4017 /* TFWeibo_SwiftTests */,
				FE7F50A51C73624D00DC4017 /* TFWeibo_SwiftUITests */,
				FE7F50841C73624D00DC4017 /* Products */,
				F0E21B76B6BA63467FEA18C9 /* Pods */,
				34E8EA7A66B1C2C125FDF332 /* Frameworks */,
			);
			sourceTree = "<group>";
		};
		FE7F50841C73624D00DC4017 /* Products */ = {
			isa = PBXGroup;
			children = (
				FE7F50831C73624D00DC4017 /* TFWeibo_Swift.app */,
				FE7F50971C73624D00DC4017 /* TFWeibo_SwiftTests.xctest */,
				FE7F50A21C73624D00DC4017 /* TFWeibo_SwiftUITests.xctest */,
			);
			name = Products;
			sourceTree = "<group>";
		};
		FE7F50851C73624D00DC4017 /* TFWeibo_Swift */ = {
			isa = PBXGroup;
			children = (
				FE7F50861C73624D00DC4017 /* AppDelegate.swift */,
				FE7F50881C73624D00DC4017 /* ViewController.swift */,
				FE7F50BE1C736A9F00DC4017 /* Classes */,
				FE7F508A1C73624D00DC4017 /* Main.storyboard */,
				FE7F508D1C73624D00DC4017 /* Assets.xcassets */,
				FE7F50921C73624D00DC4017 /* Info.plist */,
			);
			path = TFWeibo_Swift;
			sourceTree = "<group>";
		};
		FE7F509A1C73624D00DC4017 /* TFWeibo_SwiftTests */ = {
			isa = PBXGroup;
			children = (
				FE7F509B1C73624D00DC4017 /* TFWeibo_SwiftTests.swift */,
				FE7F509D1C73624D00DC4017 /* Info.plist */,
			);
			path = TFWeibo_SwiftTests;
			sourceTree = "<group>";
		};
		FE7F50A51C73624D00DC4017 /* TFWeibo_SwiftUITests */ = {
			isa = PBXGroup;
			children = (
				FE7F50A61C73624D00DC4017 /* TFWeibo_SwiftUITests.swift */,
				FE7F50A81C73624D00DC4017 /* Info.plist */,
			);
			path = TFWeibo_SwiftUITests;
			sourceTree = "<group>";
		};
		FE7F50BE1C736A9F00DC4017 /* Classes */ = {
			isa = PBXGroup;
			children = (
				FE7F50BF1C736A9F00DC4017 /* Common */,
				FE7F50C81C736A9F00DC4017 /* Main */,
				FEFB25D11C7CA2F1000079B2 /* NewFeature */,
				FE2184181C787B7D00F6681C /* OAuth */,
				FE7F50C41C736A9F00DC4017 /* Home */,
				FE7F50C01C736A9F00DC4017 /* Discover */,
				FE7F50CD1C736A9F00DC4017 /* Me */,
				FE7F50D11C736A9F00DC4017 /* Message */,
				FE7F50D51C736A9F00DC4017 /* Tools */,
			);
			path = Classes;
			sourceTree = "<group>";
		};
		FE7F50BF1C736A9F00DC4017 /* Common */ = {
			isa = PBXGroup;
			children = (
				FEDC0E7E1C7756F200722C0A /* UIBarButtonItem+Category.swift */,
			);
			path = Common;
			sourceTree = "<group>";
		};
		FE7F50C01C736A9F00DC4017 /* Discover */ = {
			isa = PBXGroup;
			children = (
				FE7F50C11C736A9F00DC4017 /* Controller */,
				FE7F50C21C736A9F00DC4017 /* Model */,
				FE7F50C31C736A9F00DC4017 /* View */,
			);
			path = Discover;
			sourceTree = "<group>";
		};
		FE7F50C11C736A9F00DC4017 /* Controller */ = {
			isa = PBXGroup;
			children = (
				FE7F50D91C736AD400DC4017 /* DiscoverTableViewController.swift */,
			);
			path = Controller;
			sourceTree = "<group>";
		};
		FE7F50C21C736A9F00DC4017 /* Model */ = {
			isa = PBXGroup;
			children = (
			);
			path = Model;
			sourceTree = "<group>";
		};
		FE7F50C31C736A9F00DC4017 /* View */ = {
			isa = PBXGroup;
			children = (
			);
			path = View;
			sourceTree = "<group>";
		};
		FE7F50C41C736A9F00DC4017 /* Home */ = {
			isa = PBXGroup;
			children = (
				FE9B74E71C781CED00467527 /* QRCode */,
				FEDC0E841C77F9E400722C0A /* popover */,
				FE7F50C51C736A9F00DC4017 /* Controller */,
				FE7F50C61C736A9F00DC4017 /* Model */,
				FE7F50C71C736A9F00DC4017 /* View */,
			);
			path = Home;
			sourceTree = "<group>";
		};
		FE7F50C51C736A9F00DC4017 /* Controller */ = {
			isa = PBXGroup;
			children = (
				FE7F50D71C736AC600DC4017 /* HomeTableViewController.swift */,
			);
			path = Controller;
			sourceTree = "<group>";
		};
		FE7F50C61C736A9F00DC4017 /* Model */ = {
			isa = PBXGroup;
			children = (
			);
			path = Model;
			sourceTree = "<group>";
		};
		FE7F50C71C736A9F00DC4017 /* View */ = {
			isa = PBXGroup;
			children = (
				FEDC0E821C7758ED00722C0A /* HomeTitleBtn.swift */,
			);
			path = View;
			sourceTree = "<group>";
		};
		FE7F50C81C736A9F00DC4017 /* Main */ = {
			isa = PBXGroup;
			children = (
				FE7F50DF1C74B9C300DC4017 /* Resource */,
				FE7F50C91C736A9F00DC4017 /* Controller */,
				FE7F50CB1C736A9F00DC4017 /* Model */,
				FE7F50CC1C736A9F00DC4017 /* View */,
			);
			path = Main;
			sourceTree = "<group>";
		};
		FE7F50C91C736A9F00DC4017 /* Controller */ = {
			isa = PBXGroup;
			children = (
				FE7F50CA1C736A9F00DC4017 /* MainTabBarController.swift */,
				FE7F50E41C75F8F200DC4017 /* BaseTableViewController.swift */,
			);
			path = Controller;
			sourceTree = "<group>";
		};
		FE7F50CB1C736A9F00DC4017 /* Model */ = {
			isa = PBXGroup;
			children = (
			);
			path = Model;
			sourceTree = "<group>";
		};
		FE7F50CC1C736A9F00DC4017 /* View */ = {
			isa = PBXGroup;
			children = (
				FE7F50E61C75FE0300DC4017 /* NotLoginView.swift */,
			);
			path = View;
			sourceTree = "<group>";
		};
		FE7F50CD1C736A9F00DC4017 /* Me */ = {
			isa = PBXGroup;
			children = (
				FE7F50CE1C736A9F00DC4017 /* Controller */,
				FE7F50CF1C736A9F00DC4017 /* Model */,
				FE7F50D01C736A9F00DC4017 /* View */,
			);
			path = Me;
			sourceTree = "<group>";
		};
		FE7F50CE1C736A9F00DC4017 /* Controller */ = {
			isa = PBXGroup;
			children = (
				FE7F50DB1C736AF900DC4017 /* MeTableViewController.swift */,
			);
			path = Controller;
			sourceTree = "<group>";
		};
		FE7F50CF1C736A9F00DC4017 /* Model */ = {
			isa = PBXGroup;
			children = (
			);
			path = Model;
			sourceTree = "<group>";
		};
		FE7F50D01C736A9F00DC4017 /* View */ = {
			isa = PBXGroup;
			children = (
			);
			path = View;
			sourceTree = "<group>";
		};
		FE7F50D11C736A9F00DC4017 /* Message */ = {
			isa = PBXGroup;
			children = (
				FE7F50D21C736A9F00DC4017 /* Controller */,
				FE7F50D31C736A9F00DC4017 /* Model */,
				FE7F50D41C736A9F00DC4017 /* View */,
			);
			path = Message;
			sourceTree = "<group>";
		};
		FE7F50D21C736A9F00DC4017 /* Controller */ = {
			isa = PBXGroup;
			children = (
				FE7F50DD1C736B0500DC4017 /* MessageTableViewController.swift */,
			);
			path = Controller;
			sourceTree = "<group>";
		};
		FE7F50D31C736A9F00DC4017 /* Model */ = {
			isa = PBXGroup;
			children = (
			);
			path = Model;
			sourceTree = "<group>";
		};
		FE7F50D41C736A9F00DC4017 /* View */ = {
			isa = PBXGroup;
			children = (
			);
			path = View;
			sourceTree = "<group>";
		};
		FE7F50D51C736A9F00DC4017 /* Tools */ = {
			isa = PBXGroup;
			children = (
				FE7F50E81C76068A00DC4017 /* UIView+AutoLayout.swift */,
				FE21841E1C788D7300F6681C /* NetWorkTools.swift */,
				FEFB25C81C789E7F000079B2 /* APINetTools.swift */,
				FEFB25CB1C79F0C7000079B2 /* String+Category.swift */,
			);
			path = Tools;
			sourceTree = "<group>";
		};
		FE7F50DF1C74B9C300DC4017 /* Resource */ = {
			isa = PBXGroup;
			children = (
				FE7F50E01C74B9C300DC4017 /* MainVCSettings.json */,
				FE7F50E11C74B9C300DC4017 /* NullViewController.swift */,
			);
			path = Resource;
			sourceTree = "<group>";
		};
		FE9B74E71C781CED00467527 /* QRCode */ = {
			isa = PBXGroup;
			children = (
				FE9B74E81C781D0700467527 /* QRCodeViewController.storyboard */,
				FE9B74EA1C781F7300467527 /* QRCodeViewController.swift */,
			);
			path = QRCode;
			sourceTree = "<group>";
		};
		FEDC0E841C77F9E400722C0A /* popover */ = {
			isa = PBXGroup;
			children = (
				FEDC0E851C77FA1000722C0A /* PopoverViewController.storyboard */,
				FEDC0E891C77FEFF00722C0A /* PopoverViewController.swift */,
				FEDC0E871C77FDFF00722C0A /* PopoverPresentationController.swift */,
			);
			path = popover;
			sourceTree = "<group>";
		};
		FEFB25D11C7CA2F1000079B2 /* NewFeature */ = {
			isa = PBXGroup;
			children = (
				FEFB25D21C7CA2F1000079B2 /* Controller */,
				FEFB25D31C7CA2F1000079B2 /* Model */,
				FEFB25D41C7CA2F1000079B2 /* View */,
			);
			path = NewFeature;
			sourceTree = "<group>";
		};
		FEFB25D21C7CA2F1000079B2 /* Controller */ = {
			isa = PBXGroup;
			children = (
				FEFB25D51C7CA32F000079B2 /* NewFeatureViewController.swift */,
			);
			path = Controller;
			sourceTree = "<group>";
		};
		FEFB25D31C7CA2F1000079B2 /* Model */ = {
			isa = PBXGroup;
			children = (
			);
			path = Model;
			sourceTree = "<group>";
		};
		FEFB25D41C7CA2F1000079B2 /* View */ = {
			isa = PBXGroup;
			children = (
			);
			path = View;
			sourceTree = "<group>";
		};
/* End PBXGroup section */

/* Begin PBXNativeTarget section */
		FE7F50821C73624D00DC4017 /* TFWeibo_Swift */ = {
			isa = PBXNativeTarget;
			buildConfigurationList = FE7F50AB1C73624D00DC4017 /* Build configuration list for PBXNativeTarget "TFWeibo_Swift" */;
			buildPhases = (
				C9189920B8A005A618F12CE3 /* Check Pods Manifest.lock */,
				FE7F507F1C73624D00DC4017 /* Sources */,
				FE7F50801C73624D00DC4017 /* Frameworks */,
				FE7F50811C73624D00DC4017 /* Resources */,
				EE6869C916E0261FD04C1A1C /* Embed Pods Frameworks */,
				D9F15A63B12636F0ED2E81B1 /* Copy Pods Resources */,
				FE2184161C7853C400F6681C /* CopyFiles */,
			);
			buildRules = (
			);
			dependencies = (
			);
			name = TFWeibo_Swift;
			productName = TFWeibo_Swift;
			productReference = FE7F50831C73624D00DC4017 /* TFWeibo_Swift.app */;
			productType = "com.apple.product-type.application";
		};
		FE7F50961C73624D00DC4017 /* TFWeibo_SwiftTests */ = {
			isa = PBXNativeTarget;
			buildConfigurationList = FE7F50AE1C73624D00DC4017 /* Build configuration list for PBXNativeTarget "TFWeibo_SwiftTests" */;
			buildPhases = (
				FE7F50931C73624D00DC4017 /* Sources */,
				FE7F50941C73624D00DC4017 /* Frameworks */,
				FE7F50951C73624D00DC4017 /* Resources */,
			);
			buildRules = (
			);
			dependencies = (
				FE7F50991C73624D00DC4017 /* PBXTargetDependency */,
			);
			name = TFWeibo_SwiftTests;
			productName = TFWeibo_SwiftTests;
			productReference = FE7F50971C73624D00DC4017 /* TFWeibo_SwiftTests.xctest */;
			productType = "com.apple.product-type.bundle.unit-test";
		};
		FE7F50A11C73624D00DC4017 /* TFWeibo_SwiftUITests */ = {
			isa = PBXNativeTarget;
			buildConfigurationList = FE7F50B11C73624D00DC4017 /* Build configuration list for PBXNativeTarget "TFWeibo_SwiftUITests" */;
			buildPhases = (
				FE7F509E1C73624D00DC4017 /* Sources */,
				FE7F509F1C73624D00DC4017 /* Frameworks */,
				FE7F50A01C73624D00DC4017 /* Resources */,
			);
			buildRules = (
			);
			dependencies = (
				FE7F50A41C73624D00DC4017 /* PBXTargetDependency */,
			);
			name = TFWeibo_SwiftUITests;
			productName = TFWeibo_SwiftUITests;
			productReference = FE7F50A21C73624D00DC4017 /* TFWeibo_SwiftUITests.xctest */;
			productType = "com.apple.product-type.bundle.ui-testing";
		};
/* End PBXNativeTarget section */

/* Begin PBXProject section */
		FE7F507B1C73624D00DC4017 /* Project object */ = {
			isa = PBXProject;
			attributes = {
				LastSwiftUpdateCheck = 0720;
				LastUpgradeCheck = 0720;
				ORGANIZATIONNAME = tengfei;
				TargetAttributes = {
					FE7F50821C73624D00DC4017 = {
						CreatedOnToolsVersion = 7.2.1;
					};
					FE7F50961C73624D00DC4017 = {
						CreatedOnToolsVersion = 7.2.1;
						TestTargetID = FE7F50821C73624D00DC4017;
					};
					FE7F50A11C73624D00DC4017 = {
						CreatedOnToolsVersion = 7.2.1;
						TestTargetID = FE7F50821C73624D00DC4017;
					};
				};
			};
			buildConfigurationList = FE7F507E1C73624D00DC4017 /* Build configuration list for PBXProject "TFWeibo_Swift" */;
			compatibilityVersion = "Xcode 3.2";
			developmentRegion = English;
			hasScannedForEncodings = 0;
			knownRegions = (
				en,
				Base,
			);
			mainGroup = FE7F507A1C73624D00DC4017;
			productRefGroup = FE7F50841C73624D00DC4017 /* Products */;
			projectDirPath = "";
			projectRoot = "";
			targets = (
				FE7F50821C73624D00DC4017 /* TFWeibo_Swift */,
				FE7F50961C73624D00DC4017 /* TFWeibo_SwiftTests */,
				FE7F50A11C73624D00DC4017 /* TFWeibo_SwiftUITests */,
			);
		};
/* End PBXProject section */

/* Begin PBXResourcesBuildPhase section */
		FE7F50811C73624D00DC4017 /* Resources */ = {
			isa = PBXResourcesBuildPhase;
			buildActionMask = 2147483647;
			files = (
				FE7F508E1C73624D00DC4017 /* Assets.xcassets in Resources */,
				FE7F508C1C73624D00DC4017 /* Main.storyboard in Resources */,
				FEDC0E861C77FA1000722C0A /* PopoverViewController.storyboard in Resources */,
				FE9B74E91C781D0700467527 /* QRCodeViewController.storyboard in Resources */,
				FE7F50E21C74B9C300DC4017 /* MainVCSettings.json in Resources */,
			);
			runOnlyForDeploymentPostprocessing = 0;
		};
		FE7F50951C73624D00DC4017 /* Resources */ = {
			isa = PBXResourcesBuildPhase;
			buildActionMask = 2147483647;
			files = (
			);
			runOnlyForDeploymentPostprocessing = 0;
		};
		FE7F50A01C73624D00DC4017 /* Resources */ = {
			isa = PBXResourcesBuildPhase;
			buildActionMask = 2147483647;
			files = (
			);
			runOnlyForDeploymentPostprocessing = 0;
		};
/* End PBXResourcesBuildPhase section */

/* Begin PBXShellScriptBuildPhase section */
		C9189920B8A005A618F12CE3 /* Check Pods Manifest.lock */ = {
			isa = PBXShellScriptBuildPhase;
			buildActionMask = 2147483647;
			files = (
			);
			inputPaths = (
			);
			name = "Check Pods Manifest.lock";
			outputPaths = (
			);
			runOnlyForDeploymentPostprocessing = 0;
			shellPath = /bin/sh;
			shellScript = "diff \"${PODS_ROOT}/../Podfile.lock\" \"${PODS_ROOT}/Manifest.lock\" > /dev/null\nif [[ $? != 0 ]] ; then\n    cat << EOM\nerror: The sandbox is not in sync with the Podfile.lock. Run 'pod install' or update your CocoaPods installation.\nEOM\n    exit 1\nfi\n";
			showEnvVarsInLog = 0;
		};
		D9F15A63B12636F0ED2E81B1 /* Copy Pods Resources */ = {
			isa = PBXShellScriptBuildPhase;
			buildActionMask = 2147483647;
			files = (
			);
			inputPaths = (
			);
			name = "Copy Pods Resources";
			outputPaths = (
			);
			runOnlyForDeploymentPostprocessing = 0;
			shellPath = /bin/sh;
			shellScript = "\"${SRCROOT}/Pods/Target Support Files/Pods/Pods-resources.sh\"\n";
			showEnvVarsInLog = 0;
		};
		EE6869C916E0261FD04C1A1C /* Embed Pods Frameworks */ = {
			isa = PBXShellScriptBuildPhase;
			buildActionMask = 2147483647;
			files = (
			);
			inputPaths = (
			);
			name = "Embed Pods Frameworks";
			outputPaths = (
			);
			runOnlyForDeploymentPostprocessing = 0;
			shellPath = /bin/sh;
			shellScript = "\"${SRCROOT}/Pods/Target Support Files/Pods/Pods-frameworks.sh\"\n";
			showEnvVarsInLog = 0;
		};
/* End PBXShellScriptBuildPhase section */

/* Begin PBXSourcesBuildPhase section */
		FE7F507F1C73624D00DC4017 /* Sources */ = {
			isa = PBXSourcesBuildPhase;
			buildActionMask = 2147483647;
			files = (
				FE7F50E71C75FE0300DC4017 /* NotLoginView.swift in Sources */,
				FE7F50E51C75F8F200DC4017 /* BaseTableViewController.swift in Sources */,
				FE9B74EB1C781F7300467527 /* QRCodeViewController.swift in Sources */,
				FE21841D1C787B9E00F6681C /* OAuthViewController.swift in Sources */,
				FEFB25D61C7CA32F000079B2 /* NewFeatureViewController.swift in Sources */,
				FE7F50D81C736AC600DC4017 /* HomeTableViewController.swift in Sources */,
				FEFB25C71C7899EE000079B2 /* UserAccount.swift in Sources */,
				FEFB25C91C789E7F000079B2 /* APINetTools.swift in Sources */,
				FEDC0E831C7758ED00722C0A /* HomeTitleBtn.swift in Sources */,
				FE7F50891C73624D00DC4017 /* ViewController.swift in Sources */,
				FE7F50871C73624D00DC4017 /* AppDelegate.swift in Sources */,
				FE7F50DA1C736AD400DC4017 /* DiscoverTableViewController.swift in Sources */,
				FEDC0E8A1C77FEFF00722C0A /* PopoverViewController.swift in Sources */,
				FE7F50D61C736A9F00DC4017 /* MainTabBarController.swift in Sources */,
				FE7F50E31C74B9C300DC4017 /* NullViewController.swift in Sources */,
				FEDC0E7F1C7756F200722C0A /* UIBarButtonItem+Category.swift in Sources */,
				FE7F50DC1C736AF900DC4017 /* MeTableViewController.swift in Sources */,
				FE21841F1C788D7300F6681C /* NetWorkTools.swift in Sources */,
				FE7F50E91C76068A00DC4017 /* UIView+AutoLayout.swift in Sources */,
				FEFB25CC1C79F0C7000079B2 /* String+Category.swift in Sources */,
				FE7F50DE1C736B0500DC4017 /* MessageTableViewController.swift in Sources */,
				FEDC0E881C77FDFF00722C0A /* PopoverPresentationController.swift in Sources */,
			);
			runOnlyForDeploymentPostprocessing = 0;
		};
		FE7F50931C73624D00DC4017 /* Sources */ = {
			isa = PBXSourcesBuildPhase;
			buildActionMask = 2147483647;
			files = (
				FE7F509C1C73624D00DC4017 /* TFWeibo_SwiftTests.swift in Sources */,
			);
			runOnlyForDeploymentPostprocessing = 0;
		};
		FE7F509E1C73624D00DC4017 /* Sources */ = {
			isa = PBXSourcesBuildPhase;
			buildActionMask = 2147483647;
			files = (
				FE7F50A71C73624D00DC4017 /* TFWeibo_SwiftUITests.swift in Sources */,
			);
			runOnlyForDeploymentPostprocessing = 0;
		};
/* End PBXSourcesBuildPhase section */

/* Begin PBXTargetDependency section */
		FE7F50991C73624D00DC4017 /* PBXTargetDependency */ = {
			isa = PBXTargetDependency;
			target = FE7F50821C73624D00DC4017 /* TFWeibo_Swift */;
			targetProxy = FE7F50981C73624D00DC4017 /* PBXContainerItemProxy */;
		};
		FE7F50A41C73624D00DC4017 /* PBXTargetDependency */ = {
			isa = PBXTargetDependency;
			target = FE7F50821C73624D00DC4017 /* TFWeibo_Swift */;
			targetProxy = FE7F50A31C73624D00DC4017 /* PBXContainerItemProxy */;
		};
/* End PBXTargetDependency section */

/* Begin PBXVariantGroup section */
		FE7F508A1C73624D00DC4017 /* Main.storyboard */ = {
			isa = PBXVariantGroup;
			children = (
				FE7F508B1C73624D00DC4017 /* Base */,
			);
			name = Main.storyboard;
			sourceTree = "<group>";
		};
/* End PBXVariantGroup section */

/* Begin XCBuildConfiguration section */
		FE7F50A91C73624D00DC4017 /* Debug */ = {
			isa = XCBuildConfiguration;
			buildSettings = {
				ALWAYS_SEARCH_USER_PATHS = NO;
				CLANG_CXX_LANGUAGE_STANDARD = "gnu++0x";
				CLANG_CXX_LIBRARY = "libc++";
				CLANG_ENABLE_MODULES = YES;
				CLANG_ENABLE_OBJC_ARC = YES;
				CLANG_WARN_BOOL_CONVERSION = YES;
				CLANG_WARN_CONSTANT_CONVERSION = YES;
				CLANG_WARN_DIRECT_OBJC_ISA_USAGE = YES_ERROR;
				CLANG_WARN_EMPTY_BODY = YES;
				CLANG_WARN_ENUM_CONVERSION = YES;
				CLANG_WARN_INT_CONVERSION = YES;
				CLANG_WARN_OBJC_ROOT_CLASS = YES_ERROR;
				CLANG_WARN_UNREACHABLE_CODE = YES;
				CLANG_WARN__DUPLICATE_METHOD_MATCH = YES;
				"CODE_SIGN_IDENTITY[sdk=iphoneos*]" = "iPhone Developer";
				COPY_PHASE_STRIP = NO;
				DEBUG_INFORMATION_FORMAT = dwarf;
				ENABLE_STRICT_OBJC_MSGSEND = YES;
				ENABLE_TESTABILITY = YES;
				GCC_C_LANGUAGE_STANDARD = gnu99;
				GCC_DYNAMIC_NO_PIC = NO;
				GCC_NO_COMMON_BLOCKS = YES;
				GCC_OPTIMIZATION_LEVEL = 0;
				GCC_PREPROCESSOR_DEFINITIONS = (
					"DEBUG=1",
					"$(inherited)",
				);
				GCC_WARN_64_TO_32_BIT_CONVERSION = YES;
				GCC_WARN_ABOUT_RETURN_TYPE = YES_ERROR;
				GCC_WARN_UNDECLARED_SELECTOR = YES;
				GCC_WARN_UNINITIALIZED_AUTOS = YES_AGGRESSIVE;
				GCC_WARN_UNUSED_FUNCTION = YES;
				GCC_WARN_UNUSED_VARIABLE = YES;
				IPHONEOS_DEPLOYMENT_TARGET = 9.2;
				MTL_ENABLE_DEBUG_INFO = YES;
				ONLY_ACTIVE_ARCH = YES;
				SDKROOT = iphoneos;
				SWIFT_OPTIMIZATION_LEVEL = "-Onone";
			};
			name = Debug;
		};
		FE7F50AA1C73624D00DC4017 /* Release */ = {
			isa = XCBuildConfiguration;
			buildSettings = {
				ALWAYS_SEARCH_USER_PATHS = NO;
				CLANG_CXX_LANGUAGE_STANDARD = "gnu++0x";
				CLANG_CXX_LIBRARY = "libc++";
				CLANG_ENABLE_MODULES = YES;
				CLANG_ENABLE_OBJC_ARC = YES;
				CLANG_WARN_BOOL_CONVERSION = YES;
				CLANG_WARN_CONSTANT_CONVERSION = YES;
				CLANG_WARN_DIRECT_OBJC_ISA_USAGE = YES_ERROR;
				CLANG_WARN_EMPTY_BODY = YES;
				CLANG_WARN_ENUM_CONVERSION = YES;
				CLANG_WARN_INT_CONVERSION = YES;
				CLANG_WARN_OBJC_ROOT_CLASS = YES_ERROR;
				CLANG_WARN_UNREACHABLE_CODE = YES;
				CLANG_WARN__DUPLICATE_METHOD_MATCH = YES;
				"CODE_SIGN_IDENTITY[sdk=iphoneos*]" = "iPhone Developer";
				COPY_PHASE_STRIP = NO;
				DEBUG_INFORMATION_FORMAT = "dwarf-with-dsym";
				ENABLE_NS_ASSERTIONS = NO;
				ENABLE_STRICT_OBJC_MSGSEND = YES;
				GCC_C_LANGUAGE_STANDARD = gnu99;
				GCC_NO_COMMON_BLOCKS = YES;
				GCC_WARN_64_TO_32_BIT_CONVERSION = YES;
				GCC_WARN_ABOUT_RETURN_TYPE = YES_ERROR;
				GCC_WARN_UNDECLARED_SELECTOR = YES;
				GCC_WARN_UNINITIALIZED_AUTOS = YES_AGGRESSIVE;
				GCC_WARN_UNUSED_FUNCTION = YES;
				GCC_WARN_UNUSED_VARIABLE = YES;
				IPHONEOS_DEPLOYMENT_TARGET = 9.2;
				MTL_ENABLE_DEBUG_INFO = NO;
				SDKROOT = iphoneos;
				VALIDATE_PRODUCT = YES;
			};
			name = Release;
		};
		FE7F50AC1C73624D00DC4017 /* Debug */ = {
			isa = XCBuildConfiguration;
			baseConfigurationReference = 3A95910896791FE6618482B7 /* Pods.debug.xcconfig */;
			buildSettings = {
				ASSETCATALOG_COMPILER_APPICON_NAME = AppIcon;
				ASSETCATALOG_COMPILER_LAUNCHIMAGE_NAME = "Brand Assets";
				INFOPLIST_FILE = TFWeibo_Swift/Info.plist;
				IPHONEOS_DEPLOYMENT_TARGET = 8.0;
				LD_RUNPATH_SEARCH_PATHS = "$(inherited) @executable_path/Frameworks";
				PRODUCT_BUNDLE_IDENTIFIER = "com.ftf.TFWeibo-Swift";
				PRODUCT_NAME = "$(TARGET_NAME)";
			};
			name = Debug;
		};
		FE7F50AD1C73624D00DC4017 /* Release */ = {
			isa = XCBuildConfiguration;
			baseConfigurationReference = 321486DE691DC7AB9CEA3006 /* Pods.release.xcconfig */;
			buildSettings = {
				ASSETCATALOG_COMPILER_APPICON_NAME = AppIcon;
				ASSETCATALOG_COMPILER_LAUNCHIMAGE_NAME = "Brand Assets";
				INFOPLIST_FILE = TFWeibo_Swift/Info.plist;
				IPHONEOS_DEPLOYMENT_TARGET = 8.0;
				LD_RUNPATH_SEARCH_PATHS = "$(inherited) @executable_path/Frameworks";
				PRODUCT_BUNDLE_IDENTIFIER = "com.ftf.TFWeibo-Swift";
				PRODUCT_NAME = "$(TARGET_NAME)";
			};
			name = Release;
		};
		FE7F50AF1C73624D00DC4017 /* Debug */ = {
			isa = XCBuildConfiguration;
			buildSettings = {
				BUNDLE_LOADER = "$(TEST_HOST)";
				INFOPLIST_FILE = TFWeibo_SwiftTests/Info.plist;
				LD_RUNPATH_SEARCH_PATHS = "$(inherited) @executable_path/Frameworks @loader_path/Frameworks";
				PRODUCT_BUNDLE_IDENTIFIER = "com.ftf.TFWeibo-SwiftTests";
				PRODUCT_NAME = "$(TARGET_NAME)";
				TEST_HOST = "$(BUILT_PRODUCTS_DIR)/TFWeibo_Swift.app/TFWeibo_Swift";
			};
			name = Debug;
		};
		FE7F50B01C73624D00DC4017 /* Release */ = {
			isa = XCBuildConfiguration;
			buildSettings = {
				BUNDLE_LOADER = "$(TEST_HOST)";
				INFOPLIST_FILE = TFWeibo_SwiftTests/Info.plist;
				LD_RUNPATH_SEARCH_PATHS = "$(inherited) @executable_path/Frameworks @loader_path/Frameworks";
				PRODUCT_BUNDLE_IDENTIFIER = "com.ftf.TFWeibo-SwiftTests";
				PRODUCT_NAME = "$(TARGET_NAME)";
				TEST_HOST = "$(BUILT_PRODUCTS_DIR)/TFWeibo_Swift.app/TFWeibo_Swift";
			};
			name = Release;
		};
		FE7F50B21C73624D00DC4017 /* Debug */ = {
			isa = XCBuildConfiguration;
			buildSettings = {
				INFOPLIST_FILE = TFWeibo_SwiftUITests/Info.plist;
				LD_RUNPATH_SEARCH_PATHS = "$(inherited) @executable_path/Frameworks @loader_path/Frameworks";
				PRODUCT_BUNDLE_IDENTIFIER = "com.ftf.TFWeibo-SwiftUITests";
				PRODUCT_NAME = "$(TARGET_NAME)";
				TEST_TARGET_NAME = TFWeibo_Swift;
				USES_XCTRUNNER = YES;
			};
			name = Debug;
		};
		FE7F50B31C73624D00DC4017 /* Release */ = {
			isa = XCBuildConfiguration;
			buildSettings = {
				INFOPLIST_FILE = TFWeibo_SwiftUITests/Info.plist;
				LD_RUNPATH_SEARCH_PATHS = "$(inherited) @executable_path/Frameworks @loader_path/Frameworks";
				PRODUCT_BUNDLE_IDENTIFIER = "com.ftf.TFWeibo-SwiftUITests";
				PRODUCT_NAME = "$(TARGET_NAME)";
				TEST_TARGET_NAME = TFWeibo_Swift;
				USES_XCTRUNNER = YES;
			};
			name = Release;
		};
/* End XCBuildConfiguration section */

/* Begin XCConfigurationList section */
		FE7F507E1C73624D00DC4017 /* Build configuration list for PBXProject "TFWeibo_Swift" */ = {
			isa = XCConfigurationList;
			buildConfigurations = (
				FE7F50A91C73624D00DC4017 /* Debug */,
				FE7F50AA1C73624D00DC4017 /* Release */,
			);
			defaultConfigurationIsVisible = 0;
			defaultConfigurationName = Release;
		};
		FE7F50AB1C73624D00DC4017 /* Build configuration list for PBXNativeTarget "TFWeibo_Swift" */ = {
			isa = XCConfigurationList;
			buildConfigurations = (
				FE7F50AC1C73624D00DC4017 /* Debug */,
				FE7F50AD1C73624D00DC4017 /* Release */,
			);
			defaultConfigurationIsVisible = 0;
			defaultConfigurationName = Release;
		};
		FE7F50AE1C73624D00DC4017 /* Build configuration list for PBXNativeTarget "TFWeibo_SwiftTests" */ = {
			isa = XCConfigurationList;
			buildConfigurations = (
				FE7F50AF1C73624D00DC4017 /* Debug */,
				FE7F50B01C73624D00DC4017 /* Release */,
			);
			defaultConfigurationIsVisible = 0;
			defaultConfigurationName = Release;
		};
		FE7F50B11C73624D00DC4017 /* Build configuration list for PBXNativeTarget "TFWeibo_SwiftUITests" */ = {
			isa = XCConfigurationList;
			buildConfigurations = (
				FE7F50B21C73624D00DC4017 /* Debug */,
				FE7F50B31C73624D00DC4017 /* Release */,
			);
			defaultConfigurationIsVisible = 0;
			defaultConfigurationName = Release;
		};
/* End XCConfigurationList section */
	};
	rootObject = FE7F507B1C73624D00DC4017 /* Project object */;
}
