PODS:
  - evernote-cloud-sdk-ios (2.0.2)
  - hpple (0.2.0)
  - JazzHands (2.0.0)
  - MBProgressHUD (0.9)
  - pop (1.0.8)
  - POP+MCAnimate (2.0.1):
    - pop (~> 1.0)
    - POP+MCAnimate/Animations (= 2.0.1)
    - POP+MCAnimate/Group (= 2.0.1)
    - POP+MCAnimate/Internal (= 2.0.1)
    - POP+MCAnimate/Shorthand (= 2.0.1)
    - POP+MCAnimate/Velocity (= 2.0.1)
  - POP+MCAnimate/Animations (2.0.1):
    - pop (~> 1.0)
    - POP+MCAnimate/Group
    - POP+MCAnimate/Internal
    - POP+MCAnimate/Shorthand
    - POP+MCAnimate/Velocity
  - POP+MCAnimate/Group (2.0.1):
    - pop (~> 1.0)
  - POP+MCAnimate/Internal (2.0.1):
    - pop (~> 1.0)
  - POP+MCAnimate/Shorthand (2.0.1):
    - pop (~> 1.0)
  - POP+MCAnimate/Velocity (2.0.1):
    - pop (~> 1.0)
    - POP+MCAnimate/Internal
  - RegexKitLite-NoWarning (1.1.0)
  - SDWebImage (3.7.3):
    - SDWebImage/Core (= 3.7.3)
  - SDWebImage/Core (3.7.3)
  - TTTAttributedLabel (1.10.1)
  - UMengAnalytics (3.5.10)
  - UMengSocial (4.2.3)

DEPENDENCIES:
  - evernote-cloud-sdk-ios (= 2.0.2)
  - hpple (= 0.2.0)
  - JazzHands (= 2.0.0)
  - MBProgressHUD (= 0.9)
  - POP+MCAnimate (= 2.0.1)
  - RegexKitLite-NoWarning (= 1.1.0)
  - SDWebImage (~> 3.7)
  - TTTAttributedLabel (= 1.10.1)
  - UMengAnalytics (= 3.5.10)
  - UMengSocial (= 4.2.3)

SPEC CHECKSUMS:
  evernote-cloud-sdk-ios: 7a6e5402b837ea79ef0179caff5ffe7b4f235615
  hpple: 3b765f96fc2cd56ad1a49aef6f7be5cb2aa64b57
  JazzHands: 00002e9b1284e7fc1ac6555012e81b8942477242
  MBProgressHUD: d8e7ea388dc1549a42e0d219067cf5f2c898fb66
  pop: bb773ae2c791ca2629de13b347e7a8b450fa6a57
  POP+MCAnimate: a99e209148c602512de487f1160a44bf78572024
  RegexKitLite-NoWarning: 365d208f8187997e33d9de8baeddfc00728596d8
  SDWebImage: 1d2b1a1efda1ade1b00b6f8498865f8ddedc8a84
  TTTAttributedLabel: c8f3801a6463b9c9b82b0c84c465fdda9751892a
  UMengAnalytics: 092c24aef47b6ac3c76ad51543f91156a8d7b645
  UMengSocial: 85882abe5b20aa38ad558ece71360e16b5d50909

COCOAPODS: 0.38.2
