// !$*UTF8*$!
{
	archiveVersion = 1;
	classes = {
	};
	objectVersion = 46;
	objects = {

/* Begin PBXBuildFile section */
		774FC5BE273CEC9D5AA0ABC5 /* libPods.a in Frameworks */ = {isa = PBXBuildFile; fileRef = 8E27C01B6FA91F8FC5018ACD /* libPods.a */; };
		FED4D2061C1D308600CF9E4C /* main.m in Sources */ = {isa = PBXBuildFile; fileRef = FED4D2051C1D308600CF9E4C /* main.m */; };
		FED4D2091C1D308600CF9E4C /* AppDelegate.m in Sources */ = {isa = PBXBuildFile; fileRef = FED4D2081C1D308600CF9E4C /* AppDelegate.m */; };
		FED4D20C1C1D308600CF9E4C /* ViewController.m in Sources */ = {isa = PBXBuildFile; fileRef = FED4D20B1C1D308600CF9E4C /* ViewController.m */; };
		FED4D20F1C1D308600CF9E4C /* Main.storyboard in Resources */ = {isa = PBXBuildFile; fileRef = FED4D20D1C1D308600CF9E4C /* Main.storyboard */; };
		FED4D2111C1D308600CF9E4C /* Assets.xcassets in Resources */ = {isa = PBXBuildFile; fileRef = FED4D2101C1D308600CF9E4C /* Assets.xcassets */; };
		FED4D2141C1D308600CF9E4C /* LaunchScreen.storyboard in Resources */ = {isa = PBXBuildFile; fileRef = FED4D2121C1D308600CF9E4C /* LaunchScreen.storyboard */; };
		FED4D21F1C1D308600CF9E4C /* TFWeiboTests.m in Sources */ = {isa = PBXBuildFile; fileRef = FED4D21E1C1D308600CF9E4C /* TFWeiboTests.m */; };
		FED4D22A1C1D308600CF9E4C /* TFWeiboUITests.m in Sources */ = {isa = PBXBuildFile; fileRef = FED4D2291C1D308600CF9E4C /* TFWeiboUITests.m */; };
		FEFD7CE11C1F05F0001B5D30 /* RDVTabBar.m in Sources */ = {isa = PBXBuildFile; fileRef = FEFD7CDC1C1F05F0001B5D30 /* RDVTabBar.m */; };
		FEFD7CE21C1F05F0001B5D30 /* RDVTabBarController.m in Sources */ = {isa = PBXBuildFile; fileRef = FEFD7CDE1C1F05F0001B5D30 /* RDVTabBarController.m */; };
		FEFD7CE31C1F05F0001B5D30 /* RDVTabBarItem.m in Sources */ = {isa = PBXBuildFile; fileRef = FEFD7CE01C1F05F0001B5D30 /* RDVTabBarItem.m */; };
		FEFD7D061C1F09CA001B5D30 /* RootTabViewController.m in Sources */ = {isa = PBXBuildFile; fileRef = FEFD7D051C1F09CA001B5D30 /* RootTabViewController.m */; };
		FEFD7D191C1F0D8B001B5D30 /* Foundation+Log.m in Sources */ = {isa = PBXBuildFile; fileRef = FEFD7D081C1F0D8B001B5D30 /* Foundation+Log.m */; };
		FEFD7D1A1C1F0D8B001B5D30 /* NSDate+Extension.m in Sources */ = {isa = PBXBuildFile; fileRef = FEFD7D0A1C1F0D8B001B5D30 /* NSDate+Extension.m */; };
		FEFD7D1B1C1F0D8B001B5D30 /* NSString+Category.m in Sources */ = {isa = PBXBuildFile; fileRef = FEFD7D0C1C1F0D8B001B5D30 /* NSString+Category.m */; };
		FEFD7D1C1C1F0D8B001B5D30 /* NSString+Emoji.m in Sources */ = {isa = PBXBuildFile; fileRef = FEFD7D0E1C1F0D8B001B5D30 /* NSString+Emoji.m */; };
		FEFD7D1D1C1F0D8B001B5D30 /* UIBarButtonItem+Extension.m in Sources */ = {isa = PBXBuildFile; fileRef = FEFD7D101C1F0D8B001B5D30 /* UIBarButtonItem+Extension.m */; };
		FEFD7D1E1C1F0D8B001B5D30 /* UIImage+Category.m in Sources */ = {isa = PBXBuildFile; fileRef = FEFD7D121C1F0D8B001B5D30 /* UIImage+Category.m */; };
		FEFD7D1F1C1F0D8B001B5D30 /* UITextView+Category.m in Sources */ = {isa = PBXBuildFile; fileRef = FEFD7D141C1F0D8B001B5D30 /* UITextView+Category.m */; };
		FEFD7D201C1F0D8B001B5D30 /* UIView+Extension.m in Sources */ = {isa = PBXBuildFile; fileRef = FEFD7D161C1F0D8B001B5D30 /* UIView+Extension.m */; };
		FEFD7D211C1F0D8B001B5D30 /* UIWindow+Category.m in Sources */ = {isa = PBXBuildFile; fileRef = FEFD7D181C1F0D8B001B5D30 /* UIWindow+Category.m */; };
		FEFD7D241C1F0DC6001B5D30 /* BaseTabBarController.m in Sources */ = {isa = PBXBuildFile; fileRef = FEFD7D231C1F0DC6001B5D30 /* BaseTabBarController.m */; };
		FEFD7D271C205276001B5D30 /* BaseNavigationController.m in Sources */ = {isa = PBXBuildFile; fileRef = FEFD7D261C205276001B5D30 /* BaseNavigationController.m */; };
		FEFD7D2A1C20DBB6001B5D30 /* OAuthController.m in Sources */ = {isa = PBXBuildFile; fileRef = FEFD7D291C20DBB6001B5D30 /* OAuthController.m */; };
		FEFD7D2D1C20DBF0001B5D30 /* HomeController.m in Sources */ = {isa = PBXBuildFile; fileRef = FEFD7D2C1C20DBF0001B5D30 /* HomeController.m */; };
		FEFD7D301C20DC07001B5D30 /* MessageController.m in Sources */ = {isa = PBXBuildFile; fileRef = FEFD7D2F1C20DC07001B5D30 /* MessageController.m */; };
		FEFD7D331C20DC37001B5D30 /* DiscoverController.m in Sources */ = {isa = PBXBuildFile; fileRef = FEFD7D321C20DC37001B5D30 /* DiscoverController.m */; };
		FEFD7D361C20DC53001B5D30 /* ComposeController.m in Sources */ = {isa = PBXBuildFile; fileRef = FEFD7D351C20DC53001B5D30 /* ComposeController.m */; };
		FEFD7D391C21940D001B5D30 /* MeController.m in Sources */ = {isa = PBXBuildFile; fileRef = FEFD7D381C21940D001B5D30 /* MeController.m */; };
		FEFD7D3C1C2199B1001B5D30 /* BaseViewController.m in Sources */ = {isa = PBXBuildFile; fileRef = FEFD7D3B1C2199B1001B5D30 /* BaseViewController.m */; };
		FEFD7D681C21A1BA001B5D30 /* AFHTTPRequestOperation.m in Sources */ = {isa = PBXBuildFile; fileRef = FEFD7D411C21A1BA001B5D30 /* AFHTTPRequestOperation.m */; };
		FEFD7D691C21A1BA001B5D30 /* AFHTTPRequestOperationManager.m in Sources */ = {isa = PBXBuildFile; fileRef = FEFD7D431C21A1BA001B5D30 /* AFHTTPRequestOperationManager.m */; };
		FEFD7D6A1C21A1BA001B5D30 /* AFURLConnectionOperation.m in Sources */ = {isa = PBXBuildFile; fileRef = FEFD7D451C21A1BA001B5D30 /* AFURLConnectionOperation.m */; };
		FEFD7D6B1C21A1BA001B5D30 /* AFHTTPSessionManager.m in Sources */ = {isa = PBXBuildFile; fileRef = FEFD7D481C21A1BA001B5D30 /* AFHTTPSessionManager.m */; };
		FEFD7D6C1C21A1BA001B5D30 /* AFURLSessionManager.m in Sources */ = {isa = PBXBuildFile; fileRef = FEFD7D4A1C21A1BA001B5D30 /* AFURLSessionManager.m */; };
		FEFD7D6D1C21A1BA001B5D30 /* AFNetworkReachabilityManager.m in Sources */ = {isa = PBXBuildFile; fileRef = FEFD7D4D1C21A1BA001B5D30 /* AFNetworkReachabilityManager.m */; };
		FEFD7D6E1C21A1BA001B5D30 /* AFSecurityPolicy.m in Sources */ = {isa = PBXBuildFile; fileRef = FEFD7D501C21A1BA001B5D30 /* AFSecurityPolicy.m */; };
		FEFD7D6F1C21A1BA001B5D30 /* AFURLRequestSerialization.m in Sources */ = {isa = PBXBuildFile; fileRef = FEFD7D531C21A1BA001B5D30 /* AFURLRequestSerialization.m */; };
		FEFD7D701C21A1BA001B5D30 /* AFURLResponseSerialization.m in Sources */ = {isa = PBXBuildFile; fileRef = FEFD7D551C21A1BA001B5D30 /* AFURLResponseSerialization.m */; };
		FEFD7D711C21A1BA001B5D30 /* AFNetworkActivityIndicatorManager.m in Sources */ = {isa = PBXBuildFile; fileRef = FEFD7D581C21A1BA001B5D30 /* AFNetworkActivityIndicatorManager.m */; };
		FEFD7D721C21A1BA001B5D30 /* UIActivityIndicatorView+AFNetworking.m in Sources */ = {isa = PBXBuildFile; fileRef = FEFD7D5A1C21A1BA001B5D30 /* UIActivityIndicatorView+AFNetworking.m */; };
		FEFD7D731C21A1BA001B5D30 /* UIAlertView+AFNetworking.m in Sources */ = {isa = PBXBuildFile; fileRef = FEFD7D5C1C21A1BA001B5D30 /* UIAlertView+AFNetworking.m */; };
		FEFD7D741C21A1BA001B5D30 /* UIButton+AFNetworking.m in Sources */ = {isa = PBXBuildFile; fileRef = FEFD7D5E1C21A1BA001B5D30 /* UIButton+AFNetworking.m */; };
		FEFD7D751C21A1BA001B5D30 /* UIImageView+AFNetworking.m in Sources */ = {isa = PBXBuildFile; fileRef = FEFD7D601C21A1BA001B5D30 /* UIImageView+AFNetworking.m */; };
		FEFD7D761C21A1BA001B5D30 /* UIProgressView+AFNetworking.m in Sources */ = {isa = PBXBuildFile; fileRef = FEFD7D631C21A1BA001B5D30 /* UIProgressView+AFNetworking.m */; };
		FEFD7D771C21A1BA001B5D30 /* UIRefreshControl+AFNetworking.m in Sources */ = {isa = PBXBuildFile; fileRef = FEFD7D651C21A1BA001B5D30 /* UIRefreshControl+AFNetworking.m */; };
		FEFD7D781C21A1BA001B5D30 /* UIWebView+AFNetworking.m in Sources */ = {isa = PBXBuildFile; fileRef = FEFD7D671C21A1BA001B5D30 /* UIWebView+AFNetworking.m */; };
		FEFD7D7E1C21A208001B5D30 /* YLGIFImage.m in Sources */ = {isa = PBXBuildFile; fileRef = FEFD7D7B1C21A208001B5D30 /* YLGIFImage.m */; };
		FEFD7D7F1C21A208001B5D30 /* YLImageView.m in Sources */ = {isa = PBXBuildFile; fileRef = FEFD7D7D1C21A208001B5D30 /* YLImageView.m */; };
		FEFD7D841C21A632001B5D30 /* Weibo_APIManager.m in Sources */ = {isa = PBXBuildFile; fileRef = FEFD7D831C21A632001B5D30 /* Weibo_APIManager.m */; };
		FEFD7D871C21A686001B5D30 /* WeiboAPIClient.m in Sources */ = {isa = PBXBuildFile; fileRef = FEFD7D861C21A686001B5D30 /* WeiboAPIClient.m */; };
		FEFD7D8A1C21A77F001B5D30 /* NSObject+Common.m in Sources */ = {isa = PBXBuildFile; fileRef = FEFD7D891C21A77F001B5D30 /* NSObject+Common.m */; };
		FEFD7D921C21A9B1001B5D30 /* JDStatusBarNotification.m in Sources */ = {isa = PBXBuildFile; fileRef = FEFD7D8D1C21A9B1001B5D30 /* JDStatusBarNotification.m */; };
		FEFD7D931C21A9B1001B5D30 /* JDStatusBarStyle.m in Sources */ = {isa = PBXBuildFile; fileRef = FEFD7D8F1C21A9B1001B5D30 /* JDStatusBarStyle.m */; };
		FEFD7D941C21A9B1001B5D30 /* JDStatusBarView.m in Sources */ = {isa = PBXBuildFile; fileRef = FEFD7D911C21A9B1001B5D30 /* JDStatusBarView.m */; };
		FEFD7DA91C21AAAB001B5D30 /* MBProgressHUD+Add.m in Sources */ = {isa = PBXBuildFile; fileRef = FEFD7D971C21AAAB001B5D30 /* MBProgressHUD+Add.m */; };
		FEFD7DAA1C21AAAB001B5D30 /* MJPhoto.m in Sources */ = {isa = PBXBuildFile; fileRef = FEFD7D991C21AAAB001B5D30 /* MJPhoto.m */; };
		FEFD7DAB1C21AAAB001B5D30 /* MJPhotoBrowser.bundle in Resources */ = {isa = PBXBuildFile; fileRef = FEFD7D9A1C21AAAB001B5D30 /* MJPhotoBrowser.bundle */; };
		FEFD7DAC1C21AAAB001B5D30 /* MJPhotoBrowser.m in Sources */ = {isa = PBXBuildFile; fileRef = FEFD7D9C1C21AAAB001B5D30 /* MJPhotoBrowser.m */; };
		FEFD7DAD1C21AAAB001B5D30 /* MJPhotoLoadingView.m in Sources */ = {isa = PBXBuildFile; fileRef = FEFD7D9E1C21AAAB001B5D30 /* MJPhotoLoadingView.m */; };
		FEFD7DAE1C21AAAB001B5D30 /* MJPhotoProgressView.m in Sources */ = {isa = PBXBuildFile; fileRef = FEFD7DA01C21AAAB001B5D30 /* MJPhotoProgressView.m */; };
		FEFD7DAF1C21AAAB001B5D30 /* MJPhotoToolbar.m in Sources */ = {isa = PBXBuildFile; fileRef = FEFD7DA21C21AAAB001B5D30 /* MJPhotoToolbar.m */; };
		FEFD7DB01C21AAAB001B5D30 /* MJPhotoView.m in Sources */ = {isa = PBXBuildFile; fileRef = FEFD7DA41C21AAAB001B5D30 /* MJPhotoView.m */; };
		FEFD7DB11C21AAAB001B5D30 /* SDWebImageManager+MJ.m in Sources */ = {isa = PBXBuildFile; fileRef = FEFD7DA61C21AAAB001B5D30 /* SDWebImageManager+MJ.m */; };
		FEFD7DB21C21AAAB001B5D30 /* UIImageView+MJWebCache.m in Sources */ = {isa = PBXBuildFile; fileRef = FEFD7DA81C21AAAB001B5D30 /* UIImageView+MJWebCache.m */; };
		FEFD7DB51C21AC4B001B5D30 /* UIColor+expanded.m in Sources */ = {isa = PBXBuildFile; fileRef = FEFD7DB41C21AC4B001B5D30 /* UIColor+expanded.m */; };
		FEFD7DB81C22F195001B5D30 /* User.m in Sources */ = {isa = PBXBuildFile; fileRef = FEFD7DB71C22F195001B5D30 /* User.m */; };
		FEFD7DBD1C22F267001B5D30 /* AccountTool.m in Sources */ = {isa = PBXBuildFile; fileRef = FEFD7DBC1C22F267001B5D30 /* AccountTool.m */; };
		FEFD7DC01C22F294001B5D30 /* Account.m in Sources */ = {isa = PBXBuildFile; fileRef = FEFD7DBF1C22F294001B5D30 /* Account.m */; };
		FEFD7DC41C22FB09001B5D30 /* ODRefreshControl.m in Sources */ = {isa = PBXBuildFile; fileRef = FEFD7DC31C22FB09001B5D30 /* ODRefreshControl.m */; };
		FEFD7DC71C24E473001B5D30 /* Status.m in Sources */ = {isa = PBXBuildFile; fileRef = FEFD7DC61C24E473001B5D30 /* Status.m */; };
		FEFD7DCA1C24F39F001B5D30 /* StatusCell.m in Sources */ = {isa = PBXBuildFile; fileRef = FEFD7DC91C24F39F001B5D30 /* StatusCell.m */; };
/* End PBXBuildFile section */

/* Begin PBXContainerItemProxy section */
		FED4D21B1C1D308600CF9E4C /* PBXContainerItemProxy */ = {
			isa = PBXContainerItemProxy;
			containerPortal = FED4D1F91C1D308600CF9E4C /* Project object */;
			proxyType = 1;
			remoteGlobalIDString = FED4D2001C1D308600CF9E4C;
			remoteInfo = TFWeibo;
		};
		FED4D2261C1D308600CF9E4C /* PBXContainerItemProxy */ = {
			isa = PBXContainerItemProxy;
			containerPortal = FED4D1F91C1D308600CF9E4C /* Project object */;
			proxyType = 1;
			remoteGlobalIDString = FED4D2001C1D308600CF9E4C;
			remoteInfo = TFWeibo;
		};
/* End PBXContainerItemProxy section */

/* Begin PBXFileReference section */
		85A4A4AE63245408539F2763 /* Pods.release.xcconfig */ = {isa = PBXFileReference; includeInIndex = 1; lastKnownFileType = text.xcconfig; name = Pods.release.xcconfig; path = "Pods/Target Support Files/Pods/Pods.release.xcconfig"; sourceTree = "<group>"; };
		8E27C01B6FA91F8FC5018ACD /* libPods.a */ = {isa = PBXFileReference; explicitFileType = archive.ar; includeInIndex = 0; path = libPods.a; sourceTree = BUILT_PRODUCTS_DIR; };
		9DFD8F6DA639B359EC0C2475 /* Pods.debug.xcconfig */ = {isa = PBXFileReference; includeInIndex = 1; lastKnownFileType = text.xcconfig; name = Pods.debug.xcconfig; path = "Pods/Target Support Files/Pods/Pods.debug.xcconfig"; sourceTree = "<group>"; };
		FED4D2011C1D308600CF9E4C /* TFWeibo.app */ = {isa = PBXFileReference; explicitFileType = wrapper.application; includeInIndex = 0; path = TFWeibo.app; sourceTree = BUILT_PRODUCTS_DIR; };
		FED4D2051C1D308600CF9E4C /* main.m */ = {isa = PBXFileReference; lastKnownFileType = sourcecode.c.objc; path = main.m; sourceTree = "<group>"; };
		FED4D2071C1D308600CF9E4C /* AppDelegate.h */ = {isa = PBXFileReference; lastKnownFileType = sourcecode.c.h; path = AppDelegate.h; sourceTree = "<group>"; };
		FED4D2081C1D308600CF9E4C /* AppDelegate.m */ = {isa = PBXFileReference; lastKnownFileType = sourcecode.c.objc; path = AppDelegate.m; sourceTree = "<group>"; };
		FED4D20A1C1D308600CF9E4C /* ViewController.h */ = {isa = PBXFileReference; lastKnownFileType = sourcecode.c.h; path = ViewController.h; sourceTree = "<group>"; };
		FED4D20B1C1D308600CF9E4C /* ViewController.m */ = {isa = PBXFileReference; lastKnownFileType = sourcecode.c.objc; path = ViewController.m; sourceTree = "<group>"; };
		FED4D20E1C1D308600CF9E4C /* Base */ = {isa = PBXFileReference; lastKnownFileType = file.storyboard; name = Base; path = Base.lproj/Main.storyboard; sourceTree = "<group>"; };
		FED4D2101C1D308600CF9E4C /* Assets.xcassets */ = {isa = PBXFileReference; lastKnownFileType = folder.assetcatalog; path = Assets.xcassets; sourceTree = "<group>"; };
		FED4D2131C1D308600CF9E4C /* Base */ = {isa = PBXFileReference; lastKnownFileType = file.storyboard; name = Base; path = Base.lproj/LaunchScreen.storyboard; sourceTree = "<group>"; };
		FED4D2151C1D308600CF9E4C /* Info.plist */ = {isa = PBXFileReference; lastKnownFileType = text.plist.xml; path = Info.plist; sourceTree = "<group>"; };
		FED4D21A1C1D308600CF9E4C /* TFWeiboTests.xctest */ = {isa = PBXFileReference; explicitFileType = wrapper.cfbundle; includeInIndex = 0; path = TFWeiboTests.xctest; sourceTree = BUILT_PRODUCTS_DIR; };
		FED4D21E1C1D308600CF9E4C /* TFWeiboTests.m */ = {isa = PBXFileReference; lastKnownFileType = sourcecode.c.objc; path = TFWeiboTests.m; sourceTree = "<group>"; };
		FED4D2201C1D308600CF9E4C /* Info.plist */ = {isa = PBXFileReference; lastKnownFileType = text.plist.xml; path = Info.plist; sourceTree = "<group>"; };
		FED4D2251C1D308600CF9E4C /* TFWeiboUITests.xctest */ = {isa = PBXFileReference; explicitFileType = wrapper.cfbundle; includeInIndex = 0; path = TFWeiboUITests.xctest; sourceTree = BUILT_PRODUCTS_DIR; };
		FED4D2291C1D308600CF9E4C /* TFWeiboUITests.m */ = {isa = PBXFileReference; lastKnownFileType = sourcecode.c.objc; path = TFWeiboUITests.m; sourceTree = "<group>"; };
		FED4D22B1C1D308600CF9E4C /* Info.plist */ = {isa = PBXFileReference; lastKnownFileType = text.plist.xml; path = Info.plist; sourceTree = "<group>"; };
		FEFD7CDB1C1F05F0001B5D30 /* RDVTabBar.h */ = {isa = PBXFileReference; fileEncoding = 4; lastKnownFileType = sourcecode.c.h; path = RDVTabBar.h; sourceTree = "<group>"; };
		FEFD7CDC1C1F05F0001B5D30 /* RDVTabBar.m */ = {isa = PBXFileReference; fileEncoding = 4; lastKnownFileType = sourcecode.c.objc; path = RDVTabBar.m; sourceTree = "<group>"; };
		FEFD7CDD1C1F05F0001B5D30 /* RDVTabBarController.h */ = {isa = PBXFileReference; fileEncoding = 4; lastKnownFileType = sourcecode.c.h; path = RDVTabBarController.h; sourceTree = "<group>"; };
		FEFD7CDE1C1F05F0001B5D30 /* RDVTabBarController.m */ = {isa = PBXFileReference; fileEncoding = 4; lastKnownFileType = sourcecode.c.objc; path = RDVTabBarController.m; sourceTree = "<group>"; };
		FEFD7CDF1C1F05F0001B5D30 /* RDVTabBarItem.h */ = {isa = PBXFileReference; fileEncoding = 4; lastKnownFileType = sourcecode.c.h; path = RDVTabBarItem.h; sourceTree = "<group>"; };
		FEFD7CE01C1F05F0001B5D30 /* RDVTabBarItem.m */ = {isa = PBXFileReference; fileEncoding = 4; lastKnownFileType = sourcecode.c.objc; path = RDVTabBarItem.m; sourceTree = "<group>"; };
		FEFD7CE41C1F071D001B5D30 /* PrefixHeader.pch */ = {isa = PBXFileReference; lastKnownFileType = sourcecode.c.h; path = PrefixHeader.pch; sourceTree = "<group>"; };
		FEFD7D041C1F09CA001B5D30 /* RootTabViewController.h */ = {isa = PBXFileReference; fileEncoding = 4; lastKnownFileType = sourcecode.c.h; path = RootTabViewController.h; sourceTree = "<group>"; };
		FEFD7D051C1F09CA001B5D30 /* RootTabViewController.m */ = {isa = PBXFileReference; fileEncoding = 4; lastKnownFileType = sourcecode.c.objc; path = RootTabViewController.m; sourceTree = "<group>"; };
		FEFD7D081C1F0D8B001B5D30 /* Foundation+Log.m */ = {isa = PBXFileReference; fileEncoding = 4; lastKnownFileType = sourcecode.c.objc; path = "Foundation+Log.m"; sourceTree = "<group>"; };
		FEFD7D091C1F0D8B001B5D30 /* NSDate+Extension.h */ = {isa = PBXFileReference; fileEncoding = 4; lastKnownFileType = sourcecode.c.h; path = "NSDate+Extension.h"; sourceTree = "<group>"; };
		FEFD7D0A1C1F0D8B001B5D30 /* NSDate+Extension.m */ = {isa = PBXFileReference; fileEncoding = 4; lastKnownFileType = sourcecode.c.objc; path = "NSDate+Extension.m"; sourceTree = "<group>"; };
		FEFD7D0B1C1F0D8B001B5D30 /* NSString+Category.h */ = {isa = PBXFileReference; fileEncoding = 4; lastKnownFileType = sourcecode.c.h; path = "NSString+Category.h"; sourceTree = "<group>"; };
		FEFD7D0C1C1F0D8B001B5D30 /* NSString+Category.m */ = {isa = PBXFileReference; fileEncoding = 4; lastKnownFileType = sourcecode.c.objc; path = "NSString+Category.m"; sourceTree = "<group>"; };
		FEFD7D0D1C1F0D8B001B5D30 /* NSString+Emoji.h */ = {isa = PBXFileReference; fileEncoding = 4; lastKnownFileType = sourcecode.c.h; path = "NSString+Emoji.h"; sourceTree = "<group>"; };
		FEFD7D0E1C1F0D8B001B5D30 /* NSString+Emoji.m */ = {isa = PBXFileReference; fileEncoding = 4; lastKnownFileType = sourcecode.c.objc; path = "NSString+Emoji.m"; sourceTree = "<group>"; };
		FEFD7D0F1C1F0D8B001B5D30 /* UIBarButtonItem+Extension.h */ = {isa = PBXFileReference; fileEncoding = 4; lastKnownFileType = sourcecode.c.h; path = "UIBarButtonItem+Extension.h"; sourceTree = "<group>"; };
		FEFD7D101C1F0D8B001B5D30 /* UIBarButtonItem+Extension.m */ = {isa = PBXFileReference; fileEncoding = 4; lastKnownFileType = sourcecode.c.objc; path = "UIBarButtonItem+Extension.m"; sourceTree = "<group>"; };
		FEFD7D111C1F0D8B001B5D30 /* UIImage+Category.h */ = {isa = PBXFileReference; fileEncoding = 4; lastKnownFileType = sourcecode.c.h; path = "UIImage+Category.h"; sourceTree = "<group>"; };
		FEFD7D121C1F0D8B001B5D30 /* UIImage+Category.m */ = {isa = PBXFileReference; fileEncoding = 4; lastKnownFileType = sourcecode.c.objc; path = "UIImage+Category.m"; sourceTree = "<group>"; };
		FEFD7D131C1F0D8B001B5D30 /* UITextView+Category.h */ = {isa = PBXFileReference; fileEncoding = 4; lastKnownFileType = sourcecode.c.h; path = "UITextView+Category.h"; sourceTree = "<group>"; };
		FEFD7D141C1F0D8B001B5D30 /* UITextView+Category.m */ = {isa = PBXFileReference; fileEncoding = 4; lastKnownFileType = sourcecode.c.objc; path = "UITextView+Category.m"; sourceTree = "<group>"; };
		FEFD7D151C1F0D8B001B5D30 /* UIView+Extension.h */ = {isa = PBXFileReference; fileEncoding = 4; lastKnownFileType = sourcecode.c.h; path = "UIView+Extension.h"; sourceTree = "<group>"; };
		FEFD7D161C1F0D8B001B5D30 /* UIView+Extension.m */ = {isa = PBXFileReference; fileEncoding = 4; lastKnownFileType = sourcecode.c.objc; path = "UIView+Extension.m"; sourceTree = "<group>"; };
		FEFD7D171C1F0D8B001B5D30 /* UIWindow+Category.h */ = {isa = PBXFileReference; fileEncoding = 4; lastKnownFileType = sourcecode.c.h; path = "UIWindow+Category.h"; sourceTree = "<group>"; };
		FEFD7D181C1F0D8B001B5D30 /* UIWindow+Category.m */ = {isa = PBXFileReference; fileEncoding = 4; lastKnownFileType = sourcecode.c.objc; path = "UIWindow+Category.m"; sourceTree = "<group>"; };
		FEFD7D221C1F0DC6001B5D30 /* BaseTabBarController.h */ = {isa = PBXFileReference; fileEncoding = 4; lastKnownFileType = sourcecode.c.h; path = BaseTabBarController.h; sourceTree = "<group>"; };
		FEFD7D231C1F0DC6001B5D30 /* BaseTabBarController.m */ = {isa = PBXFileReference; fileEncoding = 4; lastKnownFileType = sourcecode.c.objc; path = BaseTabBarController.m; sourceTree = "<group>"; };
		FEFD7D251C205276001B5D30 /* BaseNavigationController.h */ = {isa = PBXFileReference; fileEncoding = 4; lastKnownFileType = sourcecode.c.h; path = BaseNavigationController.h; sourceTree = "<group>"; };
		FEFD7D261C205276001B5D30 /* BaseNavigationController.m */ = {isa = PBXFileReference; fileEncoding = 4; lastKnownFileType = sourcecode.c.objc; path = BaseNavigationController.m; sourceTree = "<group>"; };
		FEFD7D281C20DBB6001B5D30 /* OAuthController.h */ = {isa = PBXFileReference; fileEncoding = 4; lastKnownFileType = sourcecode.c.h; path = OAuthController.h; sourceTree = "<group>"; };
		FEFD7D291C20DBB6001B5D30 /* OAuthController.m */ = {isa = PBXFileReference; fileEncoding = 4; lastKnownFileType = sourcecode.c.objc; path = OAuthController.m; sourceTree = "<group>"; };
		FEFD7D2B1C20DBF0001B5D30 /* HomeController.h */ = {isa = PBXFileReference; fileEncoding = 4; lastKnownFileType = sourcecode.c.h; path = HomeController.h; sourceTree = "<group>"; };
		FEFD7D2C1C20DBF0001B5D30 /* HomeController.m */ = {isa = PBXFileReference; fileEncoding = 4; lastKnownFileType = sourcecode.c.objc; path = HomeController.m; sourceTree = "<group>"; };
		FEFD7D2E1C20DC07001B5D30 /* MessageController.h */ = {isa = PBXFileReference; fileEncoding = 4; lastKnownFileType = sourcecode.c.h; path = MessageController.h; sourceTree = "<group>"; };
		FEFD7D2F1C20DC07001B5D30 /* MessageController.m */ = {isa = PBXFileReference; fileEncoding = 4; lastKnownFileType = sourcecode.c.objc; path = MessageController.m; sourceTree = "<group>"; };
		FEFD7D311C20DC37001B5D30 /* DiscoverController.h */ = {isa = PBXFileReference; fileEncoding = 4; lastKnownFileType = sourcecode.c.h; path = DiscoverController.h; sourceTree = "<group>"; };
		FEFD7D321C20DC37001B5D30 /* DiscoverController.m */ = {isa = PBXFileReference; fileEncoding = 4; lastKnownFileType = sourcecode.c.objc; path = DiscoverController.m; sourceTree = "<group>"; };
		FEFD7D341C20DC53001B5D30 /* ComposeController.h */ = {isa = PBXFileReference; fileEncoding = 4; lastKnownFileType = sourcecode.c.h; path = ComposeController.h; sourceTree = "<group>"; };
		FEFD7D351C20DC53001B5D30 /* ComposeController.m */ = {isa = PBXFileReference; fileEncoding = 4; lastKnownFileType = sourcecode.c.objc; path = ComposeController.m; sourceTree = "<group>"; };
		FEFD7D371C21940D001B5D30 /* MeController.h */ = {isa = PBXFileReference; fileEncoding = 4; lastKnownFileType = sourcecode.c.h; path = MeController.h; sourceTree = "<group>"; };
		FEFD7D381C21940D001B5D30 /* MeController.m */ = {isa = PBXFileReference; fileEncoding = 4; lastKnownFileType = sourcecode.c.objc; path = MeController.m; sourceTree = "<group>"; };
		FEFD7D3A1C2199B1001B5D30 /* BaseViewController.h */ = {isa = PBXFileReference; fileEncoding = 4; lastKnownFileType = sourcecode.c.h; path = BaseViewController.h; sourceTree = "<group>"; };
		FEFD7D3B1C2199B1001B5D30 /* BaseViewController.m */ = {isa = PBXFileReference; fileEncoding = 4; lastKnownFileType = sourcecode.c.objc; path = BaseViewController.m; sourceTree = "<group>"; };
		FEFD7D3E1C21A1BA001B5D30 /* AFNetworking.h */ = {isa = PBXFileReference; fileEncoding = 4; lastKnownFileType = sourcecode.c.h; path = AFNetworking.h; sourceTree = "<group>"; };
		FEFD7D401C21A1BA001B5D30 /* AFHTTPRequestOperation.h */ = {isa = PBXFileReference; fileEncoding = 4; lastKnownFileType = sourcecode.c.h; path = AFHTTPRequestOperation.h; sourceTree = "<group>"; };
		FEFD7D411C21A1BA001B5D30 /* AFHTTPRequestOperation.m */ = {isa = PBXFileReference; fileEncoding = 4; lastKnownFileType = sourcecode.c.objc; path = AFHTTPRequestOperation.m; sourceTree = "<group>"; };
		FEFD7D421C21A1BA001B5D30 /* AFHTTPRequestOperationManager.h */ = {isa = PBXFileReference; fileEncoding = 4; lastKnownFileType = sourcecode.c.h; path = AFHTTPRequestOperationManager.h; sourceTree = "<group>"; };
		FEFD7D431C21A1BA001B5D30 /* AFHTTPRequestOperationManager.m */ = {isa = PBXFileReference; fileEncoding = 4; lastKnownFileType = sourcecode.c.objc; path = AFHTTPRequestOperationManager.m; sourceTree = "<group>"; };
		FEFD7D441C21A1BA001B5D30 /* AFURLConnectionOperation.h */ = {isa = PBXFileReference; fileEncoding = 4; lastKnownFileType = sourcecode.c.h; path = AFURLConnectionOperation.h; sourceTree = "<group>"; };
		FEFD7D451C21A1BA001B5D30 /* AFURLConnectionOperation.m */ = {isa = PBXFileReference; fileEncoding = 4; lastKnownFileType = sourcecode.c.objc; path = AFURLConnectionOperation.m; sourceTree = "<group>"; };
		FEFD7D471C21A1BA001B5D30 /* AFHTTPSessionManager.h */ = {isa = PBXFileReference; fileEncoding = 4; lastKnownFileType = sourcecode.c.h; path = AFHTTPSessionManager.h; sourceTree = "<group>"; };
		FEFD7D481C21A1BA001B5D30 /* AFHTTPSessionManager.m */ = {isa = PBXFileReference; fileEncoding = 4; lastKnownFileType = sourcecode.c.objc; path = AFHTTPSessionManager.m; sourceTree = "<group>"; };
		FEFD7D491C21A1BA001B5D30 /* AFURLSessionManager.h */ = {isa = PBXFileReference; fileEncoding = 4; lastKnownFileType = sourcecode.c.h; path = AFURLSessionManager.h; sourceTree = "<group>"; };
		FEFD7D4A1C21A1BA001B5D30 /* AFURLSessionManager.m */ = {isa = PBXFileReference; fileEncoding = 4; lastKnownFileType = sourcecode.c.objc; path = AFURLSessionManager.m; sourceTree = "<group>"; };
		FEFD7D4C1C21A1BA001B5D30 /* AFNetworkReachabilityManager.h */ = {isa = PBXFileReference; fileEncoding = 4; lastKnownFileType = sourcecode.c.h; path = AFNetworkReachabilityManager.h; sourceTree = "<group>"; };
		FEFD7D4D1C21A1BA001B5D30 /* AFNetworkReachabilityManager.m */ = {isa = PBXFileReference; fileEncoding = 4; lastKnownFileType = sourcecode.c.objc; path = AFNetworkReachabilityManager.m; sourceTree = "<group>"; };
		FEFD7D4F1C21A1BA001B5D30 /* AFSecurityPolicy.h */ = {isa = PBXFileReference; fileEncoding = 4; lastKnownFileType = sourcecode.c.h; path = AFSecurityPolicy.h; sourceTree = "<group>"; };
		FEFD7D501C21A1BA001B5D30 /* AFSecurityPolicy.m */ = {isa = PBXFileReference; fileEncoding = 4; lastKnownFileType = sourcecode.c.objc; path = AFSecurityPolicy.m; sourceTree = "<group>"; };
		FEFD7D521C21A1BA001B5D30 /* AFURLRequestSerialization.h */ = {isa = PBXFileReference; fileEncoding = 4; lastKnownFileType = sourcecode.c.h; path = AFURLRequestSerialization.h; sourceTree = "<group>"; };
		FEFD7D531C21A1BA001B5D30 /* AFURLRequestSerialization.m */ = {isa = PBXFileReference; fileEncoding = 4; lastKnownFileType = sourcecode.c.objc; path = AFURLRequestSerialization.m; sourceTree = "<group>"; };
		FEFD7D541C21A1BA001B5D30 /* AFURLResponseSerialization.h */ = {isa = PBXFileReference; fileEncoding = 4; lastKnownFileType = sourcecode.c.h; path = AFURLResponseSerialization.h; sourceTree = "<group>"; };
		FEFD7D551C21A1BA001B5D30 /* AFURLResponseSerialization.m */ = {isa = PBXFileReference; fileEncoding = 4; lastKnownFileType = sourcecode.c.objc; path = AFURLResponseSerialization.m; sourceTree = "<group>"; };
		FEFD7D571C21A1BA001B5D30 /* AFNetworkActivityIndicatorManager.h */ = {isa = PBXFileReference; fileEncoding = 4; lastKnownFileType = sourcecode.c.h; path = AFNetworkActivityIndicatorManager.h; sourceTree = "<group>"; };
		FEFD7D581C21A1BA001B5D30 /* AFNetworkActivityIndicatorManager.m */ = {isa = PBXFileReference; fileEncoding = 4; lastKnownFileType = sourcecode.c.objc; path = AFNetworkActivityIndicatorManager.m; sourceTree = "<group>"; };
		FEFD7D591C21A1BA001B5D30 /* UIActivityIndicatorView+AFNetworking.h */ = {isa = PBXFileReference; fileEncoding = 4; lastKnownFileType = sourcecode.c.h; path = "UIActivityIndicatorView+AFNetworking.h"; sourceTree = "<group>"; };
		FEFD7D5A1C21A1BA001B5D30 /* UIActivityIndicatorView+AFNetworking.m */ = {isa = PBXFileReference; fileEncoding = 4; lastKnownFileType = sourcecode.c.objc; path = "UIActivityIndicatorView+AFNetworking.m"; sourceTree = "<group>"; };
		FEFD7D5B1C21A1BA001B5D30 /* UIAlertView+AFNetworking.h */ = {isa = PBXFileReference; fileEncoding = 4; lastKnownFileType = sourcecode.c.h; path = "UIAlertView+AFNetworking.h"; sourceTree = "<group>"; };
		FEFD7D5C1C21A1BA001B5D30 /* UIAlertView+AFNetworking.m */ = {isa = PBXFileReference; fileEncoding = 4; lastKnownFileType = sourcecode.c.objc; path = "UIAlertView+AFNetworking.m"; sourceTree = "<group>"; };
		FEFD7D5D1C21A1BA001B5D30 /* UIButton+AFNetworking.h */ = {isa = PBXFileReference; fileEncoding = 4; lastKnownFileType = sourcecode.c.h; path = "UIButton+AFNetworking.h"; sourceTree = "<group>"; };
		FEFD7D5E1C21A1BA001B5D30 /* UIButton+AFNetworking.m */ = {isa = PBXFileReference; fileEncoding = 4; lastKnownFileType = sourcecode.c.objc; path = "UIButton+AFNetworking.m"; sourceTree = "<group>"; };
		FEFD7D5F1C21A1BA001B5D30 /* UIImageView+AFNetworking.h */ = {isa = PBXFileReference; fileEncoding = 4; lastKnownFileType = sourcecode.c.h; path = "UIImageView+AFNetworking.h"; sourceTree = "<group>"; };
		FEFD7D601C21A1BA001B5D30 /* UIImageView+AFNetworking.m */ = {isa = PBXFileReference; fileEncoding = 4; lastKnownFileType = sourcecode.c.objc; path = "UIImageView+AFNetworking.m"; sourceTree = "<group>"; };
		FEFD7D611C21A1BA001B5D30 /* UIKit+AFNetworking.h */ = {isa = PBXFileReference; fileEncoding = 4; lastKnownFileType = sourcecode.c.h; path = "UIKit+AFNetworking.h"; sourceTree = "<group>"; };
		FEFD7D621C21A1BA001B5D30 /* UIProgressView+AFNetworking.h */ = {isa = PBXFileReference; fileEncoding = 4; lastKnownFileType = sourcecode.c.h; path = "UIProgressView+AFNetworking.h"; sourceTree = "<group>"; };
		FEFD7D631C21A1BA001B5D30 /* UIProgressView+AFNetworking.m */ = {isa = PBXFileReference; fileEncoding = 4; lastKnownFileType = sourcecode.c.objc; path = "UIProgressView+AFNetworking.m"; sourceTree = "<group>"; };
		FEFD7D641C21A1BA001B5D30 /* UIRefreshControl+AFNetworking.h */ = {isa = PBXFileReference; fileEncoding = 4; lastKnownFileType = sourcecode.c.h; path = "UIRefreshControl+AFNetworking.h"; sourceTree = "<group>"; };
		FEFD7D651C21A1BA001B5D30 /* UIRefreshControl+AFNetworking.m */ = {isa = PBXFileReference; fileEncoding = 4; lastKnownFileType = sourcecode.c.objc; path = "UIRefreshControl+AFNetworking.m"; sourceTree = "<group>"; };
		FEFD7D661C21A1BA001B5D30 /* UIWebView+AFNetworking.h */ = {isa = PBXFileReference; fileEncoding = 4; lastKnownFileType = sourcecode.c.h; path = "UIWebView+AFNetworking.h"; sourceTree = "<group>"; };
		FEFD7D671C21A1BA001B5D30 /* UIWebView+AFNetworking.m */ = {isa = PBXFileReference; fileEncoding = 4; lastKnownFileType = sourcecode.c.objc; path = "UIWebView+AFNetworking.m"; sourceTree = "<group>"; };
		FEFD7D7A1C21A208001B5D30 /* YLGIFImage.h */ = {isa = PBXFileReference; fileEncoding = 4; lastKnownFileType = sourcecode.c.h; path = YLGIFImage.h; sourceTree = "<group>"; };
		FEFD7D7B1C21A208001B5D30 /* YLGIFImage.m */ = {isa = PBXFileReference; fileEncoding = 4; lastKnownFileType = sourcecode.c.objc; path = YLGIFImage.m; sourceTree = "<group>"; };
		FEFD7D7C1C21A208001B5D30 /* YLImageView.h */ = {isa = PBXFileReference; fileEncoding = 4; lastKnownFileType = sourcecode.c.h; path = YLImageView.h; sourceTree = "<group>"; };
		FEFD7D7D1C21A208001B5D30 /* YLImageView.m */ = {isa = PBXFileReference; fileEncoding = 4; lastKnownFileType = sourcecode.c.objc; path = YLImageView.m; sourceTree = "<group>"; };
		FEFD7D821C21A632001B5D30 /* Weibo_APIManager.h */ = {isa = PBXFileReference; fileEncoding = 4; lastKnownFileType = sourcecode.c.h; path = Weibo_APIManager.h; sourceTree = "<group>"; };
		FEFD7D831C21A632001B5D30 /* Weibo_APIManager.m */ = {isa = PBXFileReference; fileEncoding = 4; lastKnownFileType = sourcecode.c.objc; path = Weibo_APIManager.m; sourceTree = "<group>"; };
		FEFD7D851C21A686001B5D30 /* WeiboAPIClient.h */ = {isa = PBXFileReference; fileEncoding = 4; lastKnownFileType = sourcecode.c.h; path = WeiboAPIClient.h; sourceTree = "<group>"; };
		FEFD7D861C21A686001B5D30 /* WeiboAPIClient.m */ = {isa = PBXFileReference; fileEncoding = 4; lastKnownFileType = sourcecode.c.objc; path = WeiboAPIClient.m; sourceTree = "<group>"; };
		FEFD7D881C21A77F001B5D30 /* NSObject+Common.h */ = {isa = PBXFileReference; fileEncoding = 4; lastKnownFileType = sourcecode.c.h; path = "NSObject+Common.h"; sourceTree = "<group>"; };
		FEFD7D891C21A77F001B5D30 /* NSObject+Common.m */ = {isa = PBXFileReference; fileEncoding = 4; lastKnownFileType = sourcecode.c.objc; path = "NSObject+Common.m"; sourceTree = "<group>"; };
		FEFD7D8C1C21A9B1001B5D30 /* JDStatusBarNotification.h */ = {isa = PBXFileReference; fileEncoding = 4; lastKnownFileType = sourcecode.c.h; path = JDStatusBarNotification.h; sourceTree = "<group>"; };
		FEFD7D8D1C21A9B1001B5D30 /* JDStatusBarNotification.m */ = {isa = PBXFileReference; fileEncoding = 4; lastKnownFileType = sourcecode.c.objc; path = JDStatusBarNotification.m; sourceTree = "<group>"; };
		FEFD7D8E1C21A9B1001B5D30 /* JDStatusBarStyle.h */ = {isa = PBXFileReference; fileEncoding = 4; lastKnownFileType = sourcecode.c.h; path = JDStatusBarStyle.h; sourceTree = "<group>"; };
		FEFD7D8F1C21A9B1001B5D30 /* JDStatusBarStyle.m */ = {isa = PBXFileReference; fileEncoding = 4; lastKnownFileType = sourcecode.c.objc; path = JDStatusBarStyle.m; sourceTree = "<group>"; };
		FEFD7D901C21A9B1001B5D30 /* JDStatusBarView.h */ = {isa = PBXFileReference; fileEncoding = 4; lastKnownFileType = sourcecode.c.h; path = JDStatusBarView.h; sourceTree = "<group>"; };
		FEFD7D911C21A9B1001B5D30 /* JDStatusBarView.m */ = {isa = PBXFileReference; fileEncoding = 4; lastKnownFileType = sourcecode.c.objc; path = JDStatusBarView.m; sourceTree = "<group>"; };
		FEFD7D961C21AAAB001B5D30 /* MBProgressHUD+Add.h */ = {isa = PBXFileReference; fileEncoding = 4; lastKnownFileType = sourcecode.c.h; path = "MBProgressHUD+Add.h"; sourceTree = "<group>"; };
		FEFD7D971C21AAAB001B5D30 /* MBProgressHUD+Add.m */ = {isa = PBXFileReference; fileEncoding = 4; lastKnownFileType = sourcecode.c.objc; path = "MBProgressHUD+Add.m"; sourceTree = "<group>"; };
		FEFD7D981C21AAAB001B5D30 /* MJPhoto.h */ = {isa = PBXFileReference; fileEncoding = 4; lastKnownFileType = sourcecode.c.h; path = MJPhoto.h; sourceTree = "<group>"; };
		FEFD7D991C21AAAB001B5D30 /* MJPhoto.m */ = {isa = PBXFileReference; fileEncoding = 4; lastKnownFileType = sourcecode.c.objc; path = MJPhoto.m; sourceTree = "<group>"; };
		FEFD7D9A1C21AAAB001B5D30 /* MJPhotoBrowser.bundle */ = {isa = PBXFileReference; lastKnownFileType = "wrapper.plug-in"; path = MJPhotoBrowser.bundle; sourceTree = "<group>"; };
		FEFD7D9B1C21AAAB001B5D30 /* MJPhotoBrowser.h */ = {isa = PBXFileReference; fileEncoding = 4; lastKnownFileType = sourcecode.c.h; path = MJPhotoBrowser.h; sourceTree = "<group>"; };
		FEFD7D9C1C21AAAB001B5D30 /* MJPhotoBrowser.m */ = {isa = PBXFileReference; fileEncoding = 4; lastKnownFileType = sourcecode.c.objc; path = MJPhotoBrowser.m; sourceTree = "<group>"; };
		FEFD7D9D1C21AAAB001B5D30 /* MJPhotoLoadingView.h */ = {isa = PBXFileReference; fileEncoding = 4; lastKnownFileType = sourcecode.c.h; path = MJPhotoLoadingView.h; sourceTree = "<group>"; };
		FEFD7D9E1C21AAAB001B5D30 /* MJPhotoLoadingView.m */ = {isa = PBXFileReference; fileEncoding = 4; lastKnownFileType = sourcecode.c.objc; path = MJPhotoLoadingView.m; sourceTree = "<group>"; };
		FEFD7D9F1C21AAAB001B5D30 /* MJPhotoProgressView.h */ = {isa = PBXFileReference; fileEncoding = 4; lastKnownFileType = sourcecode.c.h; path = MJPhotoProgressView.h; sourceTree = "<group>"; };
		FEFD7DA01C21AAAB001B5D30 /* MJPhotoProgressView.m */ = {isa = PBXFileReference; fileEncoding = 4; lastKnownFileType = sourcecode.c.objc; path = MJPhotoProgressView.m; sourceTree = "<group>"; };
		FEFD7DA11C21AAAB001B5D30 /* MJPhotoToolbar.h */ = {isa = PBXFileReference; fileEncoding = 4; lastKnownFileType = sourcecode.c.h; path = MJPhotoToolbar.h; sourceTree = "<group>"; };
		FEFD7DA21C21AAAB001B5D30 /* MJPhotoToolbar.m */ = {isa = PBXFileReference; fileEncoding = 4; lastKnownFileType = sourcecode.c.objc; path = MJPhotoToolbar.m; sourceTree = "<group>"; };
		FEFD7DA31C21AAAB001B5D30 /* MJPhotoView.h */ = {isa = PBXFileReference; fileEncoding = 4; lastKnownFileType = sourcecode.c.h; path = MJPhotoView.h; sourceTree = "<group>"; };
		FEFD7DA41C21AAAB001B5D30 /* MJPhotoView.m */ = {isa = PBXFileReference; fileEncoding = 4; lastKnownFileType = sourcecode.c.objc; path = MJPhotoView.m; sourceTree = "<group>"; };
		FEFD7DA51C21AAAB001B5D30 /* SDWebImageManager+MJ.h */ = {isa = PBXFileReference; fileEncoding = 4; lastKnownFileType = sourcecode.c.h; path = "SDWebImageManager+MJ.h"; sourceTree = "<group>"; };
		FEFD7DA61C21AAAB001B5D30 /* SDWebImageManager+MJ.m */ = {isa = PBXFileReference; fileEncoding = 4; lastKnownFileType = sourcecode.c.objc; path = "SDWebImageManager+MJ.m"; sourceTree = "<group>"; };
		FEFD7DA71C21AAAB001B5D30 /* UIImageView+MJWebCache.h */ = {isa = PBXFileReference; fileEncoding = 4; lastKnownFileType = sourcecode.c.h; path = "UIImageView+MJWebCache.h"; sourceTree = "<group>"; };
		FEFD7DA81C21AAAB001B5D30 /* UIImageView+MJWebCache.m */ = {isa = PBXFileReference; fileEncoding = 4; lastKnownFileType = sourcecode.c.objc; path = "UIImageView+MJWebCache.m"; sourceTree = "<group>"; };
		FEFD7DB31C21AC4B001B5D30 /* UIColor+expanded.h */ = {isa = PBXFileReference; fileEncoding = 4; lastKnownFileType = sourcecode.c.h; path = "UIColor+expanded.h"; sourceTree = "<group>"; };
		FEFD7DB41C21AC4B001B5D30 /* UIColor+expanded.m */ = {isa = PBXFileReference; fileEncoding = 4; lastKnownFileType = sourcecode.c.objc; path = "UIColor+expanded.m"; sourceTree = "<group>"; };
		FEFD7DB61C22F195001B5D30 /* User.h */ = {isa = PBXFileReference; fileEncoding = 4; lastKnownFileType = sourcecode.c.h; path = User.h; sourceTree = "<group>"; };
		FEFD7DB71C22F195001B5D30 /* User.m */ = {isa = PBXFileReference; fileEncoding = 4; lastKnownFileType = sourcecode.c.objc; path = User.m; sourceTree = "<group>"; };
		FEFD7DBB1C22F267001B5D30 /* AccountTool.h */ = {isa = PBXFileReference; fileEncoding = 4; lastKnownFileType = sourcecode.c.h; path = AccountTool.h; sourceTree = "<group>"; };
		FEFD7DBC1C22F267001B5D30 /* AccountTool.m */ = {isa = PBXFileReference; fileEncoding = 4; lastKnownFileType = sourcecode.c.objc; path = AccountTool.m; sourceTree = "<group>"; };
		FEFD7DBE1C22F294001B5D30 /* Account.h */ = {isa = PBXFileReference; fileEncoding = 4; lastKnownFileType = sourcecode.c.h; path = Account.h; sourceTree = "<group>"; };
		FEFD7DBF1C22F294001B5D30 /* Account.m */ = {isa = PBXFileReference; fileEncoding = 4; lastKnownFileType = sourcecode.c.objc; path = Account.m; sourceTree = "<group>"; };
		FEFD7DC21C22FB09001B5D30 /* ODRefreshControl.h */ = {isa = PBXFileReference; fileEncoding = 4; lastKnownFileType = sourcecode.c.h; path = ODRefreshControl.h; sourceTree = "<group>"; };
		FEFD7DC31C22FB09001B5D30 /* ODRefreshControl.m */ = {isa = PBXFileReference; fileEncoding = 4; lastKnownFileType = sourcecode.c.objc; path = ODRefreshControl.m; sourceTree = "<group>"; };
		FEFD7DC51C24E473001B5D30 /* Status.h */ = {isa = PBXFileReference; fileEncoding = 4; lastKnownFileType = sourcecode.c.h; path = Status.h; sourceTree = "<group>"; };
		FEFD7DC61C24E473001B5D30 /* Status.m */ = {isa = PBXFileReference; fileEncoding = 4; lastKnownFileType = sourcecode.c.objc; path = Status.m; sourceTree = "<group>"; };
		FEFD7DC81C24F39F001B5D30 /* StatusCell.h */ = {isa = PBXFileReference; fileEncoding = 4; lastKnownFileType = sourcecode.c.h; path = StatusCell.h; sourceTree = "<group>"; };
		FEFD7DC91C24F39F001B5D30 /* StatusCell.m */ = {isa = PBXFileReference; fileEncoding = 4; lastKnownFileType = sourcecode.c.objc; path = StatusCell.m; sourceTree = "<group>"; };
/* End PBXFileReference section */

/* Begin PBXFrameworksBuildPhase section */
		FED4D1FE1C1D308600CF9E4C /* Frameworks */ = {
			isa = PBXFrameworksBuildPhase;
			buildActionMask = 2147483647;
			files = (
				774FC5BE273CEC9D5AA0ABC5 /* libPods.a in Frameworks */,
			);
			runOnlyForDeploymentPostprocessing = 0;
		};
		FED4D2171C1D308600CF9E4C /* Frameworks */ = {
			isa = PBXFrameworksBuildPhase;
			buildActionMask = 2147483647;
			files = (
			);
			runOnlyForDeploymentPostprocessing = 0;
		};
		FED4D2221C1D308600CF9E4C /* Frameworks */ = {
			isa = PBXFrameworksBuildPhase;
			buildActionMask = 2147483647;
			files = (
			);
			runOnlyForDeploymentPostprocessing = 0;
		};
/* End PBXFrameworksBuildPhase section */

/* Begin PBXGroup section */
		7CD20FA6E803E40CA76E7185 /* Frameworks */ = {
			isa = PBXGroup;
			children = (
				8E27C01B6FA91F8FC5018ACD /* libPods.a */,
			);
			name = Frameworks;
			sourceTree = "<group>";
		};
		9CED66C15A0B98080D78D699 /* Pods */ = {
			isa = PBXGroup;
			children = (
				9DFD8F6DA639B359EC0C2475 /* Pods.debug.xcconfig */,
				85A4A4AE63245408539F2763 /* Pods.release.xcconfig */,
			);
			name = Pods;
			sourceTree = "<group>";
		};
		FED4D1F81C1D308600CF9E4C = {
			isa = PBXGroup;
			children = (
				FED4D2031C1D308600CF9E4C /* TFWeibo */,
				FED4D21D1C1D308600CF9E4C /* TFWeiboTests */,
				FED4D2281C1D308600CF9E4C /* TFWeiboUITests */,
				FED4D2021C1D308600CF9E4C /* Products */,
				9CED66C15A0B98080D78D699 /* Pods */,
				7CD20FA6E803E40CA76E7185 /* Frameworks */,
			);
			sourceTree = "<group>";
		};
		FED4D2021C1D308600CF9E4C /* Products */ = {
			isa = PBXGroup;
			children = (
				FED4D2011C1D308600CF9E4C /* TFWeibo.app */,
				FED4D21A1C1D308600CF9E4C /* TFWeiboTests.xctest */,
				FED4D2251C1D308600CF9E4C /* TFWeiboUITests.xctest */,
			);
			name = Products;
			sourceTree = "<group>";
		};
		FED4D2031C1D308600CF9E4C /* TFWeibo */ = {
			isa = PBXGroup;
			children = (
				FEFD7CE41C1F071D001B5D30 /* PrefixHeader.pch */,
				FED4D2071C1D308600CF9E4C /* AppDelegate.h */,
				FED4D2081C1D308600CF9E4C /* AppDelegate.m */,
				FED4D20A1C1D308600CF9E4C /* ViewController.h */,
				FED4D20B1C1D308600CF9E4C /* ViewController.m */,
				FED4D20D1C1D308600CF9E4C /* Main.storyboard */,
				FED4D2101C1D308600CF9E4C /* Assets.xcassets */,
				FEFD7CD81C1F05F0001B5D30 /* Lib */,
				FEFD7CE51C1F0977001B5D30 /* Class */,
				FED4D2041C1D308600CF9E4C /* Supporting Files */,
			);
			path = TFWeibo;
			sourceTree = "<group>";
		};
		FED4D2041C1D308600CF9E4C /* Supporting Files */ = {
			isa = PBXGroup;
			children = (
				FED4D2121C1D308600CF9E4C /* LaunchScreen.storyboard */,
				FED4D2151C1D308600CF9E4C /* Info.plist */,
				FED4D2051C1D308600CF9E4C /* main.m */,
			);
			name = "Supporting Files";
			sourceTree = "<group>";
		};
		FED4D21D1C1D308600CF9E4C /* TFWeiboTests */ = {
			isa = PBXGroup;
			children = (
				FED4D21E1C1D308600CF9E4C /* TFWeiboTests.m */,
				FED4D2201C1D308600CF9E4C /* Info.plist */,
			);
			path = TFWeiboTests;
			sourceTree = "<group>";
		};
		FED4D2281C1D308600CF9E4C /* TFWeiboUITests */ = {
			isa = PBXGroup;
			children = (
				FED4D2291C1D308600CF9E4C /* TFWeiboUITests.m */,
				FED4D22B1C1D308600CF9E4C /* Info.plist */,
			);
			path = TFWeiboUITests;
			sourceTree = "<group>";
		};
		FEFD7CD81C1F05F0001B5D30 /* Lib */ = {
			isa = PBXGroup;
			children = (
				FEFD7D801C21A5E5001B5D30 /* Util */,
				FEFD7D071C1F0D8B001B5D30 /* Category */,
				FEFD7CD91C1F05F0001B5D30 /* Vendor */,
			);
			path = Lib;
			sourceTree = "<group>";
		};
		FEFD7CD91C1F05F0001B5D30 /* Vendor */ = {
			isa = PBXGroup;
			children = (
				FEFD7DC11C22FB09001B5D30 /* ODRefreshControl */,
				FEFD7D951C21AAAB001B5D30 /* MJPhotoBrowser */,
				FEFD7D8B1C21A9B1001B5D30 /* JDStatusBarNotification */,
				FEFD7D791C21A208001B5D30 /* YLGIFImage */,
				FEFD7D3D1C21A1BA001B5D30 /* AFNetworking */,
				FEFD7CDA1C1F05F0001B5D30 /* RDVTabBarController */,
			);
			path = Vendor;
			sourceTree = "<group>";
		};
		FEFD7CDA1C1F05F0001B5D30 /* RDVTabBarController */ = {
			isa = PBXGroup;
			children = (
				FEFD7CDB1C1F05F0001B5D30 /* RDVTabBar.h */,
				FEFD7CDC1C1F05F0001B5D30 /* RDVTabBar.m */,
				FEFD7CDD1C1F05F0001B5D30 /* RDVTabBarController.h */,
				FEFD7CDE1C1F05F0001B5D30 /* RDVTabBarController.m */,
				FEFD7CDF1C1F05F0001B5D30 /* RDVTabBarItem.h */,
				FEFD7CE01C1F05F0001B5D30 /* RDVTabBarItem.m */,
			);
			path = RDVTabBarController;
			sourceTree = "<group>";
		};
		FEFD7CE51C1F0977001B5D30 /* Class */ = {
			isa = PBXGroup;
			children = (
				FEFD7CF21C1F0977001B5D30 /* Main */,
				FEFD7D001C1F0977001B5D30 /* OAuth */,
				FEFD7CEE1C1F0977001B5D30 /* Home */,
				FEFD7CE61C1F0977001B5D30 /* Compose */,
				FEFD7CEA1C1F0977001B5D30 /* Discover */,
				FEFD7CF81C1F0977001B5D30 /* Me */,
				FEFD7CFC1C1F0977001B5D30 /* Message */,
			);
			path = Class;
			sourceTree = "<group>";
		};
		FEFD7CE61C1F0977001B5D30 /* Compose */ = {
			isa = PBXGroup;
			children = (
				FEFD7CE71C1F0977001B5D30 /* Controller */,
				FEFD7CE81C1F0977001B5D30 /* Model */,
				FEFD7CE91C1F0977001B5D30 /* View */,
			);
			path = Compose;
			sourceTree = "<group>";
		};
		FEFD7CE71C1F0977001B5D30 /* Controller */ = {
			isa = PBXGroup;
			children = (
				FEFD7D341C20DC53001B5D30 /* ComposeController.h */,
				FEFD7D351C20DC53001B5D30 /* ComposeController.m */,
			);
			path = Controller;
			sourceTree = "<group>";
		};
		FEFD7CE81C1F0977001B5D30 /* Model */ = {
			isa = PBXGroup;
			children = (
			);
			path = Model;
			sourceTree = "<group>";
		};
		FEFD7CE91C1F0977001B5D30 /* View */ = {
			isa = PBXGroup;
			children = (
			);
			path = View;
			sourceTree = "<group>";
		};
		FEFD7CEA1C1F0977001B5D30 /* Discover */ = {
			isa = PBXGroup;
			children = (
				FEFD7CEB1C1F0977001B5D30 /* Controller */,
				FEFD7CEC1C1F0977001B5D30 /* Model */,
				FEFD7CED1C1F0977001B5D30 /* View */,
			);
			path = Discover;
			sourceTree = "<group>";
		};
		FEFD7CEB1C1F0977001B5D30 /* Controller */ = {
			isa = PBXGroup;
			children = (
				FEFD7D311C20DC37001B5D30 /* DiscoverController.h */,
				FEFD7D321C20DC37001B5D30 /* DiscoverController.m */,
			);
			path = Controller;
			sourceTree = "<group>";
		};
		FEFD7CEC1C1F0977001B5D30 /* Model */ = {
			isa = PBXGroup;
			children = (
			);
			path = Model;
			sourceTree = "<group>";
		};
		FEFD7CED1C1F0977001B5D30 /* View */ = {
			isa = PBXGroup;
			children = (
			);
			path = View;
			sourceTree = "<group>";
		};
		FEFD7CEE1C1F0977001B5D30 /* Home */ = {
			isa = PBXGroup;
			children = (
				FEFD7CEF1C1F0977001B5D30 /* Controller */,
				FEFD7CF01C1F0977001B5D30 /* Model */,
				FEFD7CF11C1F0977001B5D30 /* View */,
			);
			path = Home;
			sourceTree = "<group>";
		};
		FEFD7CEF1C1F0977001B5D30 /* Controller */ = {
			isa = PBXGroup;
			children = (
				FEFD7D2B1C20DBF0001B5D30 /* HomeController.h */,
				FEFD7D2C1C20DBF0001B5D30 /* HomeController.m */,
			);
			path = Controller;
			sourceTree = "<group>";
		};
		FEFD7CF01C1F0977001B5D30 /* Model */ = {
			isa = PBXGroup;
			children = (
				FEFD7DB61C22F195001B5D30 /* User.h */,
				FEFD7DB71C22F195001B5D30 /* User.m */,
				FEFD7DC51C24E473001B5D30 /* Status.h */,
				FEFD7DC61C24E473001B5D30 /* Status.m */,
			);
			path = Model;
			sourceTree = "<group>";
		};
		FEFD7CF11C1F0977001B5D30 /* View */ = {
			isa = PBXGroup;
			children = (
				FEFD7DC81C24F39F001B5D30 /* StatusCell.h */,
				FEFD7DC91C24F39F001B5D30 /* StatusCell.m */,
			);
			path = View;
			sourceTree = "<group>";
		};
		FEFD7CF21C1F0977001B5D30 /* Main */ = {
			isa = PBXGroup;
			children = (
				FEFD7CF61C1F0977001B5D30 /* Root */,
				FEFD7CF31C1F0977001B5D30 /* Base */,
				FEFD7CF41C1F0977001B5D30 /* Controller */,
				FEFD7CF51C1F0977001B5D30 /* Model */,
				FEFD7CF71C1F0977001B5D30 /* View */,
			);
			path = Main;
			sourceTree = "<group>";
		};
		FEFD7CF31C1F0977001B5D30 /* Base */ = {
			isa = PBXGroup;
			children = (
				FEFD7D221C1F0DC6001B5D30 /* BaseTabBarController.h */,
				FEFD7D231C1F0DC6001B5D30 /* BaseTabBarController.m */,
				FEFD7D251C205276001B5D30 /* BaseNavigationController.h */,
				FEFD7D261C205276001B5D30 /* BaseNavigationController.m */,
				FEFD7D3A1C2199B1001B5D30 /* BaseViewController.h */,
				FEFD7D3B1C2199B1001B5D30 /* BaseViewController.m */,
			);
			path = Base;
			sourceTree = "<group>";
		};
		FEFD7CF41C1F0977001B5D30 /* Controller */ = {
			isa = PBXGroup;
			children = (
			);
			path = Controller;
			sourceTree = "<group>";
		};
		FEFD7CF51C1F0977001B5D30 /* Model */ = {
			isa = PBXGroup;
			children = (
			);
			path = Model;
			sourceTree = "<group>";
		};
		FEFD7CF61C1F0977001B5D30 /* Root */ = {
			isa = PBXGroup;
			children = (
				FEFD7D041C1F09CA001B5D30 /* RootTabViewController.h */,
				FEFD7D051C1F09CA001B5D30 /* RootTabViewController.m */,
			);
			path = Root;
			sourceTree = "<group>";
		};
		FEFD7CF71C1F0977001B5D30 /* View */ = {
			isa = PBXGroup;
			children = (
			);
			path = View;
			sourceTree = "<group>";
		};
		FEFD7CF81C1F0977001B5D30 /* Me */ = {
			isa = PBXGroup;
			children = (
				FEFD7CF91C1F0977001B5D30 /* Controller */,
				FEFD7CFA1C1F0977001B5D30 /* Model */,
				FEFD7CFB1C1F0977001B5D30 /* View */,
			);
			path = Me;
			sourceTree = "<group>";
		};
		FEFD7CF91C1F0977001B5D30 /* Controller */ = {
			isa = PBXGroup;
			children = (
				FEFD7D371C21940D001B5D30 /* MeController.h */,
				FEFD7D381C21940D001B5D30 /* MeController.m */,
			);
			path = Controller;
			sourceTree = "<group>";
		};
		FEFD7CFA1C1F0977001B5D30 /* Model */ = {
			isa = PBXGroup;
			children = (
			);
			path = Model;
			sourceTree = "<group>";
		};
		FEFD7CFB1C1F0977001B5D30 /* View */ = {
			isa = PBXGroup;
			children = (
			);
			path = View;
			sourceTree = "<group>";
		};
		FEFD7CFC1C1F0977001B5D30 /* Message */ = {
			isa = PBXGroup;
			children = (
				FEFD7CFD1C1F0977001B5D30 /* Controller */,
				FEFD7CFE1C1F0977001B5D30 /* Model */,
				FEFD7CFF1C1F0977001B5D30 /* View */,
			);
			path = Message;
			sourceTree = "<group>";
		};
		FEFD7CFD1C1F0977001B5D30 /* Controller */ = {
			isa = PBXGroup;
			children = (
				FEFD7D2E1C20DC07001B5D30 /* MessageController.h */,
				FEFD7D2F1C20DC07001B5D30 /* MessageController.m */,
			);
			path = Controller;
			sourceTree = "<group>";
		};
		FEFD7CFE1C1F0977001B5D30 /* Model */ = {
			isa = PBXGroup;
			children = (
			);
			path = Model;
			sourceTree = "<group>";
		};
		FEFD7CFF1C1F0977001B5D30 /* View */ = {
			isa = PBXGroup;
			children = (
			);
			path = View;
			sourceTree = "<group>";
		};
		FEFD7D001C1F0977001B5D30 /* OAuth */ = {
			isa = PBXGroup;
			children = (
				FEFD7D011C1F0977001B5D30 /* Controller */,
				FEFD7D021C1F0977001B5D30 /* Model */,
				FEFD7DBA1C22F22B001B5D30 /* Tool */,
				FEFD7D031C1F0977001B5D30 /* View */,
			);
			path = OAuth;
			sourceTree = "<group>";
		};
		FEFD7D011C1F0977001B5D30 /* Controller */ = {
			isa = PBXGroup;
			children = (
				FEFD7D281C20DBB6001B5D30 /* OAuthController.h */,
				FEFD7D291C20DBB6001B5D30 /* OAuthController.m */,
			);
			path = Controller;
			sourceTree = "<group>";
		};
		FEFD7D021C1F0977001B5D30 /* Model */ = {
			isa = PBXGroup;
			children = (
				FEFD7DBE1C22F294001B5D30 /* Account.h */,
				FEFD7DBF1C22F294001B5D30 /* Account.m */,
			);
			path = Model;
			sourceTree = "<group>";
		};
		FEFD7D031C1F0977001B5D30 /* View */ = {
			isa = PBXGroup;
			children = (
			);
			path = View;
			sourceTree = "<group>";
		};
		FEFD7D071C1F0D8B001B5D30 /* Category */ = {
			isa = PBXGroup;
			children = (
				FEFD7DB31C21AC4B001B5D30 /* UIColor+expanded.h */,
				FEFD7DB41C21AC4B001B5D30 /* UIColor+expanded.m */,
				FEFD7D081C1F0D8B001B5D30 /* Foundation+Log.m */,
				FEFD7D091C1F0D8B001B5D30 /* NSDate+Extension.h */,
				FEFD7D0A1C1F0D8B001B5D30 /* NSDate+Extension.m */,
				FEFD7D0B1C1F0D8B001B5D30 /* NSString+Category.h */,
				FEFD7D0C1C1F0D8B001B5D30 /* NSString+Category.m */,
				FEFD7D0D1C1F0D8B001B5D30 /* NSString+Emoji.h */,
				FEFD7D0E1C1F0D8B001B5D30 /* NSString+Emoji.m */,
				FEFD7D0F1C1F0D8B001B5D30 /* UIBarButtonItem+Extension.h */,
				FEFD7D101C1F0D8B001B5D30 /* UIBarButtonItem+Extension.m */,
				FEFD7D111C1F0D8B001B5D30 /* UIImage+Category.h */,
				FEFD7D121C1F0D8B001B5D30 /* UIImage+Category.m */,
				FEFD7D131C1F0D8B001B5D30 /* UITextView+Category.h */,
				FEFD7D141C1F0D8B001B5D30 /* UITextView+Category.m */,
				FEFD7D151C1F0D8B001B5D30 /* UIView+Extension.h */,
				FEFD7D161C1F0D8B001B5D30 /* UIView+Extension.m */,
				FEFD7D171C1F0D8B001B5D30 /* UIWindow+Category.h */,
				FEFD7D181C1F0D8B001B5D30 /* UIWindow+Category.m */,
				FEFD7D881C21A77F001B5D30 /* NSObject+Common.h */,
				FEFD7D891C21A77F001B5D30 /* NSObject+Common.m */,
			);
			path = Category;
			sourceTree = "<group>";
		};
		FEFD7D3D1C21A1BA001B5D30 /* AFNetworking */ = {
			isa = PBXGroup;
			children = (
				FEFD7D3E1C21A1BA001B5D30 /* AFNetworking.h */,
				FEFD7D3F1C21A1BA001B5D30 /* NSURLConnection */,
				FEFD7D461C21A1BA001B5D30 /* NSURLSession */,
				FEFD7D4B1C21A1BA001B5D30 /* Reachability */,
				FEFD7D4E1C21A1BA001B5D30 /* Security */,
				FEFD7D511C21A1BA001B5D30 /* Serialization */,
				FEFD7D561C21A1BA001B5D30 /* UIKit */,
			);
			path = AFNetworking;
			sourceTree = "<group>";
		};
		FEFD7D3F1C21A1BA001B5D30 /* NSURLConnection */ = {
			isa = PBXGroup;
			children = (
				FEFD7D401C21A1BA001B5D30 /* AFHTTPRequestOperation.h */,
				FEFD7D411C21A1BA001B5D30 /* AFHTTPRequestOperation.m */,
				FEFD7D421C21A1BA001B5D30 /* AFHTTPRequestOperationManager.h */,
				FEFD7D431C21A1BA001B5D30 /* AFHTTPRequestOperationManager.m */,
				FEFD7D441C21A1BA001B5D30 /* AFURLConnectionOperation.h */,
				FEFD7D451C21A1BA001B5D30 /* AFURLConnectionOperation.m */,
			);
			path = NSURLConnection;
			sourceTree = "<group>";
		};
		FEFD7D461C21A1BA001B5D30 /* NSURLSession */ = {
			isa = PBXGroup;
			children = (
				FEFD7D471C21A1BA001B5D30 /* AFHTTPSessionManager.h */,
				FEFD7D481C21A1BA001B5D30 /* AFHTTPSessionManager.m */,
				FEFD7D491C21A1BA001B5D30 /* AFURLSessionManager.h */,
				FEFD7D4A1C21A1BA001B5D30 /* AFURLSessionManager.m */,
			);
			path = NSURLSession;
			sourceTree = "<group>";
		};
		FEFD7D4B1C21A1BA001B5D30 /* Reachability */ = {
			isa = PBXGroup;
			children = (
				FEFD7D4C1C21A1BA001B5D30 /* AFNetworkReachabilityManager.h */,
				FEFD7D4D1C21A1BA001B5D30 /* AFNetworkReachabilityManager.m */,
			);
			path = Reachability;
			sourceTree = "<group>";
		};
		FEFD7D4E1C21A1BA001B5D30 /* Security */ = {
			isa = PBXGroup;
			children = (
				FEFD7D4F1C21A1BA001B5D30 /* AFSecurityPolicy.h */,
				FEFD7D501C21A1BA001B5D30 /* AFSecurityPolicy.m */,
			);
			path = Security;
			sourceTree = "<group>";
		};
		FEFD7D511C21A1BA001B5D30 /* Serialization */ = {
			isa = PBXGroup;
			children = (
				FEFD7D521C21A1BA001B5D30 /* AFURLRequestSerialization.h */,
				FEFD7D531C21A1BA001B5D30 /* AFURLRequestSerialization.m */,
				FEFD7D541C21A1BA001B5D30 /* AFURLResponseSerialization.h */,
				FEFD7D551C21A1BA001B5D30 /* AFURLResponseSerialization.m */,
			);
			path = Serialization;
			sourceTree = "<group>";
		};
		FEFD7D561C21A1BA001B5D30 /* UIKit */ = {
			isa = PBXGroup;
			children = (
				FEFD7D571C21A1BA001B5D30 /* AFNetworkActivityIndicatorManager.h */,
				FEFD7D581C21A1BA001B5D30 /* AFNetworkActivityIndicatorManager.m */,
				FEFD7D591C21A1BA001B5D30 /* UIActivityIndicatorView+AFNetworking.h */,
				FEFD7D5A1C21A1BA001B5D30 /* UIActivityIndicatorView+AFNetworking.m */,
				FEFD7D5B1C21A1BA001B5D30 /* UIAlertView+AFNetworking.h */,
				FEFD7D5C1C21A1BA001B5D30 /* UIAlertView+AFNetworking.m */,
				FEFD7D5D1C21A1BA001B5D30 /* UIButton+AFNetworking.h */,
				FEFD7D5E1C21A1BA001B5D30 /* UIButton+AFNetworking.m */,
				FEFD7D5F1C21A1BA001B5D30 /* UIImageView+AFNetworking.h */,
				FEFD7D601C21A1BA001B5D30 /* UIImageView+AFNetworking.m */,
				FEFD7D611C21A1BA001B5D30 /* UIKit+AFNetworking.h */,
				FEFD7D621C21A1BA001B5D30 /* UIProgressView+AFNetworking.h */,
				FEFD7D631C21A1BA001B5D30 /* UIProgressView+AFNetworking.m */,
				FEFD7D641C21A1BA001B5D30 /* UIRefreshControl+AFNetworking.h */,
				FEFD7D651C21A1BA001B5D30 /* UIRefreshControl+AFNetworking.m */,
				FEFD7D661C21A1BA001B5D30 /* UIWebView+AFNetworking.h */,
				FEFD7D671C21A1BA001B5D30 /* UIWebView+AFNetworking.m */,
			);
			path = UIKit;
			sourceTree = "<group>";
		};
		FEFD7D791C21A208001B5D30 /* YLGIFImage */ = {
			isa = PBXGroup;
			children = (
				FEFD7D7A1C21A208001B5D30 /* YLGIFImage.h */,
				FEFD7D7B1C21A208001B5D30 /* YLGIFImage.m */,
				FEFD7D7C1C21A208001B5D30 /* YLImageView.h */,
				FEFD7D7D1C21A208001B5D30 /* YLImageView.m */,
			);
			path = YLGIFImage;
			sourceTree = "<group>";
		};
		FEFD7D801C21A5E5001B5D30 /* Util */ = {
			isa = PBXGroup;
			children = (
				FEFD7D811C21A5E5001B5D30 /* Manager */,
			);
			path = Util;
			sourceTree = "<group>";
		};
		FEFD7D811C21A5E5001B5D30 /* Manager */ = {
			isa = PBXGroup;
			children = (
				FEFD7D851C21A686001B5D30 /* WeiboAPIClient.h */,
				FEFD7D861C21A686001B5D30 /* WeiboAPIClient.m */,
				FEFD7D821C21A632001B5D30 /* Weibo_APIManager.h */,
				FEFD7D831C21A632001B5D30 /* Weibo_APIManager.m */,
			);
			path = Manager;
			sourceTree = "<group>";
		};
		FEFD7D8B1C21A9B1001B5D30 /* JDStatusBarNotification */ = {
			isa = PBXGroup;
			children = (
				FEFD7D8C1C21A9B1001B5D30 /* JDStatusBarNotification.h */,
				FEFD7D8D1C21A9B1001B5D30 /* JDStatusBarNotification.m */,
				FEFD7D8E1C21A9B1001B5D30 /* JDStatusBarStyle.h */,
				FEFD7D8F1C21A9B1001B5D30 /* JDStatusBarStyle.m */,
				FEFD7D901C21A9B1001B5D30 /* JDStatusBarView.h */,
				FEFD7D911C21A9B1001B5D30 /* JDStatusBarView.m */,
			);
			path = JDStatusBarNotification;
			sourceTree = "<group>";
		};
		FEFD7D951C21AAAB001B5D30 /* MJPhotoBrowser */ = {
			isa = PBXGroup;
			children = (
				FEFD7D961C21AAAB001B5D30 /* MBProgressHUD+Add.h */,
				FEFD7D971C21AAAB001B5D30 /* MBProgressHUD+Add.m */,
				FEFD7D981C21AAAB001B5D30 /* MJPhoto.h */,
				FEFD7D991C21AAAB001B5D30 /* MJPhoto.m */,
				FEFD7D9A1C21AAAB001B5D30 /* MJPhotoBrowser.bundle */,
				FEFD7D9B1C21AAAB001B5D30 /* MJPhotoBrowser.h */,
				FEFD7D9C1C21AAAB001B5D30 /* MJPhotoBrowser.m */,
				FEFD7D9D1C21AAAB001B5D30 /* MJPhotoLoadingView.h */,
				FEFD7D9E1C21AAAB001B5D30 /* MJPhotoLoadingView.m */,
				FEFD7D9F1C21AAAB001B5D30 /* MJPhotoProgressView.h */,
				FEFD7DA01C21AAAB001B5D30 /* MJPhotoProgressView.m */,
				FEFD7DA11C21AAAB001B5D30 /* MJPhotoToolbar.h */,
				FEFD7DA21C21AAAB001B5D30 /* MJPhotoToolbar.m */,
				FEFD7DA31C21AAAB001B5D30 /* MJPhotoView.h */,
				FEFD7DA41C21AAAB001B5D30 /* MJPhotoView.m */,
				FEFD7DA51C21AAAB001B5D30 /* SDWebImageManager+MJ.h */,
				FEFD7DA61C21AAAB001B5D30 /* SDWebImageManager+MJ.m */,
				FEFD7DA71C21AAAB001B5D30 /* UIImageView+MJWebCache.h */,
				FEFD7DA81C21AAAB001B5D30 /* UIImageView+MJWebCache.m */,
			);
			path = MJPhotoBrowser;
			sourceTree = "<group>";
		};
		FEFD7DBA1C22F22B001B5D30 /* Tool */ = {
			isa = PBXGroup;
			children = (
				FEFD7DBB1C22F267001B5D30 /* AccountTool.h */,
				FEFD7DBC1C22F267001B5D30 /* AccountTool.m */,
			);
			path = Tool;
			sourceTree = "<group>";
		};
		FEFD7DC11C22FB09001B5D30 /* ODRefreshControl */ = {
			isa = PBXGroup;
			children = (
				FEFD7DC21C22FB09001B5D30 /* ODRefreshControl.h */,
				FEFD7DC31C22FB09001B5D30 /* ODRefreshControl.m */,
			);
			path = ODRefreshControl;
			sourceTree = "<group>";
		};
/* End PBXGroup section */

/* Begin PBXNativeTarget section */
		FED4D2001C1D308600CF9E4C /* TFWeibo */ = {
			isa = PBXNativeTarget;
			buildConfigurationList = FED4D22E1C1D308600CF9E4C /* Build configuration list for PBXNativeTarget "TFWeibo" */;
			buildPhases = (
				8F301446EEF2575F5B3D1C27 /* Check Pods Manifest.lock */,
				FED4D1FD1C1D308600CF9E4C /* Sources */,
				FED4D1FE1C1D308600CF9E4C /* Frameworks */,
				FED4D1FF1C1D308600CF9E4C /* Resources */,
				8552CEF4C446106DBD0E09C3 /* Copy Pods Resources */,
			);
			buildRules = (
			);
			dependencies = (
			);
			name = TFWeibo;
			productName = TFWeibo;
			productReference = FED4D2011C1D308600CF9E4C /* TFWeibo.app */;
			productType = "com.apple.product-type.application";
		};
		FED4D2191C1D308600CF9E4C /* TFWeiboTests */ = {
			isa = PBXNativeTarget;
			buildConfigurationList = FED4D2311C1D308600CF9E4C /* Build configuration list for PBXNativeTarget "TFWeiboTests" */;
			buildPhases = (
				FED4D2161C1D308600CF9E4C /* Sources */,
				FED4D2171C1D308600CF9E4C /* Frameworks */,
				FED4D2181C1D308600CF9E4C /* Resources */,
			);
			buildRules = (
			);
			dependencies = (
				FED4D21C1C1D308600CF9E4C /* PBXTargetDependency */,
			);
			name = TFWeiboTests;
			productName = TFWeiboTests;
			productReference = FED4D21A1C1D308600CF9E4C /* TFWeiboTests.xctest */;
			productType = "com.apple.product-type.bundle.unit-test";
		};
		FED4D2241C1D308600CF9E4C /* TFWeiboUITests */ = {
			isa = PBXNativeTarget;
			buildConfigurationList = FED4D2341C1D308600CF9E4C /* Build configuration list for PBXNativeTarget "TFWeiboUITests" */;
			buildPhases = (
				FED4D2211C1D308600CF9E4C /* Sources */,
				FED4D2221C1D308600CF9E4C /* Frameworks */,
				FED4D2231C1D308600CF9E4C /* Resources */,
			);
			buildRules = (
			);
			dependencies = (
				FED4D2271C1D308600CF9E4C /* PBXTargetDependency */,
			);
			name = TFWeiboUITests;
			productName = TFWeiboUITests;
			productReference = FED4D2251C1D308600CF9E4C /* TFWeiboUITests.xctest */;
			productType = "com.apple.product-type.bundle.ui-testing";
		};
/* End PBXNativeTarget section */

/* Begin PBXProject section */
		FED4D1F91C1D308600CF9E4C /* Project object */ = {
			isa = PBXProject;
			attributes = {
				LastUpgradeCheck = 0710;
				ORGANIZATIONNAME = tengfei;
				TargetAttributes = {
					FED4D2001C1D308600CF9E4C = {
						CreatedOnToolsVersion = 7.1;
					};
					FED4D2191C1D308600CF9E4C = {
						CreatedOnToolsVersion = 7.1;
						TestTargetID = FED4D2001C1D308600CF9E4C;
					};
					FED4D2241C1D308600CF9E4C = {
						CreatedOnToolsVersion = 7.1;
						TestTargetID = FED4D2001C1D308600CF9E4C;
					};
				};
			};
			buildConfigurationList = FED4D1FC1C1D308600CF9E4C /* Build configuration list for PBXProject "TFWeibo" */;
			compatibilityVersion = "Xcode 3.2";
			developmentRegion = English;
			hasScannedForEncodings = 0;
			knownRegions = (
				en,
				Base,
			);
			mainGroup = FED4D1F81C1D308600CF9E4C;
			productRefGroup = FED4D2021C1D308600CF9E4C /* Products */;
			projectDirPath = "";
			projectRoot = "";
			targets = (
				FED4D2001C1D308600CF9E4C /* TFWeibo */,
				FED4D2191C1D308600CF9E4C /* TFWeiboTests */,
				FED4D2241C1D308600CF9E4C /* TFWeiboUITests */,
			);
		};
/* End PBXProject section */

/* Begin PBXResourcesBuildPhase section */
		FED4D1FF1C1D308600CF9E4C /* Resources */ = {
			isa = PBXResourcesBuildPhase;
			buildActionMask = 2147483647;
			files = (
				FED4D2141C1D308600CF9E4C /* LaunchScreen.storyboard in Resources */,
				FED4D2111C1D308600CF9E4C /* Assets.xcassets in Resources */,
				FEFD7DAB1C21AAAB001B5D30 /* MJPhotoBrowser.bundle in Resources */,
				FED4D20F1C1D308600CF9E4C /* Main.storyboard in Resources */,
			);
			runOnlyForDeploymentPostprocessing = 0;
		};
		FED4D2181C1D308600CF9E4C /* Resources */ = {
			isa = PBXResourcesBuildPhase;
			buildActionMask = 2147483647;
			files = (
			);
			runOnlyForDeploymentPostprocessing = 0;
		};
		FED4D2231C1D308600CF9E4C /* Resources */ = {
			isa = PBXResourcesBuildPhase;
			buildActionMask = 2147483647;
			files = (
			);
			runOnlyForDeploymentPostprocessing = 0;
		};
/* End PBXResourcesBuildPhase section */

/* Begin PBXShellScriptBuildPhase section */
		8552CEF4C446106DBD0E09C3 /* Copy Pods Resources */ = {
			isa = PBXShellScriptBuildPhase;
			buildActionMask = 2147483647;
			files = (
			);
			inputPaths = (
			);
			name = "Copy Pods Resources";
			outputPaths = (
			);
			runOnlyForDeploymentPostprocessing = 0;
			shellPath = /bin/sh;
			shellScript = "\"${SRCROOT}/Pods/Target Support Files/Pods/Pods-resources.sh\"\n";
			showEnvVarsInLog = 0;
		};
		8F301446EEF2575F5B3D1C27 /* Check Pods Manifest.lock */ = {
			isa = PBXShellScriptBuildPhase;
			buildActionMask = 2147483647;
			files = (
			);
			inputPaths = (
			);
			name = "Check Pods Manifest.lock";
			outputPaths = (
			);
			runOnlyForDeploymentPostprocessing = 0;
			shellPath = /bin/sh;
			shellScript = "diff \"${PODS_ROOT}/../Podfile.lock\" \"${PODS_ROOT}/Manifest.lock\" > /dev/null\nif [[ $? != 0 ]] ; then\n    cat << EOM\nerror: The sandbox is not in sync with the Podfile.lock. Run 'pod install' or update your CocoaPods installation.\nEOM\n    exit 1\nfi\n";
			showEnvVarsInLog = 0;
		};
/* End PBXShellScriptBuildPhase section */

/* Begin PBXSourcesBuildPhase section */
		FED4D1FD1C1D308600CF9E4C /* Sources */ = {
			isa = PBXSourcesBuildPhase;
			buildActionMask = 2147483647;
			files = (
				FEFD7D6A1C21A1BA001B5D30 /* AFURLConnectionOperation.m in Sources */,
				FEFD7D751C21A1BA001B5D30 /* UIImageView+AFNetworking.m in Sources */,
				FEFD7D6D1C21A1BA001B5D30 /* AFNetworkReachabilityManager.m in Sources */,
				FEFD7D681C21A1BA001B5D30 /* AFHTTPRequestOperation.m in Sources */,
				FEFD7D331C20DC37001B5D30 /* DiscoverController.m in Sources */,
				FEFD7D7E1C21A208001B5D30 /* YLGIFImage.m in Sources */,
				FEFD7D361C20DC53001B5D30 /* ComposeController.m in Sources */,
				FEFD7DAF1C21AAAB001B5D30 /* MJPhotoToolbar.m in Sources */,
				FEFD7D201C1F0D8B001B5D30 /* UIView+Extension.m in Sources */,
				FEFD7D721C21A1BA001B5D30 /* UIActivityIndicatorView+AFNetworking.m in Sources */,
				FEFD7DB01C21AAAB001B5D30 /* MJPhotoView.m in Sources */,
				FEFD7D1D1C1F0D8B001B5D30 /* UIBarButtonItem+Extension.m in Sources */,
				FEFD7D6B1C21A1BA001B5D30 /* AFHTTPSessionManager.m in Sources */,
				FEFD7D7F1C21A208001B5D30 /* YLImageView.m in Sources */,
				FEFD7D2A1C20DBB6001B5D30 /* OAuthController.m in Sources */,
				FEFD7D741C21A1BA001B5D30 /* UIButton+AFNetworking.m in Sources */,
				FEFD7D1F1C1F0D8B001B5D30 /* UITextView+Category.m in Sources */,
				FED4D20C1C1D308600CF9E4C /* ViewController.m in Sources */,
				FEFD7DC01C22F294001B5D30 /* Account.m in Sources */,
				FEFD7D941C21A9B1001B5D30 /* JDStatusBarView.m in Sources */,
				FEFD7D691C21A1BA001B5D30 /* AFHTTPRequestOperationManager.m in Sources */,
				FEFD7DB21C21AAAB001B5D30 /* UIImageView+MJWebCache.m in Sources */,
				FEFD7D701C21A1BA001B5D30 /* AFURLResponseSerialization.m in Sources */,
				FEFD7D391C21940D001B5D30 /* MeController.m in Sources */,
				FEFD7CE21C1F05F0001B5D30 /* RDVTabBarController.m in Sources */,
				FEFD7D841C21A632001B5D30 /* Weibo_APIManager.m in Sources */,
				FED4D2091C1D308600CF9E4C /* AppDelegate.m in Sources */,
				FEFD7D1C1C1F0D8B001B5D30 /* NSString+Emoji.m in Sources */,
				FEFD7D6C1C21A1BA001B5D30 /* AFURLSessionManager.m in Sources */,
				FEFD7DAA1C21AAAB001B5D30 /* MJPhoto.m in Sources */,
				FEFD7D871C21A686001B5D30 /* WeiboAPIClient.m in Sources */,
				FEFD7D3C1C2199B1001B5D30 /* BaseViewController.m in Sources */,
				FEFD7D711C21A1BA001B5D30 /* AFNetworkActivityIndicatorManager.m in Sources */,
				FEFD7D6F1C21A1BA001B5D30 /* AFURLRequestSerialization.m in Sources */,
				FEFD7D761C21A1BA001B5D30 /* UIProgressView+AFNetworking.m in Sources */,
				FEFD7D2D1C20DBF0001B5D30 /* HomeController.m in Sources */,
				FEFD7D1B1C1F0D8B001B5D30 /* NSString+Category.m in Sources */,
				FEFD7D061C1F09CA001B5D30 /* RootTabViewController.m in Sources */,
				FEFD7D241C1F0DC6001B5D30 /* BaseTabBarController.m in Sources */,
				FEFD7CE11C1F05F0001B5D30 /* RDVTabBar.m in Sources */,
				FEFD7D921C21A9B1001B5D30 /* JDStatusBarNotification.m in Sources */,
				FEFD7D8A1C21A77F001B5D30 /* NSObject+Common.m in Sources */,
				FED4D2061C1D308600CF9E4C /* main.m in Sources */,
				FEFD7DB81C22F195001B5D30 /* User.m in Sources */,
				FEFD7CE31C1F05F0001B5D30 /* RDVTabBarItem.m in Sources */,
				FEFD7D931C21A9B1001B5D30 /* JDStatusBarStyle.m in Sources */,
				FEFD7DA91C21AAAB001B5D30 /* MBProgressHUD+Add.m in Sources */,
				FEFD7D731C21A1BA001B5D30 /* UIAlertView+AFNetworking.m in Sources */,
				FEFD7DC41C22FB09001B5D30 /* ODRefreshControl.m in Sources */,
				FEFD7DAD1C21AAAB001B5D30 /* MJPhotoLoadingView.m in Sources */,
				FEFD7D191C1F0D8B001B5D30 /* Foundation+Log.m in Sources */,
				FEFD7D271C205276001B5D30 /* BaseNavigationController.m in Sources */,
				FEFD7D211C1F0D8B001B5D30 /* UIWindow+Category.m in Sources */,
				FEFD7DB51C21AC4B001B5D30 /* UIColor+expanded.m in Sources */,
				FEFD7D6E1C21A1BA001B5D30 /* AFSecurityPolicy.m in Sources */,
				FEFD7D1A1C1F0D8B001B5D30 /* NSDate+Extension.m in Sources */,
				FEFD7D781C21A1BA001B5D30 /* UIWebView+AFNetworking.m in Sources */,
				FEFD7DB11C21AAAB001B5D30 /* SDWebImageManager+MJ.m in Sources */,
				FEFD7DC71C24E473001B5D30 /* Status.m in Sources */,
				FEFD7DCA1C24F39F001B5D30 /* StatusCell.m in Sources */,
				FEFD7D1E1C1F0D8B001B5D30 /* UIImage+Category.m in Sources */,
				FEFD7DAC1C21AAAB001B5D30 /* MJPhotoBrowser.m in Sources */,
				FEFD7D301C20DC07001B5D30 /* MessageController.m in Sources */,
				FEFD7DBD1C22F267001B5D30 /* AccountTool.m in Sources */,
				FEFD7DAE1C21AAAB001B5D30 /* MJPhotoProgressView.m in Sources */,
				FEFD7D771C21A1BA001B5D30 /* UIRefreshControl+AFNetworking.m in Sources */,
			);
			runOnlyForDeploymentPostprocessing = 0;
		};
		FED4D2161C1D308600CF9E4C /* Sources */ = {
			isa = PBXSourcesBuildPhase;
			buildActionMask = 2147483647;
			files = (
				FED4D21F1C1D308600CF9E4C /* TFWeiboTests.m in Sources */,
			);
			runOnlyForDeploymentPostprocessing = 0;
		};
		FED4D2211C1D308600CF9E4C /* Sources */ = {
			isa = PBXSourcesBuildPhase;
			buildActionMask = 2147483647;
			files = (
				FED4D22A1C1D308600CF9E4C /* TFWeiboUITests.m in Sources */,
			);
			runOnlyForDeploymentPostprocessing = 0;
		};
/* End PBXSourcesBuildPhase section */

/* Begin PBXTargetDependency section */
		FED4D21C1C1D308600CF9E4C /* PBXTargetDependency */ = {
			isa = PBXTargetDependency;
			target = FED4D2001C1D308600CF9E4C /* TFWeibo */;
			targetProxy = FED4D21B1C1D308600CF9E4C /* PBXContainerItemProxy */;
		};
		FED4D2271C1D308600CF9E4C /* PBXTargetDependency */ = {
			isa = PBXTargetDependency;
			target = FED4D2001C1D308600CF9E4C /* TFWeibo */;
			targetProxy = FED4D2261C1D308600CF9E4C /* PBXContainerItemProxy */;
		};
/* End PBXTargetDependency section */

/* Begin PBXVariantGroup section */
		FED4D20D1C1D308600CF9E4C /* Main.storyboard */ = {
			isa = PBXVariantGroup;
			children = (
				FED4D20E1C1D308600CF9E4C /* Base */,
			);
			name = Main.storyboard;
			sourceTree = "<group>";
		};
		FED4D2121C1D308600CF9E4C /* LaunchScreen.storyboard */ = {
			isa = PBXVariantGroup;
			children = (
				FED4D2131C1D308600CF9E4C /* Base */,
			);
			name = LaunchScreen.storyboard;
			sourceTree = "<group>";
		};
/* End PBXVariantGroup section */

/* Begin XCBuildConfiguration section */
		FED4D22C1C1D308600CF9E4C /* Debug */ = {
			isa = XCBuildConfiguration;
			buildSettings = {
				ALWAYS_SEARCH_USER_PATHS = NO;
				CLANG_CXX_LANGUAGE_STANDARD = "gnu++0x";
				CLANG_CXX_LIBRARY = "libc++";
				CLANG_ENABLE_MODULES = YES;
				CLANG_ENABLE_OBJC_ARC = YES;
				CLANG_WARN_BOOL_CONVERSION = YES;
				CLANG_WARN_CONSTANT_CONVERSION = YES;
				CLANG_WARN_DIRECT_OBJC_ISA_USAGE = YES_ERROR;
				CLANG_WARN_EMPTY_BODY = YES;
				CLANG_WARN_ENUM_CONVERSION = YES;
				CLANG_WARN_INT_CONVERSION = YES;
				CLANG_WARN_OBJC_ROOT_CLASS = YES_ERROR;
				CLANG_WARN_UNREACHABLE_CODE = YES;
				CLANG_WARN__DUPLICATE_METHOD_MATCH = YES;
				"CODE_SIGN_IDENTITY[sdk=iphoneos*]" = "iPhone Developer";
				COPY_PHASE_STRIP = NO;
				DEBUG_INFORMATION_FORMAT = dwarf;
				ENABLE_STRICT_OBJC_MSGSEND = YES;
				ENABLE_TESTABILITY = YES;
				GCC_C_LANGUAGE_STANDARD = gnu99;
				GCC_DYNAMIC_NO_PIC = NO;
				GCC_NO_COMMON_BLOCKS = YES;
				GCC_OPTIMIZATION_LEVEL = 0;
				GCC_PREPROCESSOR_DEFINITIONS = (
					"DEBUG=1",
					"$(inherited)",
				);
				GCC_WARN_64_TO_32_BIT_CONVERSION = YES;
				GCC_WARN_ABOUT_RETURN_TYPE = YES_ERROR;
				GCC_WARN_UNDECLARED_SELECTOR = YES;
				GCC_WARN_UNINITIALIZED_AUTOS = YES_AGGRESSIVE;
				GCC_WARN_UNUSED_FUNCTION = YES;
				GCC_WARN_UNUSED_VARIABLE = YES;
				IPHONEOS_DEPLOYMENT_TARGET = 9.1;
				MTL_ENABLE_DEBUG_INFO = YES;
				ONLY_ACTIVE_ARCH = YES;
				SDKROOT = iphoneos;
				TARGETED_DEVICE_FAMILY = "1,2";
			};
			name = Debug;
		};
		FED4D22D1C1D308600CF9E4C /* Release */ = {
			isa = XCBuildConfiguration;
			buildSettings = {
				ALWAYS_SEARCH_USER_PATHS = NO;
				CLANG_CXX_LANGUAGE_STANDARD = "gnu++0x";
				CLANG_CXX_LIBRARY = "libc++";
				CLANG_ENABLE_MODULES = YES;
				CLANG_ENABLE_OBJC_ARC = YES;
				CLANG_WARN_BOOL_CONVERSION = YES;
				CLANG_WARN_CONSTANT_CONVERSION = YES;
				CLANG_WARN_DIRECT_OBJC_ISA_USAGE = YES_ERROR;
				CLANG_WARN_EMPTY_BODY = YES;
				CLANG_WARN_ENUM_CONVERSION = YES;
				CLANG_WARN_INT_CONVERSION = YES;
				CLANG_WARN_OBJC_ROOT_CLASS = YES_ERROR;
				CLANG_WARN_UNREACHABLE_CODE = YES;
				CLANG_WARN__DUPLICATE_METHOD_MATCH = YES;
				"CODE_SIGN_IDENTITY[sdk=iphoneos*]" = "iPhone Developer";
				COPY_PHASE_STRIP = NO;
				DEBUG_INFORMATION_FORMAT = "dwarf-with-dsym";
				ENABLE_NS_ASSERTIONS = NO;
				ENABLE_STRICT_OBJC_MSGSEND = YES;
				GCC_C_LANGUAGE_STANDARD = gnu99;
				GCC_NO_COMMON_BLOCKS = YES;
				GCC_WARN_64_TO_32_BIT_CONVERSION = YES;
				GCC_WARN_ABOUT_RETURN_TYPE = YES_ERROR;
				GCC_WARN_UNDECLARED_SELECTOR = YES;
				GCC_WARN_UNINITIALIZED_AUTOS = YES_AGGRESSIVE;
				GCC_WARN_UNUSED_FUNCTION = YES;
				GCC_WARN_UNUSED_VARIABLE = YES;
				IPHONEOS_DEPLOYMENT_TARGET = 9.1;
				MTL_ENABLE_DEBUG_INFO = NO;
				SDKROOT = iphoneos;
				TARGETED_DEVICE_FAMILY = "1,2";
				VALIDATE_PRODUCT = YES;
			};
			name = Release;
		};
		FED4D22F1C1D308600CF9E4C /* Debug */ = {
			isa = XCBuildConfiguration;
			baseConfigurationReference = 9DFD8F6DA639B359EC0C2475 /* Pods.debug.xcconfig */;
			buildSettings = {
				ASSETCATALOG_COMPILER_APPICON_NAME = AppIcon;
				GCC_PREFIX_HEADER = "$(SRCROOT)/TFWeibo/PrefixHeader.pch";
				INFOPLIST_FILE = TFWeibo/Info.plist;
				IPHONEOS_DEPLOYMENT_TARGET = 8.0;
				LD_RUNPATH_SEARCH_PATHS = "$(inherited) @executable_path/Frameworks";
				PRODUCT_BUNDLE_IDENTIFIER = com.ftf.weibo.TFWeibo;
				PRODUCT_NAME = "$(TARGET_NAME)";
			};
			name = Debug;
		};
		FED4D2301C1D308600CF9E4C /* Release */ = {
			isa = XCBuildConfiguration;
			baseConfigurationReference = 85A4A4AE63245408539F2763 /* Pods.release.xcconfig */;
			buildSettings = {
				ASSETCATALOG_COMPILER_APPICON_NAME = AppIcon;
				GCC_PREFIX_HEADER = "$(SRCROOT)/TFWeibo/PrefixHeader.pch";
				INFOPLIST_FILE = TFWeibo/Info.plist;
				IPHONEOS_DEPLOYMENT_TARGET = 8.0;
				LD_RUNPATH_SEARCH_PATHS = "$(inherited) @executable_path/Frameworks";
				PRODUCT_BUNDLE_IDENTIFIER = com.ftf.weibo.TFWeibo;
				PRODUCT_NAME = "$(TARGET_NAME)";
			};
			name = Release;
		};
		FED4D2321C1D308600CF9E4C /* Debug */ = {
			isa = XCBuildConfiguration;
			buildSettings = {
				BUNDLE_LOADER = "$(TEST_HOST)";
				INFOPLIST_FILE = TFWeiboTests/Info.plist;
				LD_RUNPATH_SEARCH_PATHS = "$(inherited) @executable_path/Frameworks @loader_path/Frameworks";
				PRODUCT_BUNDLE_IDENTIFIER = com.ftf.weibo.TFWeiboTests;
				PRODUCT_NAME = "$(TARGET_NAME)";
				TEST_HOST = "$(BUILT_PRODUCTS_DIR)/TFWeibo.app/TFWeibo";
			};
			name = Debug;
		};
		FED4D2331C1D308600CF9E4C /* Release */ = {
			isa = XCBuildConfiguration;
			buildSettings = {
				BUNDLE_LOADER = "$(TEST_HOST)";
				INFOPLIST_FILE = TFWeiboTests/Info.plist;
				LD_RUNPATH_SEARCH_PATHS = "$(inherited) @executable_path/Frameworks @loader_path/Frameworks";
				PRODUCT_BUNDLE_IDENTIFIER = com.ftf.weibo.TFWeiboTests;
				PRODUCT_NAME = "$(TARGET_NAME)";
				TEST_HOST = "$(BUILT_PRODUCTS_DIR)/TFWeibo.app/TFWeibo";
			};
			name = Release;
		};
		FED4D2351C1D308600CF9E4C /* Debug */ = {
			isa = XCBuildConfiguration;
			buildSettings = {
				INFOPLIST_FILE = TFWeiboUITests/Info.plist;
				LD_RUNPATH_SEARCH_PATHS = "$(inherited) @executable_path/Frameworks @loader_path/Frameworks";
				PRODUCT_BUNDLE_IDENTIFIER = com.ftf.weibo.TFWeiboUITests;
				PRODUCT_NAME = "$(TARGET_NAME)";
				TEST_TARGET_NAME = TFWeibo;
				USES_XCTRUNNER = YES;
			};
			name = Debug;
		};
		FED4D2361C1D308600CF9E4C /* Release */ = {
			isa = XCBuildConfiguration;
			buildSettings = {
				INFOPLIST_FILE = TFWeiboUITests/Info.plist;
				LD_RUNPATH_SEARCH_PATHS = "$(inherited) @executable_path/Frameworks @loader_path/Frameworks";
				PRODUCT_BUNDLE_IDENTIFIER = com.ftf.weibo.TFWeiboUITests;
				PRODUCT_NAME = "$(TARGET_NAME)";
				TEST_TARGET_NAME = TFWeibo;
				USES_XCTRUNNER = YES;
			};
			name = Release;
		};
/* End XCBuildConfiguration section */

/* Begin XCConfigurationList section */
		FED4D1FC1C1D308600CF9E4C /* Build configuration list for PBXProject "TFWeibo" */ = {
			isa = XCConfigurationList;
			buildConfigurations = (
				FED4D22C1C1D308600CF9E4C /* Debug */,
				FED4D22D1C1D308600CF9E4C /* Release */,
			);
			defaultConfigurationIsVisible = 0;
			defaultConfigurationName = Release;
		};
		FED4D22E1C1D308600CF9E4C /* Build configuration list for PBXNativeTarget "TFWeibo" */ = {
			isa = XCConfigurationList;
			buildConfigurations = (
				FED4D22F1C1D308600CF9E4C /* Debug */,
				FED4D2301C1D308600CF9E4C /* Release */,
			);
			defaultConfigurationIsVisible = 0;
			defaultConfigurationName = Release;
		};
		FED4D2311C1D308600CF9E4C /* Build configuration list for PBXNativeTarget "TFWeiboTests" */ = {
			isa = XCConfigurationList;
			buildConfigurations = (
				FED4D2321C1D308600CF9E4C /* Debug */,
				FED4D2331C1D308600CF9E4C /* Release */,
			);
			defaultConfigurationIsVisible = 0;
			defaultConfigurationName = Release;
		};
		FED4D2341C1D308600CF9E4C /* Build configuration list for PBXNativeTarget "TFWeiboUITests" */ = {
			isa = XCConfigurationList;
			buildConfigurations = (
				FED4D2351C1D308600CF9E4C /* Debug */,
				FED4D2361C1D308600CF9E4C /* Release */,
			);
			defaultConfigurationIsVisible = 0;
			defaultConfigurationName = Release;
		};
/* End XCConfigurationList section */
	};
	rootObject = FED4D1F91C1D308600CF9E4C /* Project object */;
}
