// !$*UTF8*$!
{
	archiveVersion = 1;
	classes = {
	};
	objectVersion = 46;
	objects = {

/* Begin PBXBuildFile section */
		774FC5BE273CEC9D5AA0ABC5 /* libPods.a in Frameworks */ = {isa = PBXBuildFile; fileRef = 8E27C01B6FA91F8FC5018ACD /* libPods.a */; };
		FED4D2061C1D308600CF9E4C /* main.m in Sources */ = {isa = PBXBuildFile; fileRef = FED4D2051C1D308600CF9E4C /* main.m */; };
		FED4D2091C1D308600CF9E4C /* AppDelegate.m in Sources */ = {isa = PBXBuildFile; fileRef = FED4D2081C1D308600CF9E4C /* AppDelegate.m */; };
		FED4D20C1C1D308600CF9E4C /* ViewController.m in Sources */ = {isa = PBXBuildFile; fileRef = FED4D20B1C1D308600CF9E4C /* ViewController.m */; };
		FED4D20F1C1D308600CF9E4C /* Main.storyboard in Resources */ = {isa = PBXBuildFile; fileRef = FED4D20D1C1D308600CF9E4C /* Main.storyboard */; };
		FED4D2111C1D308600CF9E4C /* Assets.xcassets in Resources */ = {isa = PBXBuildFile; fileRef = FED4D2101C1D308600CF9E4C /* Assets.xcassets */; };
		FED4D2141C1D308600CF9E4C /* LaunchScreen.storyboard in Resources */ = {isa = PBXBuildFile; fileRef = FED4D2121C1D308600CF9E4C /* LaunchScreen.storyboard */; };
		FED4D21F1C1D308600CF9E4C /* TFWeiboTests.m in Sources */ = {isa = PBXBuildFile; fileRef = FED4D21E1C1D308600CF9E4C /* TFWeiboTests.m */; };
		FED4D22A1C1D308600CF9E4C /* TFWeiboUITests.m in Sources */ = {isa = PBXBuildFile; fileRef = FED4D2291C1D308600CF9E4C /* TFWeiboUITests.m */; };
		FEFD7CE11C1F05F0001B5D30 /* RDVTabBar.m in Sources */ = {isa = PBXBuildFile; fileRef = FEFD7CDC1C1F05F0001B5D30 /* RDVTabBar.m */; };
		FEFD7CE21C1F05F0001B5D30 /* RDVTabBarController.m in Sources */ = {isa = PBXBuildFile; fileRef = FEFD7CDE1C1F05F0001B5D30 /* RDVTabBarController.m */; };
		FEFD7CE31C1F05F0001B5D30 /* RDVTabBarItem.m in Sources */ = {isa = PBXBuildFile; fileRef = FEFD7CE01C1F05F0001B5D30 /* RDVTabBarItem.m */; };
		FEFD7D061C1F09CA001B5D30 /* RootTabViewController.m in Sources */ = {isa = PBXBuildFile; fileRef = FEFD7D051C1F09CA001B5D30 /* RootTabViewController.m */; };
		FEFD7D191C1F0D8B001B5D30 /* Foundation+Log.m in Sources */ = {isa = PBXBuildFile; fileRef = FEFD7D081C1F0D8B001B5D30 /* Foundation+Log.m */; };
		FEFD7D1A1C1F0D8B001B5D30 /* NSDate+Extension.m in Sources */ = {isa = PBXBuildFile; fileRef = FEFD7D0A1C1F0D8B001B5D30 /* NSDate+Extension.m */; };
		FEFD7D1B1C1F0D8B001B5D30 /* NSString+Category.m in Sources */ = {isa = PBXBuildFile; fileRef = FEFD7D0C1C1F0D8B001B5D30 /* NSString+Category.m */; };
		FEFD7D1C1C1F0D8B001B5D30 /* NSString+Emoji.m in Sources */ = {isa = PBXBuildFile; fileRef = FEFD7D0E1C1F0D8B001B5D30 /* NSString+Emoji.m */; };
		FEFD7D1D1C1F0D8B001B5D30 /* UIBarButtonItem+Extension.m in Sources */ = {isa = PBXBuildFile; fileRef = FEFD7D101C1F0D8B001B5D30 /* UIBarButtonItem+Extension.m */; };
		FEFD7D1E1C1F0D8B001B5D30 /* UIImage+Category.m in Sources */ = {isa = PBXBuildFile; fileRef = FEFD7D121C1F0D8B001B5D30 /* UIImage+Category.m */; };
		FEFD7D1F1C1F0D8B001B5D30 /* UITextView+Category.m in Sources */ = {isa = PBXBuildFile; fileRef = FEFD7D141C1F0D8B001B5D30 /* UITextView+Category.m */; };
		FEFD7D201C1F0D8B001B5D30 /* UIView+Extension.m in Sources */ = {isa = PBXBuildFile; fileRef = FEFD7D161C1F0D8B001B5D30 /* UIView+Extension.m */; };
		FEFD7D211C1F0D8B001B5D30 /* UIWindow+Category.m in Sources */ = {isa = PBXBuildFile; fileRef = FEFD7D181C1F0D8B001B5D30 /* UIWindow+Category.m */; };
		FEFD7D241C1F0DC6001B5D30 /* BaseTabBarController.m in Sources */ = {isa = PBXBuildFile; fileRef = FEFD7D231C1F0DC6001B5D30 /* BaseTabBarController.m */; };
		FEFD7D271C205276001B5D30 /* BaseNavigationController.m in Sources */ = {isa = PBXBuildFile; fileRef = FEFD7D261C205276001B5D30 /* BaseNavigationController.m */; };
		FEFD7D2A1C20DBB6001B5D30 /* OAuthController.m in Sources */ = {isa = PBXBuildFile; fileRef = FEFD7D291C20DBB6001B5D30 /* OAuthController.m */; };
/* End PBXBuildFile section */

/* Begin PBXContainerItemProxy section */
		FED4D21B1C1D308600CF9E4C /* PBXContainerItemProxy */ = {
			isa = PBXContainerItemProxy;
			containerPortal = FED4D1F91C1D308600CF9E4C /* Project object */;
			proxyType = 1;
			remoteGlobalIDString = FED4D2001C1D308600CF9E4C;
			remoteInfo = TFWeibo;
		};
		FED4D2261C1D308600CF9E4C /* PBXContainerItemProxy */ = {
			isa = PBXContainerItemProxy;
			containerPortal = FED4D1F91C1D308600CF9E4C /* Project object */;
			proxyType = 1;
			remoteGlobalIDString = FED4D2001C1D308600CF9E4C;
			remoteInfo = TFWeibo;
		};
/* End PBXContainerItemProxy section */

/* Begin PBXFileReference section */
		85A4A4AE63245408539F2763 /* Pods.release.xcconfig */ = {isa = PBXFileReference; includeInIndex = 1; lastKnownFileType = text.xcconfig; name = Pods.release.xcconfig; path = "Pods/Target Support Files/Pods/Pods.release.xcconfig"; sourceTree = "<group>"; };
		8E27C01B6FA91F8FC5018ACD /* libPods.a */ = {isa = PBXFileReference; explicitFileType = archive.ar; includeInIndex = 0; path = libPods.a; sourceTree = BUILT_PRODUCTS_DIR; };
		9DFD8F6DA639B359EC0C2475 /* Pods.debug.xcconfig */ = {isa = PBXFileReference; includeInIndex = 1; lastKnownFileType = text.xcconfig; name = Pods.debug.xcconfig; path = "Pods/Target Support Files/Pods/Pods.debug.xcconfig"; sourceTree = "<group>"; };
		FED4D2011C1D308600CF9E4C /* TFWeibo.app */ = {isa = PBXFileReference; explicitFileType = wrapper.application; includeInIndex = 0; path = TFWeibo.app; sourceTree = BUILT_PRODUCTS_DIR; };
		FED4D2051C1D308600CF9E4C /* main.m */ = {isa = PBXFileReference; lastKnownFileType = sourcecode.c.objc; path = main.m; sourceTree = "<group>"; };
		FED4D2071C1D308600CF9E4C /* AppDelegate.h */ = {isa = PBXFileReference; lastKnownFileType = sourcecode.c.h; path = AppDelegate.h; sourceTree = "<group>"; };
		FED4D2081C1D308600CF9E4C /* AppDelegate.m */ = {isa = PBXFileReference; lastKnownFileType = sourcecode.c.objc; path = AppDelegate.m; sourceTree = "<group>"; };
		FED4D20A1C1D308600CF9E4C /* ViewController.h */ = {isa = PBXFileReference; lastKnownFileType = sourcecode.c.h; path = ViewController.h; sourceTree = "<group>"; };
		FED4D20B1C1D308600CF9E4C /* ViewController.m */ = {isa = PBXFileReference; lastKnownFileType = sourcecode.c.objc; path = ViewController.m; sourceTree = "<group>"; };
		FED4D20E1C1D308600CF9E4C /* Base */ = {isa = PBXFileReference; lastKnownFileType = file.storyboard; name = Base; path = Base.lproj/Main.storyboard; sourceTree = "<group>"; };
		FED4D2101C1D308600CF9E4C /* Assets.xcassets */ = {isa = PBXFileReference; lastKnownFileType = folder.assetcatalog; path = Assets.xcassets; sourceTree = "<group>"; };
		FED4D2131C1D308600CF9E4C /* Base */ = {isa = PBXFileReference; lastKnownFileType = file.storyboard; name = Base; path = Base.lproj/LaunchScreen.storyboard; sourceTree = "<group>"; };
		FED4D2151C1D308600CF9E4C /* Info.plist */ = {isa = PBXFileReference; lastKnownFileType = text.plist.xml; path = Info.plist; sourceTree = "<group>"; };
		FED4D21A1C1D308600CF9E4C /* TFWeiboTests.xctest */ = {isa = PBXFileReference; explicitFileType = wrapper.cfbundle; includeInIndex = 0; path = TFWeiboTests.xctest; sourceTree = BUILT_PRODUCTS_DIR; };
		FED4D21E1C1D308600CF9E4C /* TFWeiboTests.m */ = {isa = PBXFileReference; lastKnownFileType = sourcecode.c.objc; path = TFWeiboTests.m; sourceTree = "<group>"; };
		FED4D2201C1D308600CF9E4C /* Info.plist */ = {isa = PBXFileReference; lastKnownFileType = text.plist.xml; path = Info.plist; sourceTree = "<group>"; };
		FED4D2251C1D308600CF9E4C /* TFWeiboUITests.xctest */ = {isa = PBXFileReference; explicitFileType = wrapper.cfbundle; includeInIndex = 0; path = TFWeiboUITests.xctest; sourceTree = BUILT_PRODUCTS_DIR; };
		FED4D2291C1D308600CF9E4C /* TFWeiboUITests.m */ = {isa = PBXFileReference; lastKnownFileType = sourcecode.c.objc; path = TFWeiboUITests.m; sourceTree = "<group>"; };
		FED4D22B1C1D308600CF9E4C /* Info.plist */ = {isa = PBXFileReference; lastKnownFileType = text.plist.xml; path = Info.plist; sourceTree = "<group>"; };
		FEFD7CDB1C1F05F0001B5D30 /* RDVTabBar.h */ = {isa = PBXFileReference; fileEncoding = 4; lastKnownFileType = sourcecode.c.h; path = RDVTabBar.h; sourceTree = "<group>"; };
		FEFD7CDC1C1F05F0001B5D30 /* RDVTabBar.m */ = {isa = PBXFileReference; fileEncoding = 4; lastKnownFileType = sourcecode.c.objc; path = RDVTabBar.m; sourceTree = "<group>"; };
		FEFD7CDD1C1F05F0001B5D30 /* RDVTabBarController.h */ = {isa = PBXFileReference; fileEncoding = 4; lastKnownFileType = sourcecode.c.h; path = RDVTabBarController.h; sourceTree = "<group>"; };
		FEFD7CDE1C1F05F0001B5D30 /* RDVTabBarController.m */ = {isa = PBXFileReference; fileEncoding = 4; lastKnownFileType = sourcecode.c.objc; path = RDVTabBarController.m; sourceTree = "<group>"; };
		FEFD7CDF1C1F05F0001B5D30 /* RDVTabBarItem.h */ = {isa = PBXFileReference; fileEncoding = 4; lastKnownFileType = sourcecode.c.h; path = RDVTabBarItem.h; sourceTree = "<group>"; };
		FEFD7CE01C1F05F0001B5D30 /* RDVTabBarItem.m */ = {isa = PBXFileReference; fileEncoding = 4; lastKnownFileType = sourcecode.c.objc; path = RDVTabBarItem.m; sourceTree = "<group>"; };
		FEFD7CE41C1F071D001B5D30 /* PrefixHeader.pch */ = {isa = PBXFileReference; lastKnownFileType = sourcecode.c.h; path = PrefixHeader.pch; sourceTree = "<group>"; };
		FEFD7D041C1F09CA001B5D30 /* RootTabViewController.h */ = {isa = PBXFileReference; fileEncoding = 4; lastKnownFileType = sourcecode.c.h; path = RootTabViewController.h; sourceTree = "<group>"; };
		FEFD7D051C1F09CA001B5D30 /* RootTabViewController.m */ = {isa = PBXFileReference; fileEncoding = 4; lastKnownFileType = sourcecode.c.objc; path = RootTabViewController.m; sourceTree = "<group>"; };
		FEFD7D081C1F0D8B001B5D30 /* Foundation+Log.m */ = {isa = PBXFileReference; fileEncoding = 4; lastKnownFileType = sourcecode.c.objc; path = "Foundation+Log.m"; sourceTree = "<group>"; };
		FEFD7D091C1F0D8B001B5D30 /* NSDate+Extension.h */ = {isa = PBXFileReference; fileEncoding = 4; lastKnownFileType = sourcecode.c.h; path = "NSDate+Extension.h"; sourceTree = "<group>"; };
		FEFD7D0A1C1F0D8B001B5D30 /* NSDate+Extension.m */ = {isa = PBXFileReference; fileEncoding = 4; lastKnownFileType = sourcecode.c.objc; path = "NSDate+Extension.m"; sourceTree = "<group>"; };
		FEFD7D0B1C1F0D8B001B5D30 /* NSString+Category.h */ = {isa = PBXFileReference; fileEncoding = 4; lastKnownFileType = sourcecode.c.h; path = "NSString+Category.h"; sourceTree = "<group>"; };
		FEFD7D0C1C1F0D8B001B5D30 /* NSString+Category.m */ = {isa = PBXFileReference; fileEncoding = 4; lastKnownFileType = sourcecode.c.objc; path = "NSString+Category.m"; sourceTree = "<group>"; };
		FEFD7D0D1C1F0D8B001B5D30 /* NSString+Emoji.h */ = {isa = PBXFileReference; fileEncoding = 4; lastKnownFileType = sourcecode.c.h; path = "NSString+Emoji.h"; sourceTree = "<group>"; };
		FEFD7D0E1C1F0D8B001B5D30 /* NSString+Emoji.m */ = {isa = PBXFileReference; fileEncoding = 4; lastKnownFileType = sourcecode.c.objc; path = "NSString+Emoji.m"; sourceTree = "<group>"; };
		FEFD7D0F1C1F0D8B001B5D30 /* UIBarButtonItem+Extension.h */ = {isa = PBXFileReference; fileEncoding = 4; lastKnownFileType = sourcecode.c.h; path = "UIBarButtonItem+Extension.h"; sourceTree = "<group>"; };
		FEFD7D101C1F0D8B001B5D30 /* UIBarButtonItem+Extension.m */ = {isa = PBXFileReference; fileEncoding = 4; lastKnownFileType = sourcecode.c.objc; path = "UIBarButtonItem+Extension.m"; sourceTree = "<group>"; };
		FEFD7D111C1F0D8B001B5D30 /* UIImage+Category.h */ = {isa = PBXFileReference; fileEncoding = 4; lastKnownFileType = sourcecode.c.h; path = "UIImage+Category.h"; sourceTree = "<group>"; };
		FEFD7D121C1F0D8B001B5D30 /* UIImage+Category.m */ = {isa = PBXFileReference; fileEncoding = 4; lastKnownFileType = sourcecode.c.objc; path = "UIImage+Category.m"; sourceTree = "<group>"; };
		FEFD7D131C1F0D8B001B5D30 /* UITextView+Category.h */ = {isa = PBXFileReference; fileEncoding = 4; lastKnownFileType = sourcecode.c.h; path = "UITextView+Category.h"; sourceTree = "<group>"; };
		FEFD7D141C1F0D8B001B5D30 /* UITextView+Category.m */ = {isa = PBXFileReference; fileEncoding = 4; lastKnownFileType = sourcecode.c.objc; path = "UITextView+Category.m"; sourceTree = "<group>"; };
		FEFD7D151C1F0D8B001B5D30 /* UIView+Extension.h */ = {isa = PBXFileReference; fileEncoding = 4; lastKnownFileType = sourcecode.c.h; path = "UIView+Extension.h"; sourceTree = "<group>"; };
		FEFD7D161C1F0D8B001B5D30 /* UIView+Extension.m */ = {isa = PBXFileReference; fileEncoding = 4; lastKnownFileType = sourcecode.c.objc; path = "UIView+Extension.m"; sourceTree = "<group>"; };
		FEFD7D171C1F0D8B001B5D30 /* UIWindow+Category.h */ = {isa = PBXFileReference; fileEncoding = 4; lastKnownFileType = sourcecode.c.h; path = "UIWindow+Category.h"; sourceTree = "<group>"; };
		FEFD7D181C1F0D8B001B5D30 /* UIWindow+Category.m */ = {isa = PBXFileReference; fileEncoding = 4; lastKnownFileType = sourcecode.c.objc; path = "UIWindow+Category.m"; sourceTree = "<group>"; };
		FEFD7D221C1F0DC6001B5D30 /* BaseTabBarController.h */ = {isa = PBXFileReference; fileEncoding = 4; lastKnownFileType = sourcecode.c.h; path = BaseTabBarController.h; sourceTree = "<group>"; };
		FEFD7D231C1F0DC6001B5D30 /* BaseTabBarController.m */ = {isa = PBXFileReference; fileEncoding = 4; lastKnownFileType = sourcecode.c.objc; path = BaseTabBarController.m; sourceTree = "<group>"; };
		FEFD7D251C205276001B5D30 /* BaseNavigationController.h */ = {isa = PBXFileReference; fileEncoding = 4; lastKnownFileType = sourcecode.c.h; path = BaseNavigationController.h; sourceTree = "<group>"; };
		FEFD7D261C205276001B5D30 /* BaseNavigationController.m */ = {isa = PBXFileReference; fileEncoding = 4; lastKnownFileType = sourcecode.c.objc; path = BaseNavigationController.m; sourceTree = "<group>"; };
		FEFD7D281C20DBB6001B5D30 /* OAuthController.h */ = {isa = PBXFileReference; fileEncoding = 4; lastKnownFileType = sourcecode.c.h; path = OAuthController.h; sourceTree = "<group>"; };
		FEFD7D291C20DBB6001B5D30 /* OAuthController.m */ = {isa = PBXFileReference; fileEncoding = 4; lastKnownFileType = sourcecode.c.objc; path = OAuthController.m; sourceTree = "<group>"; };
/* End PBXFileReference section */

/* Begin PBXFrameworksBuildPhase section */
		FED4D1FE1C1D308600CF9E4C /* Frameworks */ = {
			isa = PBXFrameworksBuildPhase;
			buildActionMask = 2147483647;
			files = (
				774FC5BE273CEC9D5AA0ABC5 /* libPods.a in Frameworks */,
			);
			runOnlyForDeploymentPostprocessing = 0;
		};
		FED4D2171C1D308600CF9E4C /* Frameworks */ = {
			isa = PBXFrameworksBuildPhase;
			buildActionMask = 2147483647;
			files = (
			);
			runOnlyForDeploymentPostprocessing = 0;
		};
		FED4D2221C1D308600CF9E4C /* Frameworks */ = {
			isa = PBXFrameworksBuildPhase;
			buildActionMask = 2147483647;
			files = (
			);
			runOnlyForDeploymentPostprocessing = 0;
		};
/* End PBXFrameworksBuildPhase section */

/* Begin PBXGroup section */
		7CD20FA6E803E40CA76E7185 /* Frameworks */ = {
			isa = PBXGroup;
			children = (
				8E27C01B6FA91F8FC5018ACD /* libPods.a */,
			);
			name = Frameworks;
			sourceTree = "<group>";
		};
		9CED66C15A0B98080D78D699 /* Pods */ = {
			isa = PBXGroup;
			children = (
				9DFD8F6DA639B359EC0C2475 /* Pods.debug.xcconfig */,
				85A4A4AE63245408539F2763 /* Pods.release.xcconfig */,
			);
			name = Pods;
			sourceTree = "<group>";
		};
		FED4D1F81C1D308600CF9E4C = {
			isa = PBXGroup;
			children = (
				FED4D2031C1D308600CF9E4C /* TFWeibo */,
				FED4D21D1C1D308600CF9E4C /* TFWeiboTests */,
				FED4D2281C1D308600CF9E4C /* TFWeiboUITests */,
				FED4D2021C1D308600CF9E4C /* Products */,
				9CED66C15A0B98080D78D699 /* Pods */,
				7CD20FA6E803E40CA76E7185 /* Frameworks */,
			);
			sourceTree = "<group>";
		};
		FED4D2021C1D308600CF9E4C /* Products */ = {
			isa = PBXGroup;
			children = (
				FED4D2011C1D308600CF9E4C /* TFWeibo.app */,
				FED4D21A1C1D308600CF9E4C /* TFWeiboTests.xctest */,
				FED4D2251C1D308600CF9E4C /* TFWeiboUITests.xctest */,
			);
			name = Products;
			sourceTree = "<group>";
		};
		FED4D2031C1D308600CF9E4C /* TFWeibo */ = {
			isa = PBXGroup;
			children = (
				FEFD7CE41C1F071D001B5D30 /* PrefixHeader.pch */,
				FED4D2071C1D308600CF9E4C /* AppDelegate.h */,
				FED4D2081C1D308600CF9E4C /* AppDelegate.m */,
				FED4D20A1C1D308600CF9E4C /* ViewController.h */,
				FED4D20B1C1D308600CF9E4C /* ViewController.m */,
				FED4D20D1C1D308600CF9E4C /* Main.storyboard */,
				FED4D2101C1D308600CF9E4C /* Assets.xcassets */,
				FEFD7CD81C1F05F0001B5D30 /* Lib */,
				FEFD7CE51C1F0977001B5D30 /* Class */,
				FED4D2041C1D308600CF9E4C /* Supporting Files */,
			);
			path = TFWeibo;
			sourceTree = "<group>";
		};
		FED4D2041C1D308600CF9E4C /* Supporting Files */ = {
			isa = PBXGroup;
			children = (
				FED4D2121C1D308600CF9E4C /* LaunchScreen.storyboard */,
				FED4D2151C1D308600CF9E4C /* Info.plist */,
				FED4D2051C1D308600CF9E4C /* main.m */,
			);
			name = "Supporting Files";
			sourceTree = "<group>";
		};
		FED4D21D1C1D308600CF9E4C /* TFWeiboTests */ = {
			isa = PBXGroup;
			children = (
				FED4D21E1C1D308600CF9E4C /* TFWeiboTests.m */,
				FED4D2201C1D308600CF9E4C /* Info.plist */,
			);
			path = TFWeiboTests;
			sourceTree = "<group>";
		};
		FED4D2281C1D308600CF9E4C /* TFWeiboUITests */ = {
			isa = PBXGroup;
			children = (
				FED4D2291C1D308600CF9E4C /* TFWeiboUITests.m */,
				FED4D22B1C1D308600CF9E4C /* Info.plist */,
			);
			path = TFWeiboUITests;
			sourceTree = "<group>";
		};
		FEFD7CD81C1F05F0001B5D30 /* Lib */ = {
			isa = PBXGroup;
			children = (
				FEFD7D071C1F0D8B001B5D30 /* Category */,
				FEFD7CD91C1F05F0001B5D30 /* Vendor */,
			);
			path = Lib;
			sourceTree = "<group>";
		};
		FEFD7CD91C1F05F0001B5D30 /* Vendor */ = {
			isa = PBXGroup;
			children = (
				FEFD7CDA1C1F05F0001B5D30 /* RDVTabBarController */,
			);
			path = Vendor;
			sourceTree = "<group>";
		};
		FEFD7CDA1C1F05F0001B5D30 /* RDVTabBarController */ = {
			isa = PBXGroup;
			children = (
				FEFD7CDB1C1F05F0001B5D30 /* RDVTabBar.h */,
				FEFD7CDC1C1F05F0001B5D30 /* RDVTabBar.m */,
				FEFD7CDD1C1F05F0001B5D30 /* RDVTabBarController.h */,
				FEFD7CDE1C1F05F0001B5D30 /* RDVTabBarController.m */,
				FEFD7CDF1C1F05F0001B5D30 /* RDVTabBarItem.h */,
				FEFD7CE01C1F05F0001B5D30 /* RDVTabBarItem.m */,
			);
			path = RDVTabBarController;
			sourceTree = "<group>";
		};
		FEFD7CE51C1F0977001B5D30 /* Class */ = {
			isa = PBXGroup;
			children = (
				FEFD7CF21C1F0977001B5D30 /* Main */,
				FEFD7CE61C1F0977001B5D30 /* Compose */,
				FEFD7CEA1C1F0977001B5D30 /* Discover */,
				FEFD7CEE1C1F0977001B5D30 /* Home */,
				FEFD7CF81C1F0977001B5D30 /* Me */,
				FEFD7CFC1C1F0977001B5D30 /* Message */,
				FEFD7D001C1F0977001B5D30 /* OAuth */,
			);
			path = Class;
			sourceTree = "<group>";
		};
		FEFD7CE61C1F0977001B5D30 /* Compose */ = {
			isa = PBXGroup;
			children = (
				FEFD7CE71C1F0977001B5D30 /* Controller */,
				FEFD7CE81C1F0977001B5D30 /* Model */,
				FEFD7CE91C1F0977001B5D30 /* View */,
			);
			path = Compose;
			sourceTree = "<group>";
		};
		FEFD7CE71C1F0977001B5D30 /* Controller */ = {
			isa = PBXGroup;
			children = (
			);
			path = Controller;
			sourceTree = "<group>";
		};
		FEFD7CE81C1F0977001B5D30 /* Model */ = {
			isa = PBXGroup;
			children = (
			);
			path = Model;
			sourceTree = "<group>";
		};
		FEFD7CE91C1F0977001B5D30 /* View */ = {
			isa = PBXGroup;
			children = (
			);
			path = View;
			sourceTree = "<group>";
		};
		FEFD7CEA1C1F0977001B5D30 /* Discover */ = {
			isa = PBXGroup;
			children = (
				FEFD7CEB1C1F0977001B5D30 /* Controller */,
				FEFD7CEC1C1F0977001B5D30 /* Model */,
				FEFD7CED1C1F0977001B5D30 /* View */,
			);
			path = Discover;
			sourceTree = "<group>";
		};
		FEFD7CEB1C1F0977001B5D30 /* Controller */ = {
			isa = PBXGroup;
			children = (
			);
			path = Controller;
			sourceTree = "<group>";
		};
		FEFD7CEC1C1F0977001B5D30 /* Model */ = {
			isa = PBXGroup;
			children = (
			);
			path = Model;
			sourceTree = "<group>";
		};
		FEFD7CED1C1F0977001B5D30 /* View */ = {
			isa = PBXGroup;
			children = (
			);
			path = View;
			sourceTree = "<group>";
		};
		FEFD7CEE1C1F0977001B5D30 /* Home */ = {
			isa = PBXGroup;
			children = (
				FEFD7CEF1C1F0977001B5D30 /* Controller */,
				FEFD7CF01C1F0977001B5D30 /* Model */,
				FEFD7CF11C1F0977001B5D30 /* View */,
			);
			path = Home;
			sourceTree = "<group>";
		};
		FEFD7CEF1C1F0977001B5D30 /* Controller */ = {
			isa = PBXGroup;
			children = (
			);
			path = Controller;
			sourceTree = "<group>";
		};
		FEFD7CF01C1F0977001B5D30 /* Model */ = {
			isa = PBXGroup;
			children = (
			);
			path = Model;
			sourceTree = "<group>";
		};
		FEFD7CF11C1F0977001B5D30 /* View */ = {
			isa = PBXGroup;
			children = (
			);
			path = View;
			sourceTree = "<group>";
		};
		FEFD7CF21C1F0977001B5D30 /* Main */ = {
			isa = PBXGroup;
			children = (
				FEFD7CF61C1F0977001B5D30 /* Root */,
				FEFD7CF31C1F0977001B5D30 /* Base */,
				FEFD7CF41C1F0977001B5D30 /* Controller */,
				FEFD7CF51C1F0977001B5D30 /* Model */,
				FEFD7CF71C1F0977001B5D30 /* View */,
			);
			path = Main;
			sourceTree = "<group>";
		};
		FEFD7CF31C1F0977001B5D30 /* Base */ = {
			isa = PBXGroup;
			children = (
				FEFD7D221C1F0DC6001B5D30 /* BaseTabBarController.h */,
				FEFD7D231C1F0DC6001B5D30 /* BaseTabBarController.m */,
				FEFD7D251C205276001B5D30 /* BaseNavigationController.h */,
				FEFD7D261C205276001B5D30 /* BaseNavigationController.m */,
			);
			path = Base;
			sourceTree = "<group>";
		};
		FEFD7CF41C1F0977001B5D30 /* Controller */ = {
			isa = PBXGroup;
			children = (
			);
			path = Controller;
			sourceTree = "<group>";
		};
		FEFD7CF51C1F0977001B5D30 /* Model */ = {
			isa = PBXGroup;
			children = (
			);
			path = Model;
			sourceTree = "<group>";
		};
		FEFD7CF61C1F0977001B5D30 /* Root */ = {
			isa = PBXGroup;
			children = (
				FEFD7D041C1F09CA001B5D30 /* RootTabViewController.h */,
				FEFD7D051C1F09CA001B5D30 /* RootTabViewController.m */,
			);
			path = Root;
			sourceTree = "<group>";
		};
		FEFD7CF71C1F0977001B5D30 /* View */ = {
			isa = PBXGroup;
			children = (
			);
			path = View;
			sourceTree = "<group>";
		};
		FEFD7CF81C1F0977001B5D30 /* Me */ = {
			isa = PBXGroup;
			children = (
				FEFD7CF91C1F0977001B5D30 /* Controller */,
				FEFD7CFA1C1F0977001B5D30 /* Model */,
				FEFD7CFB1C1F0977001B5D30 /* View */,
			);
			path = Me;
			sourceTree = "<group>";
		};
		FEFD7CF91C1F0977001B5D30 /* Controller */ = {
			isa = PBXGroup;
			children = (
			);
			path = Controller;
			sourceTree = "<group>";
		};
		FEFD7CFA1C1F0977001B5D30 /* Model */ = {
			isa = PBXGroup;
			children = (
			);
			path = Model;
			sourceTree = "<group>";
		};
		FEFD7CFB1C1F0977001B5D30 /* View */ = {
			isa = PBXGroup;
			children = (
			);
			path = View;
			sourceTree = "<group>";
		};
		FEFD7CFC1C1F0977001B5D30 /* Message */ = {
			isa = PBXGroup;
			children = (
				FEFD7CFD1C1F0977001B5D30 /* Controller */,
				FEFD7CFE1C1F0977001B5D30 /* Model */,
				FEFD7CFF1C1F0977001B5D30 /* View */,
			);
			path = Message;
			sourceTree = "<group>";
		};
		FEFD7CFD1C1F0977001B5D30 /* Controller */ = {
			isa = PBXGroup;
			children = (
			);
			path = Controller;
			sourceTree = "<group>";
		};
		FEFD7CFE1C1F0977001B5D30 /* Model */ = {
			isa = PBXGroup;
			children = (
			);
			path = Model;
			sourceTree = "<group>";
		};
		FEFD7CFF1C1F0977001B5D30 /* View */ = {
			isa = PBXGroup;
			children = (
			);
			path = View;
			sourceTree = "<group>";
		};
		FEFD7D001C1F0977001B5D30 /* OAuth */ = {
			isa = PBXGroup;
			children = (
				FEFD7D011C1F0977001B5D30 /* Controller */,
				FEFD7D021C1F0977001B5D30 /* Model */,
				FEFD7D031C1F0977001B5D30 /* View */,
			);
			path = OAuth;
			sourceTree = "<group>";
		};
		FEFD7D011C1F0977001B5D30 /* Controller */ = {
			isa = PBXGroup;
			children = (
				FEFD7D281C20DBB6001B5D30 /* OAuthController.h */,
				FEFD7D291C20DBB6001B5D30 /* OAuthController.m */,
			);
			path = Controller;
			sourceTree = "<group>";
		};
		FEFD7D021C1F0977001B5D30 /* Model */ = {
			isa = PBXGroup;
			children = (
			);
			path = Model;
			sourceTree = "<group>";
		};
		FEFD7D031C1F0977001B5D30 /* View */ = {
			isa = PBXGroup;
			children = (
			);
			path = View;
			sourceTree = "<group>";
		};
		FEFD7D071C1F0D8B001B5D30 /* Category */ = {
			isa = PBXGroup;
			children = (
				FEFD7D081C1F0D8B001B5D30 /* Foundation+Log.m */,
				FEFD7D091C1F0D8B001B5D30 /* NSDate+Extension.h */,
				FEFD7D0A1C1F0D8B001B5D30 /* NSDate+Extension.m */,
				FEFD7D0B1C1F0D8B001B5D30 /* NSString+Category.h */,
				FEFD7D0C1C1F0D8B001B5D30 /* NSString+Category.m */,
				FEFD7D0D1C1F0D8B001B5D30 /* NSString+Emoji.h */,
				FEFD7D0E1C1F0D8B001B5D30 /* NSString+Emoji.m */,
				FEFD7D0F1C1F0D8B001B5D30 /* UIBarButtonItem+Extension.h */,
				FEFD7D101C1F0D8B001B5D30 /* UIBarButtonItem+Extension.m */,
				FEFD7D111C1F0D8B001B5D30 /* UIImage+Category.h */,
				FEFD7D121C1F0D8B001B5D30 /* UIImage+Category.m */,
				FEFD7D131C1F0D8B001B5D30 /* UITextView+Category.h */,
				FEFD7D141C1F0D8B001B5D30 /* UITextView+Category.m */,
				FEFD7D151C1F0D8B001B5D30 /* UIView+Extension.h */,
				FEFD7D161C1F0D8B001B5D30 /* UIView+Extension.m */,
				FEFD7D171C1F0D8B001B5D30 /* UIWindow+Category.h */,
				FEFD7D181C1F0D8B001B5D30 /* UIWindow+Category.m */,
			);
			path = Category;
			sourceTree = "<group>";
		};
/* End PBXGroup section */

/* Begin PBXNativeTarget section */
		FED4D2001C1D308600CF9E4C /* TFWeibo */ = {
			isa = PBXNativeTarget;
			buildConfigurationList = FED4D22E1C1D308600CF9E4C /* Build configuration list for PBXNativeTarget "TFWeibo" */;
			buildPhases = (
				8F301446EEF2575F5B3D1C27 /* Check Pods Manifest.lock */,
				FED4D1FD1C1D308600CF9E4C /* Sources */,
				FED4D1FE1C1D308600CF9E4C /* Frameworks */,
				FED4D1FF1C1D308600CF9E4C /* Resources */,
				8552CEF4C446106DBD0E09C3 /* Copy Pods Resources */,
			);
			buildRules = (
			);
			dependencies = (
			);
			name = TFWeibo;
			productName = TFWeibo;
			productReference = FED4D2011C1D308600CF9E4C /* TFWeibo.app */;
			productType = "com.apple.product-type.application";
		};
		FED4D2191C1D308600CF9E4C /* TFWeiboTests */ = {
			isa = PBXNativeTarget;
			buildConfigurationList = FED4D2311C1D308600CF9E4C /* Build configuration list for PBXNativeTarget "TFWeiboTests" */;
			buildPhases = (
				FED4D2161C1D308600CF9E4C /* Sources */,
				FED4D2171C1D308600CF9E4C /* Frameworks */,
				FED4D2181C1D308600CF9E4C /* Resources */,
			);
			buildRules = (
			);
			dependencies = (
				FED4D21C1C1D308600CF9E4C /* PBXTargetDependency */,
			);
			name = TFWeiboTests;
			productName = TFWeiboTests;
			productReference = FED4D21A1C1D308600CF9E4C /* TFWeiboTests.xctest */;
			productType = "com.apple.product-type.bundle.unit-test";
		};
		FED4D2241C1D308600CF9E4C /* TFWeiboUITests */ = {
			isa = PBXNativeTarget;
			buildConfigurationList = FED4D2341C1D308600CF9E4C /* Build configuration list for PBXNativeTarget "TFWeiboUITests" */;
			buildPhases = (
				FED4D2211C1D308600CF9E4C /* Sources */,
				FED4D2221C1D308600CF9E4C /* Frameworks */,
				FED4D2231C1D308600CF9E4C /* Resources */,
			);
			buildRules = (
			);
			dependencies = (
				FED4D2271C1D308600CF9E4C /* PBXTargetDependency */,
			);
			name = TFWeiboUITests;
			productName = TFWeiboUITests;
			productReference = FED4D2251C1D308600CF9E4C /* TFWeiboUITests.xctest */;
			productType = "com.apple.product-type.bundle.ui-testing";
		};
/* End PBXNativeTarget section */

/* Begin PBXProject section */
		FED4D1F91C1D308600CF9E4C /* Project object */ = {
			isa = PBXProject;
			attributes = {
				LastUpgradeCheck = 0710;
				ORGANIZATIONNAME = tengfei;
				TargetAttributes = {
					FED4D2001C1D308600CF9E4C = {
						CreatedOnToolsVersion = 7.1;
					};
					FED4D2191C1D308600CF9E4C = {
						CreatedOnToolsVersion = 7.1;
						TestTargetID = FED4D2001C1D308600CF9E4C;
					};
					FED4D2241C1D308600CF9E4C = {
						CreatedOnToolsVersion = 7.1;
						TestTargetID = FED4D2001C1D308600CF9E4C;
					};
				};
			};
			buildConfigurationList = FED4D1FC1C1D308600CF9E4C /* Build configuration list for PBXProject "TFWeibo" */;
			compatibilityVersion = "Xcode 3.2";
			developmentRegion = English;
			hasScannedForEncodings = 0;
			knownRegions = (
				en,
				Base,
			);
			mainGroup = FED4D1F81C1D308600CF9E4C;
			productRefGroup = FED4D2021C1D308600CF9E4C /* Products */;
			projectDirPath = "";
			projectRoot = "";
			targets = (
				FED4D2001C1D308600CF9E4C /* TFWeibo */,
				FED4D2191C1D308600CF9E4C /* TFWeiboTests */,
				FED4D2241C1D308600CF9E4C /* TFWeiboUITests */,
			);
		};
/* End PBXProject section */

/* Begin PBXResourcesBuildPhase section */
		FED4D1FF1C1D308600CF9E4C /* Resources */ = {
			isa = PBXResourcesBuildPhase;
			buildActionMask = 2147483647;
			files = (
				FED4D2141C1D308600CF9E4C /* LaunchScreen.storyboard in Resources */,
				FED4D2111C1D308600CF9E4C /* Assets.xcassets in Resources */,
				FED4D20F1C1D308600CF9E4C /* Main.storyboard in Resources */,
			);
			runOnlyForDeploymentPostprocessing = 0;
		};
		FED4D2181C1D308600CF9E4C /* Resources */ = {
			isa = PBXResourcesBuildPhase;
			buildActionMask = 2147483647;
			files = (
			);
			runOnlyForDeploymentPostprocessing = 0;
		};
		FED4D2231C1D308600CF9E4C /* Resources */ = {
			isa = PBXResourcesBuildPhase;
			buildActionMask = 2147483647;
			files = (
			);
			runOnlyForDeploymentPostprocessing = 0;
		};
/* End PBXResourcesBuildPhase section */

/* Begin PBXShellScriptBuildPhase section */
		8552CEF4C446106DBD0E09C3 /* Copy Pods Resources */ = {
			isa = PBXShellScriptBuildPhase;
			buildActionMask = 2147483647;
			files = (
			);
			inputPaths = (
			);
			name = "Copy Pods Resources";
			outputPaths = (
			);
			runOnlyForDeploymentPostprocessing = 0;
			shellPath = /bin/sh;
			shellScript = "\"${SRCROOT}/Pods/Target Support Files/Pods/Pods-resources.sh\"\n";
			showEnvVarsInLog = 0;
		};
		8F301446EEF2575F5B3D1C27 /* Check Pods Manifest.lock */ = {
			isa = PBXShellScriptBuildPhase;
			buildActionMask = 2147483647;
			files = (
			);
			inputPaths = (
			);
			name = "Check Pods Manifest.lock";
			outputPaths = (
			);
			runOnlyForDeploymentPostprocessing = 0;
			shellPath = /bin/sh;
			shellScript = "diff \"${PODS_ROOT}/../Podfile.lock\" \"${PODS_ROOT}/Manifest.lock\" > /dev/null\nif [[ $? != 0 ]] ; then\n    cat << EOM\nerror: The sandbox is not in sync with the Podfile.lock. Run 'pod install' or update your CocoaPods installation.\nEOM\n    exit 1\nfi\n";
			showEnvVarsInLog = 0;
		};
/* End PBXShellScriptBuildPhase section */

/* Begin PBXSourcesBuildPhase section */
		FED4D1FD1C1D308600CF9E4C /* Sources */ = {
			isa = PBXSourcesBuildPhase;
			buildActionMask = 2147483647;
			files = (
				FEFD7D201C1F0D8B001B5D30 /* UIView+Extension.m in Sources */,
				FEFD7D1D1C1F0D8B001B5D30 /* UIBarButtonItem+Extension.m in Sources */,
				FEFD7D2A1C20DBB6001B5D30 /* OAuthController.m in Sources */,
				FEFD7D1F1C1F0D8B001B5D30 /* UITextView+Category.m in Sources */,
				FED4D20C1C1D308600CF9E4C /* ViewController.m in Sources */,
				FEFD7CE21C1F05F0001B5D30 /* RDVTabBarController.m in Sources */,
				FED4D2091C1D308600CF9E4C /* AppDelegate.m in Sources */,
				FEFD7D1C1C1F0D8B001B5D30 /* NSString+Emoji.m in Sources */,
				FEFD7D1B1C1F0D8B001B5D30 /* NSString+Category.m in Sources */,
				FEFD7D061C1F09CA001B5D30 /* RootTabViewController.m in Sources */,
				FEFD7D241C1F0DC6001B5D30 /* BaseTabBarController.m in Sources */,
				FEFD7CE11C1F05F0001B5D30 /* RDVTabBar.m in Sources */,
				FED4D2061C1D308600CF9E4C /* main.m in Sources */,
				FEFD7CE31C1F05F0001B5D30 /* RDVTabBarItem.m in Sources */,
				FEFD7D191C1F0D8B001B5D30 /* Foundation+Log.m in Sources */,
				FEFD7D271C205276001B5D30 /* BaseNavigationController.m in Sources */,
				FEFD7D211C1F0D8B001B5D30 /* UIWindow+Category.m in Sources */,
				FEFD7D1A1C1F0D8B001B5D30 /* NSDate+Extension.m in Sources */,
				FEFD7D1E1C1F0D8B001B5D30 /* UIImage+Category.m in Sources */,
			);
			runOnlyForDeploymentPostprocessing = 0;
		};
		FED4D2161C1D308600CF9E4C /* Sources */ = {
			isa = PBXSourcesBuildPhase;
			buildActionMask = 2147483647;
			files = (
				FED4D21F1C1D308600CF9E4C /* TFWeiboTests.m in Sources */,
			);
			runOnlyForDeploymentPostprocessing = 0;
		};
		FED4D2211C1D308600CF9E4C /* Sources */ = {
			isa = PBXSourcesBuildPhase;
			buildActionMask = 2147483647;
			files = (
				FED4D22A1C1D308600CF9E4C /* TFWeiboUITests.m in Sources */,
			);
			runOnlyForDeploymentPostprocessing = 0;
		};
/* End PBXSourcesBuildPhase section */

/* Begin PBXTargetDependency section */
		FED4D21C1C1D308600CF9E4C /* PBXTargetDependency */ = {
			isa = PBXTargetDependency;
			target = FED4D2001C1D308600CF9E4C /* TFWeibo */;
			targetProxy = FED4D21B1C1D308600CF9E4C /* PBXContainerItemProxy */;
		};
		FED4D2271C1D308600CF9E4C /* PBXTargetDependency */ = {
			isa = PBXTargetDependency;
			target = FED4D2001C1D308600CF9E4C /* TFWeibo */;
			targetProxy = FED4D2261C1D308600CF9E4C /* PBXContainerItemProxy */;
		};
/* End PBXTargetDependency section */

/* Begin PBXVariantGroup section */
		FED4D20D1C1D308600CF9E4C /* Main.storyboard */ = {
			isa = PBXVariantGroup;
			children = (
				FED4D20E1C1D308600CF9E4C /* Base */,
			);
			name = Main.storyboard;
			sourceTree = "<group>";
		};
		FED4D2121C1D308600CF9E4C /* LaunchScreen.storyboard */ = {
			isa = PBXVariantGroup;
			children = (
				FED4D2131C1D308600CF9E4C /* Base */,
			);
			name = LaunchScreen.storyboard;
			sourceTree = "<group>";
		};
/* End PBXVariantGroup section */

/* Begin XCBuildConfiguration section */
		FED4D22C1C1D308600CF9E4C /* Debug */ = {
			isa = XCBuildConfiguration;
			buildSettings = {
				ALWAYS_SEARCH_USER_PATHS = NO;
				CLANG_CXX_LANGUAGE_STANDARD = "gnu++0x";
				CLANG_CXX_LIBRARY = "libc++";
				CLANG_ENABLE_MODULES = YES;
				CLANG_ENABLE_OBJC_ARC = YES;
				CLANG_WARN_BOOL_CONVERSION = YES;
				CLANG_WARN_CONSTANT_CONVERSION = YES;
				CLANG_WARN_DIRECT_OBJC_ISA_USAGE = YES_ERROR;
				CLANG_WARN_EMPTY_BODY = YES;
				CLANG_WARN_ENUM_CONVERSION = YES;
				CLANG_WARN_INT_CONVERSION = YES;
				CLANG_WARN_OBJC_ROOT_CLASS = YES_ERROR;
				CLANG_WARN_UNREACHABLE_CODE = YES;
				CLANG_WARN__DUPLICATE_METHOD_MATCH = YES;
				"CODE_SIGN_IDENTITY[sdk=iphoneos*]" = "iPhone Developer";
				COPY_PHASE_STRIP = NO;
				DEBUG_INFORMATION_FORMAT = dwarf;
				ENABLE_STRICT_OBJC_MSGSEND = YES;
				ENABLE_TESTABILITY = YES;
				GCC_C_LANGUAGE_STANDARD = gnu99;
				GCC_DYNAMIC_NO_PIC = NO;
				GCC_NO_COMMON_BLOCKS = YES;
				GCC_OPTIMIZATION_LEVEL = 0;
				GCC_PREPROCESSOR_DEFINITIONS = (
					"DEBUG=1",
					"$(inherited)",
				);
				GCC_WARN_64_TO_32_BIT_CONVERSION = YES;
				GCC_WARN_ABOUT_RETURN_TYPE = YES_ERROR;
				GCC_WARN_UNDECLARED_SELECTOR = YES;
				GCC_WARN_UNINITIALIZED_AUTOS = YES_AGGRESSIVE;
				GCC_WARN_UNUSED_FUNCTION = YES;
				GCC_WARN_UNUSED_VARIABLE = YES;
				IPHONEOS_DEPLOYMENT_TARGET = 9.1;
				MTL_ENABLE_DEBUG_INFO = YES;
				ONLY_ACTIVE_ARCH = YES;
				SDKROOT = iphoneos;
				TARGETED_DEVICE_FAMILY = "1,2";
			};
			name = Debug;
		};
		FED4D22D1C1D308600CF9E4C /* Release */ = {
			isa = XCBuildConfiguration;
			buildSettings = {
				ALWAYS_SEARCH_USER_PATHS = NO;
				CLANG_CXX_LANGUAGE_STANDARD = "gnu++0x";
				CLANG_CXX_LIBRARY = "libc++";
				CLANG_ENABLE_MODULES = YES;
				CLANG_ENABLE_OBJC_ARC = YES;
				CLANG_WARN_BOOL_CONVERSION = YES;
				CLANG_WARN_CONSTANT_CONVERSION = YES;
				CLANG_WARN_DIRECT_OBJC_ISA_USAGE = YES_ERROR;
				CLANG_WARN_EMPTY_BODY = YES;
				CLANG_WARN_ENUM_CONVERSION = YES;
				CLANG_WARN_INT_CONVERSION = YES;
				CLANG_WARN_OBJC_ROOT_CLASS = YES_ERROR;
				CLANG_WARN_UNREACHABLE_CODE = YES;
				CLANG_WARN__DUPLICATE_METHOD_MATCH = YES;
				"CODE_SIGN_IDENTITY[sdk=iphoneos*]" = "iPhone Developer";
				COPY_PHASE_STRIP = NO;
				DEBUG_INFORMATION_FORMAT = "dwarf-with-dsym";
				ENABLE_NS_ASSERTIONS = NO;
				ENABLE_STRICT_OBJC_MSGSEND = YES;
				GCC_C_LANGUAGE_STANDARD = gnu99;
				GCC_NO_COMMON_BLOCKS = YES;
				GCC_WARN_64_TO_32_BIT_CONVERSION = YES;
				GCC_WARN_ABOUT_RETURN_TYPE = YES_ERROR;
				GCC_WARN_UNDECLARED_SELECTOR = YES;
				GCC_WARN_UNINITIALIZED_AUTOS = YES_AGGRESSIVE;
				GCC_WARN_UNUSED_FUNCTION = YES;
				GCC_WARN_UNUSED_VARIABLE = YES;
				IPHONEOS_DEPLOYMENT_TARGET = 9.1;
				MTL_ENABLE_DEBUG_INFO = NO;
				SDKROOT = iphoneos;
				TARGETED_DEVICE_FAMILY = "1,2";
				VALIDATE_PRODUCT = YES;
			};
			name = Release;
		};
		FED4D22F1C1D308600CF9E4C /* Debug */ = {
			isa = XCBuildConfiguration;
			baseConfigurationReference = 9DFD8F6DA639B359EC0C2475 /* Pods.debug.xcconfig */;
			buildSettings = {
				ASSETCATALOG_COMPILER_APPICON_NAME = AppIcon;
				GCC_PREFIX_HEADER = "$(SRCROOT)/TFWeibo/PrefixHeader.pch";
				INFOPLIST_FILE = TFWeibo/Info.plist;
				IPHONEOS_DEPLOYMENT_TARGET = 8.0;
				LD_RUNPATH_SEARCH_PATHS = "$(inherited) @executable_path/Frameworks";
				PRODUCT_BUNDLE_IDENTIFIER = com.ftf.weibo.TFWeibo;
				PRODUCT_NAME = "$(TARGET_NAME)";
			};
			name = Debug;
		};
		FED4D2301C1D308600CF9E4C /* Release */ = {
			isa = XCBuildConfiguration;
			baseConfigurationReference = 85A4A4AE63245408539F2763 /* Pods.release.xcconfig */;
			buildSettings = {
				ASSETCATALOG_COMPILER_APPICON_NAME = AppIcon;
				GCC_PREFIX_HEADER = "$(SRCROOT)/TFWeibo/PrefixHeader.pch";
				INFOPLIST_FILE = TFWeibo/Info.plist;
				IPHONEOS_DEPLOYMENT_TARGET = 8.0;
				LD_RUNPATH_SEARCH_PATHS = "$(inherited) @executable_path/Frameworks";
				PRODUCT_BUNDLE_IDENTIFIER = com.ftf.weibo.TFWeibo;
				PRODUCT_NAME = "$(TARGET_NAME)";
			};
			name = Release;
		};
		FED4D2321C1D308600CF9E4C /* Debug */ = {
			isa = XCBuildConfiguration;
			buildSettings = {
				BUNDLE_LOADER = "$(TEST_HOST)";
				INFOPLIST_FILE = TFWeiboTests/Info.plist;
				LD_RUNPATH_SEARCH_PATHS = "$(inherited) @executable_path/Frameworks @loader_path/Frameworks";
				PRODUCT_BUNDLE_IDENTIFIER = com.ftf.weibo.TFWeiboTests;
				PRODUCT_NAME = "$(TARGET_NAME)";
				TEST_HOST = "$(BUILT_PRODUCTS_DIR)/TFWeibo.app/TFWeibo";
			};
			name = Debug;
		};
		FED4D2331C1D308600CF9E4C /* Release */ = {
			isa = XCBuildConfiguration;
			buildSettings = {
				BUNDLE_LOADER = "$(TEST_HOST)";
				INFOPLIST_FILE = TFWeiboTests/Info.plist;
				LD_RUNPATH_SEARCH_PATHS = "$(inherited) @executable_path/Frameworks @loader_path/Frameworks";
				PRODUCT_BUNDLE_IDENTIFIER = com.ftf.weibo.TFWeiboTests;
				PRODUCT_NAME = "$(TARGET_NAME)";
				TEST_HOST = "$(BUILT_PRODUCTS_DIR)/TFWeibo.app/TFWeibo";
			};
			name = Release;
		};
		FED4D2351C1D308600CF9E4C /* Debug */ = {
			isa = XCBuildConfiguration;
			buildSettings = {
				INFOPLIST_FILE = TFWeiboUITests/Info.plist;
				LD_RUNPATH_SEARCH_PATHS = "$(inherited) @executable_path/Frameworks @loader_path/Frameworks";
				PRODUCT_BUNDLE_IDENTIFIER = com.ftf.weibo.TFWeiboUITests;
				PRODUCT_NAME = "$(TARGET_NAME)";
				TEST_TARGET_NAME = TFWeibo;
				USES_XCTRUNNER = YES;
			};
			name = Debug;
		};
		FED4D2361C1D308600CF9E4C /* Release */ = {
			isa = XCBuildConfiguration;
			buildSettings = {
				INFOPLIST_FILE = TFWeiboUITests/Info.plist;
				LD_RUNPATH_SEARCH_PATHS = "$(inherited) @executable_path/Frameworks @loader_path/Frameworks";
				PRODUCT_BUNDLE_IDENTIFIER = com.ftf.weibo.TFWeiboUITests;
				PRODUCT_NAME = "$(TARGET_NAME)";
				TEST_TARGET_NAME = TFWeibo;
				USES_XCTRUNNER = YES;
			};
			name = Release;
		};
/* End XCBuildConfiguration section */

/* Begin XCConfigurationList section */
		FED4D1FC1C1D308600CF9E4C /* Build configuration list for PBXProject "TFWeibo" */ = {
			isa = XCConfigurationList;
			buildConfigurations = (
				FED4D22C1C1D308600CF9E4C /* Debug */,
				FED4D22D1C1D308600CF9E4C /* Release */,
			);
			defaultConfigurationIsVisible = 0;
			defaultConfigurationName = Release;
		};
		FED4D22E1C1D308600CF9E4C /* Build configuration list for PBXNativeTarget "TFWeibo" */ = {
			isa = XCConfigurationList;
			buildConfigurations = (
				FED4D22F1C1D308600CF9E4C /* Debug */,
				FED4D2301C1D308600CF9E4C /* Release */,
			);
			defaultConfigurationIsVisible = 0;
			defaultConfigurationName = Release;
		};
		FED4D2311C1D308600CF9E4C /* Build configuration list for PBXNativeTarget "TFWeiboTests" */ = {
			isa = XCConfigurationList;
			buildConfigurations = (
				FED4D2321C1D308600CF9E4C /* Debug */,
				FED4D2331C1D308600CF9E4C /* Release */,
			);
			defaultConfigurationIsVisible = 0;
			defaultConfigurationName = Release;
		};
		FED4D2341C1D308600CF9E4C /* Build configuration list for PBXNativeTarget "TFWeiboUITests" */ = {
			isa = XCConfigurationList;
			buildConfigurations = (
				FED4D2351C1D308600CF9E4C /* Debug */,
				FED4D2361C1D308600CF9E4C /* Release */,
			);
			defaultConfigurationIsVisible = 0;
			defaultConfigurationName = Release;
		};
/* End XCConfigurationList section */
	};
	rootObject = FED4D1F91C1D308600CF9E4C /* Project object */;
}
